# This file is generated by running "yarn install" inside your project.
# Manual changes might be lost - proceed with caution!

__metadata:
  version: 4
  cacheKey: 7

"@babel/helper-plugin-utils@npm:^7.0.0, @babel/helper-plugin-utils@npm:^7.14.5":
  version: 7.14.5
  resolution: "@babel/helper-plugin-utils@npm:7.14.5"
  checksum: 76404ef3aadc25879f7b4c5945bafcca935d4af0cf451a95ff9f131f29ac3dc589e2ed19904ce746c7cf6c2a8a7ea33fa4eaf881b9b272d31f2be91984f505d6
  languageName: node
  linkType: hard

"@babel/plugin-syntax-flow@npm:^7.14.5":
  version: 7.14.5
  resolution: "@babel/plugin-syntax-flow@npm:7.14.5"
  dependencies:
    "@babel/helper-plugin-utils": ^7.14.5
  peerDependencies:
    "@babel/core": ^7.0.0-0
  checksum: 18cdeb6aa2d186b16c3886136b08578690cfaadaf9670ee26f7b981251247e5c92f6652f0e5a978cb5470024bca78e3827922ce7f49758103ee0c004e247c681
  languageName: node
  linkType: hard

"@babel/plugin-transform-flow-strip-types@npm:^7.0.0":
  version: 7.14.5
  resolution: "@babel/plugin-transform-flow-strip-types@npm:7.14.5"
  dependencies:
    "@babel/helper-plugin-utils": ^7.14.5
    "@babel/plugin-syntax-flow": ^7.14.5
  peerDependencies:
    "@babel/core": ^7.0.0-0
  checksum: b217fb548b4879b98d28cea6740bd7dff1d35b738126019da08439ae59f377e4e5db1d3f574c2a88a3e3323051043734eef09b9c24aaabaa1a8fffc0dd096bcc
  languageName: node
  linkType: hard

"@babel/preset-flow@npm:7.0.0":
  version: 7.0.0
  resolution: "@babel/preset-flow@npm:7.0.0"
  dependencies:
    "@babel/helper-plugin-utils": ^7.0.0
    "@babel/plugin-transform-flow-strip-types": ^7.0.0
  peerDependencies:
    "@babel/core": ^7.0.0-0
  checksum: 2945fb5706d78ae5ea4456283c0b8a391e04f308f4fa132ec3f19c0899889e32addd8c5e7b93f8a2712ad15652353b303118f540adba879e83d23ea143b62432
  languageName: node
  linkType: hard

"root-workspace-0b6124@workspace:.":
  version: 0.0.0-use.local
  resolution: "root-workspace-0b6124@workspace:."
  dependencies:
    "@babel/preset-flow": 7.0.0
  languageName: unknown
  linkType: soft
