# This file is generated by running "yarn install" inside your project.
# Manual changes might be lost - proceed with caution!

__metadata:
  version: 4
  cacheKey: 7

"@babel/code-frame@npm:^7.16.7":
  version: 7.16.7
  resolution: "@babel/code-frame@npm:7.16.7"
  dependencies:
    "@babel/highlight": ^7.16.7
  checksum: 79eb7c3207b05c19927e45dd1cc179a3bac1bfa31cfde1708f7acc78cad5993a28837bd9abdad08fddb9ff757dd183dccb7c7fc1af8a0c2a38570b9a5c38400b
  languageName: node
  linkType: hard

"@babel/compat-data@npm:^7.16.4":
  version: 7.16.4
  resolution: "@babel/compat-data@npm:7.16.4"
  checksum: 5735fb9156d2ddb795404fa5259e23f34c0d6bd0f1fd4924b0ba3f55d59b71a1eccecc98a7a7deffa44fd57275c7024f5ea89fd4c1a5320cec61e0dd96bf9cf4
  languageName: node
  linkType: hard

"@babel/core@npm:7.16.7, @babel/core@npm:^7.0.0":
  version: 7.16.7
  resolution: "@babel/core@npm:7.16.7"
  dependencies:
    "@babel/code-frame": ^7.16.7
    "@babel/generator": ^7.16.7
    "@babel/helper-compilation-targets": ^7.16.7
    "@babel/helper-module-transforms": ^7.16.7
    "@babel/helpers": ^7.16.7
    "@babel/parser": ^7.16.7
    "@babel/template": ^7.16.7
    "@babel/traverse": ^7.16.7
    "@babel/types": ^7.16.7
    convert-source-map: ^1.7.0
    debug: ^4.1.0
    gensync: ^1.0.0-beta.2
    json5: ^2.1.2
    semver: ^6.3.0
    source-map: ^0.5.0
  checksum: 7f3b8dbae863c32ce7bc55679fc3a39e38518c759ef26bd4fde0ef265408f888d9e31d378417016a94a997995cb9f044c04497cd2ddf33afa2b544bfcd5e7434
  languageName: node
  linkType: hard

"@babel/generator@npm:^7.16.7":
  version: 7.16.7
  resolution: "@babel/generator@npm:7.16.7"
  dependencies:
    "@babel/types": ^7.16.7
    jsesc: ^2.5.1
    source-map: ^0.5.0
  checksum: 1df435d689cad5393ac9641d9c9d26106ba8391ece63afab00bcb33647b0db9f13928e987f2666f43fda3656112e0cc01c001091236e5f29891d9b98c44be089
  languageName: node
  linkType: hard

"@babel/helper-compilation-targets@npm:^7.16.7":
  version: 7.16.7
  resolution: "@babel/helper-compilation-targets@npm:7.16.7"
  dependencies:
    "@babel/compat-data": ^7.16.4
    "@babel/helper-validator-option": ^7.16.7
    browserslist: ^4.17.5
    semver: ^6.3.0
  peerDependencies:
    "@babel/core": ^7.0.0
  checksum: f7da620a08109ef59c8a48d79b402221dcf8b4fb5b26bf3822e1f7663a7a2e3b5d3808ce3a43875e106e88cb582f03c04abb1b3fa6a52ba03f5192bb667346b4
  languageName: node
  linkType: hard

"@babel/helper-environment-visitor@npm:^7.16.7":
  version: 7.16.7
  resolution: "@babel/helper-environment-visitor@npm:7.16.7"
  dependencies:
    "@babel/types": ^7.16.7
  checksum: da3195cad9c65b90ed05b3e3c0b084de4666380442c4a4d3b88921907163e621ff593a4f4479f167a1e3f0b5ca6b46843b2a939dc5f8ee8805d5a33f1742ae39
  languageName: node
  linkType: hard

"@babel/helper-function-name@npm:^7.16.7":
  version: 7.16.7
  resolution: "@babel/helper-function-name@npm:7.16.7"
  dependencies:
    "@babel/helper-get-function-arity": ^7.16.7
    "@babel/template": ^7.16.7
    "@babel/types": ^7.16.7
  checksum: 919e9f34f4729b1e0f8205ee23d6327641d618bbe3ba4cae9be894aabc93f81cf0b783f7dfff45159f5e72ad224e15c7184a9a22aa8df6a1788bbd059b0d1d12
  languageName: node
  linkType: hard

"@babel/helper-get-function-arity@npm:^7.16.7":
  version: 7.16.7
  resolution: "@babel/helper-get-function-arity@npm:7.16.7"
  dependencies:
    "@babel/types": ^7.16.7
  checksum: 1dfbdb56ef398867fa36272237ab4f5aa4208cb27d015972f1b61e9cb59ff48389900e2a4a1d1211401f490abb2161ad05fcf74fe00e4473e3903636e459b00d
  languageName: node
  linkType: hard

"@babel/helper-hoist-variables@npm:^7.16.7":
  version: 7.16.7
  resolution: "@babel/helper-hoist-variables@npm:7.16.7"
  dependencies:
    "@babel/types": ^7.16.7
  checksum: d9f544a8b9a9f3dbf6cf8d2b7cfb4692ad3ded6e65f1a6ccefd8fd6cb271d102e2a4ef0a84aaafccc3c7ad763bc4599adfa6f90d6828d40e6c3f11d960bd657b
  languageName: node
  linkType: hard

"@babel/helper-module-imports@npm:^7.16.7":
  version: 7.16.7
  resolution: "@babel/helper-module-imports@npm:7.16.7"
  dependencies:
    "@babel/types": ^7.16.7
  checksum: 5248e9ccce3e9c8b542b58d5c086fa238543b833298fa19f40439617b689fd3ac675f4aa946fd0f94f3bb824a8b57d7292af9cbf10549dfbfda18a0a2a9c79b6
  languageName: node
  linkType: hard

"@babel/helper-module-transforms@npm:^7.16.7":
  version: 7.16.7
  resolution: "@babel/helper-module-transforms@npm:7.16.7"
  dependencies:
    "@babel/helper-environment-visitor": ^7.16.7
    "@babel/helper-module-imports": ^7.16.7
    "@babel/helper-simple-access": ^7.16.7
    "@babel/helper-split-export-declaration": ^7.16.7
    "@babel/helper-validator-identifier": ^7.16.7
    "@babel/template": ^7.16.7
    "@babel/traverse": ^7.16.7
    "@babel/types": ^7.16.7
  checksum: 79e70c79e62d91b0e9b4b1be201cd0ff890232638fee69f74104e9f9e295213dc327bbb966af0719dcf063986380232cdadf89f95a1e6b8402a8d1dfd8441797
  languageName: node
  linkType: hard

"@babel/helper-plugin-utils@npm:^7.16.7":
  version: 7.16.7
  resolution: "@babel/helper-plugin-utils@npm:7.16.7"
  checksum: bad83930f7e3777ef543591396c60532321e9a355c4c5ae605a072e0b8753df587aa4b8038efb40528e134ee1aeee6e03c6f1b8852a2fb2948cab4e282838ede
  languageName: node
  linkType: hard

"@babel/helper-simple-access@npm:^7.16.7":
  version: 7.16.7
  resolution: "@babel/helper-simple-access@npm:7.16.7"
  dependencies:
    "@babel/types": ^7.16.7
  checksum: f7c7e1fa7755e353a1e1cf91c0338b94f4485390afb875aa2d1c569109d40a29ad1b1d1cee81b41d4a8b0d298945748920a6201a6c74fd14ab1d49654d120405
  languageName: node
  linkType: hard

"@babel/helper-split-export-declaration@npm:^7.16.7":
  version: 7.16.7
  resolution: "@babel/helper-split-export-declaration@npm:7.16.7"
  dependencies:
    "@babel/types": ^7.16.7
  checksum: a259453a633d66c4a59cb2e260c3e4ac5c830677dba5bcc4055a15c68ac8e35f1b2f6e27ff4e25b0799fc14a0ecdfcfd32a5d24d019fd20ae44fe82efca060be
  languageName: node
  linkType: hard

"@babel/helper-validator-identifier@npm:^7.16.7":
  version: 7.16.7
  resolution: "@babel/helper-validator-identifier@npm:7.16.7"
  checksum: 43b4b4b721c8a9c0b9bb62f85c9bde572eb0cffc80e3b615a9018e38d7f878db047f754fb342642e4e8abbb42026c37d32c5e077a3289ee2b9a4b91a8f6b014b
  languageName: node
  linkType: hard

"@babel/helper-validator-option@npm:^7.16.7":
  version: 7.16.7
  resolution: "@babel/helper-validator-option@npm:7.16.7"
  checksum: e446b2cab75b1691db82763f5e7d4f75112b1ff665ce3f35226f7adadf366762de956a7e386db31b7df46968c6714abd76bdfecc67b29d842fcfca8d8aa4273f
  languageName: node
  linkType: hard

"@babel/helpers@npm:^7.16.7":
  version: 7.16.7
  resolution: "@babel/helpers@npm:7.16.7"
  dependencies:
    "@babel/template": ^7.16.7
    "@babel/traverse": ^7.16.7
    "@babel/types": ^7.16.7
  checksum: 02775b84dd2bc42064740940bc2ce6372a21fd713b21191c11d8d57a0a7dedb740b6b8f8ca925a1b7efc675f301fa962131369398c8dc8093d338ff95afe6d17
  languageName: node
  linkType: hard

"@babel/highlight@npm:^7.16.7":
  version: 7.16.7
  resolution: "@babel/highlight@npm:7.16.7"
  dependencies:
    "@babel/helper-validator-identifier": ^7.16.7
    chalk: ^2.0.0
    js-tokens: ^4.0.0
  checksum: fa1ee4f97fafd3103fcc57fbd1c0f7d4d3230e56f24f71cc34773a258197d02647c8f0af2616c98fa57947715701c489b06a8655d03e106012ac7d4fdf280f2b
  languageName: node
  linkType: hard

"@babel/parser@npm:^7.16.7":
  version: 7.16.7
  resolution: "@babel/parser@npm:7.16.7"
  bin:
    parser: ./bin/babel-parser.js
  checksum: 30649fa88535a1f472f746bda107c77d2ec1d3c398d9ce8d78afa53b8a28b1295ac1bc61bfecee985119efe716e48e6fdc5f15e86456a4fda42f09911aa3e35e
  languageName: node
  linkType: hard

"@babel/plugin-syntax-flow@npm:^7.16.7":
  version: 7.16.7
  resolution: "@babel/plugin-syntax-flow@npm:7.16.7"
  dependencies:
    "@babel/helper-plugin-utils": ^7.16.7
  peerDependencies:
    "@babel/core": ^7.0.0-0
  checksum: 3dd44ebf4896de321fe122a7b54917078e1ed1496bfcf8d6111d5dc93d4d39198889fbb56590f04c02ac7314e88feab077b57e44b281366b31509bbba7c0cc55
  languageName: node
  linkType: hard

"@babel/plugin-transform-flow-strip-types@npm:^7.16.7":
  version: 7.16.7
  resolution: "@babel/plugin-transform-flow-strip-types@npm:7.16.7"
  dependencies:
    "@babel/helper-plugin-utils": ^7.16.7
    "@babel/plugin-syntax-flow": ^7.16.7
  peerDependencies:
    "@babel/core": ^7.0.0-0
  checksum: b7a8b43310e964d19b0eab566d904b0a14efdc2e8b753e5f0e41d590f559679bf51cab7ea954545a0a5989da082fa49c35323943ecf9a9941a2d84a5c82ed428
  languageName: node
  linkType: hard

"@babel/preset-flow@npm:^7.0.0":
  version: 7.16.7
  resolution: "@babel/preset-flow@npm:7.16.7"
  dependencies:
    "@babel/helper-plugin-utils": ^7.16.7
    "@babel/helper-validator-option": ^7.16.7
    "@babel/plugin-transform-flow-strip-types": ^7.16.7
  peerDependencies:
    "@babel/core": ^7.0.0-0
  checksum: 2d3882de9a473f6a91c9c03a99725d248826bbc79f313ef74ee6d5c034882fe3bf394f8d4ae4e71af0de410d17f87e5c085f7b71431b68d05d168dfa32162c39
  languageName: node
  linkType: hard

"@babel/template@npm:^7.16.7":
  version: 7.16.7
  resolution: "@babel/template@npm:7.16.7"
  dependencies:
    "@babel/code-frame": ^7.16.7
    "@babel/parser": ^7.16.7
    "@babel/types": ^7.16.7
  checksum: bfc9a53563f25669051b3945b4151a6497a180cee17fcd33d610b49acad28309022d8074780344fdc818b2a30731f57ac8992719999ab73e8cf598d02656c537
  languageName: node
  linkType: hard

"@babel/traverse@npm:^7.16.7":
  version: 7.16.7
  resolution: "@babel/traverse@npm:7.16.7"
  dependencies:
    "@babel/code-frame": ^7.16.7
    "@babel/generator": ^7.16.7
    "@babel/helper-environment-visitor": ^7.16.7
    "@babel/helper-function-name": ^7.16.7
    "@babel/helper-hoist-variables": ^7.16.7
    "@babel/helper-split-export-declaration": ^7.16.7
    "@babel/parser": ^7.16.7
    "@babel/types": ^7.16.7
    debug: ^4.1.0
    globals: ^11.1.0
  checksum: f76ac301506d361b3bf7076dde8d13446e885adc39cefd7f8cd8464c90747b50775ff476e6dffc22930fef59ea419a7c30db4c9b64a1821203c3271da8b9febf
  languageName: node
  linkType: hard

"@babel/types@npm:^7.16.7, @babel/types@npm:^7.8.3":
  version: 7.16.7
  resolution: "@babel/types@npm:7.16.7"
  dependencies:
    "@babel/helper-validator-identifier": ^7.16.7
    to-fast-properties: ^2.0.0
  checksum: 72a6093b0ae2e4654c560ea12c3c96f688595b9a9e2f36a1d397c8c5f3361578d9b5ad7b618d929f8e0fb3994df226927734731f2b3f17b1d68cd3dde9a1bc60
  languageName: node
  linkType: hard

"ansi-styles@npm:^3.2.1":
  version: 3.2.1
  resolution: "ansi-styles@npm:3.2.1"
  dependencies:
    color-convert: ^1.9.0
  checksum: 456e1c23d9277512a47718da75e7fbb0a5ee215ef893c2f76d6b3efe8fceabc861121b80b0362146f5f995d21a1633f05a19bbf6283ae66ac11dc3b9c0bed779
  languageName: node
  linkType: hard

"browserslist@npm:^4.17.5":
  version: 4.19.1
  resolution: "browserslist@npm:4.19.1"
  dependencies:
    caniuse-lite: ^1.0.30001286
    electron-to-chromium: ^1.4.17
    escalade: ^3.1.1
    node-releases: ^2.0.1
    picocolors: ^1.0.0
  bin:
    browserslist: cli.js
  checksum: 340af7f0527f903445bf6dd3231d2031666db6c262cc56211f8ec2895a6f570152ed17f239331de400d54f823312d9f8e64f186132e0a310e2bcbd94cf7b354b
  languageName: node
  linkType: hard

"caniuse-lite@npm:^1.0.30001286":
  version: 1.0.30001294
  resolution: "caniuse-lite@npm:1.0.30001294"
  checksum: bdc286fe02fff689ad3d34ac7c464d50b03242fc9128cf722ea2f2a645b9706f3fbb9c9e2f24a91e4cd663d0b8d76a4c2489eec3154ebe8601930a5f6498936f
  languageName: node
  linkType: hard

"chalk@npm:^2.0.0":
  version: 2.4.2
  resolution: "chalk@npm:2.4.2"
  dependencies:
    ansi-styles: ^3.2.1
    escape-string-regexp: ^1.0.5
    supports-color: ^5.3.0
  checksum: 22c7b7b5bc761c882bb6516454a1a671923f1c53ff972860065aa0b28a195f230163c1d46ee88bcc7a03e5539177d896457d8bc727de7f244c6e87032743038e
  languageName: node
  linkType: hard

"color-convert@npm:^1.9.0":
  version: 1.9.3
  resolution: "color-convert@npm:1.9.3"
  dependencies:
    color-name: 1.1.3
  checksum: 5f244daa3d1fe1f216d48878c550465067d15268688308554e613b7640a068f96588096d51f0b98b68f15d6ff6bb8ad24e172582ac8c0ad43fa4d3da60fd1b79
  languageName: node
  linkType: hard

"color-name@npm:1.1.3":
  version: 1.1.3
  resolution: "color-name@npm:1.1.3"
  checksum: d8b91bb90aefc05b6ff568cf8889566dcc6269824df6f3c9b8ca842b18d7f4d089c07dc166808d33f22092d4a79167aa56a96a5ff0d21efab548bf44614db43b
  languageName: node
  linkType: hard

"convert-source-map@npm:^1.7.0":
  version: 1.8.0
  resolution: "convert-source-map@npm:1.8.0"
  dependencies:
    safe-buffer: ~5.1.1
  checksum: 09eeb0b4dcc04e26c89a17f08b835a84c9024715dc839c07cff43e87e155011f6837571997bffed64de54832823c5e3931b54b211a369d379efc392a739bc972
  languageName: node
  linkType: hard

"debug@npm:^4.1.0":
  version: 4.3.3
  resolution: "debug@npm:4.3.3"
  dependencies:
    ms: 2.1.2
  peerDependenciesMeta:
    supports-color:
      optional: true
  checksum: 1bceffaa69207300c49f868643a4f637a20dd292fe005fb0d5a625957ee1fe7a4e65c5f4c6f65ce2b1ef30087cf4e327207d4e0554362e4c44574f85328e3b71
  languageName: node
  linkType: hard

"electron-to-chromium@npm:^1.4.17":
  version: 1.4.30
  resolution: "electron-to-chromium@npm:1.4.30"
  checksum: 4b049af0f1096ef04d5786109928bbe2035c3a67516e514648bc80ace9c51a5526b89e3756308048a61de3fd177a5acefe64929fa6c888cd8ef73ab1b3e46828
  languageName: node
  linkType: hard

"escalade@npm:^3.1.1":
  version: 3.1.1
  resolution: "escalade@npm:3.1.1"
  checksum: 1e31ff50d66f47cd0dfffa702061127116ccf9886d1f54a802a7b3bc95b94cab0cbf5b145cc5ac199036df6fd9d1bb24af1fa1bfed87c94879e950fbee5f86d1
  languageName: node
  linkType: hard

"escape-string-regexp@npm:^1.0.5":
  version: 1.0.5
  resolution: "escape-string-regexp@npm:1.0.5"
  checksum: f9484b8b4c8827d816e0fd905c25ed4b561376a9c220e1430403ea84619bf680c76a883a48cff8b8e091daf55d6a497e37479f9787b9f15f3c421b6054289744
  languageName: node
  linkType: hard

"gensync@npm:^1.0.0-beta.2":
  version: 1.0.0-beta.2
  resolution: "gensync@npm:1.0.0-beta.2"
  checksum: d523437689c97b3aba9c5cdeca4677d5fff9a29d620db693fea40d852bad63563110f16979d0170248439dbcd2ecee0780fb2533d3f0519f019081aa10767c60
  languageName: node
  linkType: hard

"globals@npm:^11.1.0":
  version: 11.12.0
  resolution: "globals@npm:11.12.0"
  checksum: 2563d3306a7e646fd9ec484b0ca29bf8847d9dc6ebbe86026f11e31bda04f420f6536c2decbd4cb96350379801d2cce352ab373c40be8b024324775b31f882f9
  languageName: node
  linkType: hard

"has-flag@npm:^3.0.0":
  version: 3.0.0
  resolution: "has-flag@npm:3.0.0"
  checksum: 63aade480d27aeedb3b5b63a2e069d47d0006bf182338d662e7941cdc024e68a28418e0efa8dc5df30db9c4ee2407f39e6ea3f16cfbc6b83848b450826a28aa0
  languageName: node
  linkType: hard

"js-tokens@npm:^4.0.0":
  version: 4.0.0
  resolution: "js-tokens@npm:4.0.0"
  checksum: 1fc4e4667ac2d972aba65148b9cbf9c17566b2394d3504238d8492bbd3e68f496c657eab06b26b40b17db5cac0a34d153a12130e2d2d2bb6dc2cdc8a4764eb1b
  languageName: node
  linkType: hard

"jsesc@npm:^2.5.1":
  version: 2.5.2
  resolution: "jsesc@npm:2.5.2"
  bin:
    jsesc: bin/jsesc
  checksum: ca91ec33d74c55959e4b6fdbfee2af5f38be74a752cf0a982702e3a16239f26c2abbe19f5f84b15592570dda01872e929a90738615bd445f7b9b859781cfcf68
  languageName: node
  linkType: hard

"json5@npm:^2.1.2":
  version: 2.2.0
  resolution: "json5@npm:2.2.0"
  dependencies:
    minimist: ^1.2.5
  bin:
    json5: lib/cli.js
  checksum: 07b1f90c2801dc52df2b0ac8d606cc400a85cda79130e754780fa2ab9805d0fb85a0e61b6a5cdd68e88e5d0c8f9109ec415af08283175556cdccaa8563853908
  languageName: node
  linkType: hard

"minimist@npm:^1.2.5":
  version: 1.2.5
  resolution: "minimist@npm:1.2.5"
  checksum: b77b8590147a4e217ff34266236bc39de23b52e6e33054076991ff674c7397a1380a7bde11111916f16f003a94aaa7e4f3d92595a32189644ff607fabc65a5b6
  languageName: node
  linkType: hard

"ms@npm:2.1.2":
  version: 2.1.2
  resolution: "ms@npm:2.1.2"
  checksum: 9b65fb709bc30c0c07289dcbdb61ca032acbb9ea5698b55fa62e2cebb04c5953f1876a1f3f7f4bc2e91d4bf4d86003f3e207c3bc6ee2f716f99827e62389cd0e
  languageName: node
  linkType: hard

"node-releases@npm:^2.0.1":
  version: 2.0.1
  resolution: "node-releases@npm:2.0.1"
  checksum: 4113fdc41979e65416d84e0cf0456c3097a045dfa0a10196689f07c32de854204e3f4e1631bb06f4e903cc68c12455b8525e92e19956f64364b7202ca93846d6
  languageName: node
  linkType: hard

"picocolors@npm:^1.0.0":
  version: 1.0.0
  resolution: "picocolors@npm:1.0.0"
  checksum: 6616d34dd03bde8881c63402dea34f0b5972845b04b791b234446d4a408bc3d7f932acea3970a6b671d8f5c5aae1b1ce9fc1f89b0ed9a363469cf9da8e916b71
  languageName: node
  linkType: hard

"root-workspace-0b6124@workspace:.":
  version: 0.0.0-use.local
  resolution: "root-workspace-0b6124@workspace:."
  dependencies:
    "@babel/core": ^7.0.0
    "@babel/preset-flow": ^7.0.0
  languageName: unknown
  linkType: soft

"safe-buffer@npm:~5.1.1":
  version: 5.1.2
  resolution: "safe-buffer@npm:5.1.2"
  checksum: 2708587c1b5e70a5e420714ceb59f30f5791c6e831d39812125a008eca63a4ac18578abd020a0776ea497ff03b4543f2b2a223a7b9073bf2d6c7af9ec6829218
  languageName: node
  linkType: hard

"semver@npm:^6.3.0":
  version: 6.3.0
  resolution: "semver@npm:6.3.0"
  bin:
    semver: ./bin/semver.js
  checksum: f0d155c06a67cc7e500c92d929339f1c6efd4ce9fe398aee6acc00a2333489cca0f5b4e76ee7292beba237fcca4b5a3d4a6153471f105f56299801bdab37289f
  languageName: node
  linkType: hard

"source-map@npm:^0.5.0":
  version: 0.5.7
  resolution: "source-map@npm:0.5.7"
  checksum: 737face96577a2184a42f141607fcc2c9db5620cb8517ae8ab3924476defa138fc26b0bab31e98cbd6f19211ecbf78400b59f801ff7a0f87aa9faa79f7433e10
  languageName: node
  linkType: hard

"supports-color@npm:^5.3.0":
  version: 5.5.0
  resolution: "supports-color@npm:5.5.0"
  dependencies:
    has-flag: ^3.0.0
  checksum: edacee6425498440744c418be94b0660181aad2a1828bcf2be85c42bd385da2fd8b2b358d9b62b0c5b03ff5cd3e992458d7b8f879d9fb42f2201fe05a4848a29
  languageName: node
  linkType: hard

"to-fast-properties@npm:^2.0.0":
  version: 2.0.0
  resolution: "to-fast-properties@npm:2.0.0"
  checksum: 40e61984243b183d575a2f3a87d008bd57102115701ee9037fd673e34becf12ee90262631857410169ca82f401a662ed94482235cea8f3b8dea48b87eaabc467
  languageName: node
  linkType: hard
