# This file is generated by running "yarn install" inside your project.
# Manual changes might be lost - proceed with caution!

__metadata:
  version: 10
  cacheKey: 10

"@babel/code-frame@npm:^7.29.7":
  version: 7.29.7
  resolution: "@babel/code-frame@npm:7.29.7"
  dependencies:
    "@babel/helper-validator-identifier": "npm:^7.29.7"
    js-tokens: "npm:^4.0.0"
    picocolors: "npm:^1.1.1"
  checksum: 10/84da552e51a55795a50b3589116edb2f9e368a647d266380683775f18effd9acd4521b0246bebd0b049a7f32af1f87b1e8475d3bcb665f876bd04ade8da99697
  languageName: node
  linkType: hard

"@babel/compat-data@npm:^7.29.7":
  version: 7.29.7
  resolution: "@babel/compat-data@npm:7.29.7"
  checksum: 10/ad2272714087f68970977f6e2b53597a8503fc9c3028c4a91686474bd77a707dd00903cdde4b73788972016d1bad4dc3fa4e5ff38e1ed8f1c3bde1095352973a
  languageName: node
  linkType: hard

"@babel/core@npm:^7.0.0":
  version: 7.29.7
  resolution: "@babel/core@npm:7.29.7"
  dependencies:
    "@babel/code-frame": "npm:^7.29.7"
    "@babel/generator": "npm:^7.29.7"
    "@babel/helper-compilation-targets": "npm:^7.29.7"
    "@babel/helper-module-transforms": "npm:^7.29.7"
    "@babel/helpers": "npm:^7.29.7"
    "@babel/parser": "npm:^7.29.7"
    "@babel/template": "npm:^7.29.7"
    "@babel/traverse": "npm:^7.29.7"
    "@babel/types": "npm:^7.29.7"
    "@jridgewell/remapping": "npm:^2.3.5"
    convert-source-map: "npm:^2.0.0"
    debug: "npm:^4.1.0"
    gensync: "npm:^1.0.0-beta.2"
    json5: "npm:^2.2.3"
    semver: "npm:^6.3.1"
  checksum: 10/38e71cf81db790b0bb2a3a0c8140c2b1c87576b61dc6be676de4fab8c3be871af590a739e8c489fe8e8f9a8e5899fa11e35e59e9e09d40b259c6a675f2f98928
  languageName: node
  linkType: hard

"@babel/generator@npm:^7.29.7":
  version: 7.29.7
  resolution: "@babel/generator@npm:7.29.7"
  dependencies:
    "@babel/parser": "npm:^7.29.7"
    "@babel/types": "npm:^7.29.7"
    "@jridgewell/gen-mapping": "npm:^0.3.12"
    "@jridgewell/trace-mapping": "npm:^0.3.28"
    jsesc: "npm:^3.0.2"
  checksum: 10/60fb0432ebeab791b2d68e5fc49da6f8e8b68bcc4751211ccf08ac0101e9dcaddefd0cbbbd488afb1c1517515c7c3e76f63d9b05d06deaeb008afd499488db9c
  languageName: node
  linkType: hard

"@babel/helper-compilation-targets@npm:^7.29.7":
  version: 7.29.7
  resolution: "@babel/helper-compilation-targets@npm:7.29.7"
  dependencies:
    "@babel/compat-data": "npm:^7.29.7"
    "@babel/helper-validator-option": "npm:^7.29.7"
    browserslist: "npm:^4.24.0"
    lru-cache: "npm:^5.1.1"
    semver: "npm:^6.3.1"
  checksum: 10/af9ed4299ad5cfbe48432a964f37cbbfc200bbeb0f8ba9cbc86448503fa929382d5161d32096274752230c9feb919c9ef595559498833da656fc6a8e24a62383
  languageName: node
  linkType: hard

"@babel/helper-globals@npm:^7.29.7":
  version: 7.29.7
  resolution: "@babel/helper-globals@npm:7.29.7"
  checksum: 10/e53203e87ae24a45f59639edea0c429bc3c63c6d74f1862fe60a35032d89478e7511d2f34855da0fcb65782668d72e59e93d1de5bc00121ba9bc1aa38f1f0ad3
  languageName: node
  linkType: hard

"@babel/helper-module-imports@npm:^7.29.7":
  version: 7.29.7
  resolution: "@babel/helper-module-imports@npm:7.29.7"
  dependencies:
    "@babel/traverse": "npm:^7.29.7"
    "@babel/types": "npm:^7.29.7"
  checksum: 10/28ec6f7efd99588d6eebfb25c9f1ccc34cb0cdb0839c4c0f08b3ec0105ccaefbe7e8b4f651f3f55a4f5c4fcb1d979bd32a9b8ee23e3e62163ea22aaa7ee0dfa1
  languageName: node
  linkType: hard

"@babel/helper-module-transforms@npm:^7.29.7":
  version: 7.29.7
  resolution: "@babel/helper-module-transforms@npm:7.29.7"
  dependencies:
    "@babel/helper-module-imports": "npm:^7.29.7"
    "@babel/helper-validator-identifier": "npm:^7.29.7"
    "@babel/traverse": "npm:^7.29.7"
  peerDependencies:
    "@babel/core": ^7.0.0
  checksum: 10/33251b1fb44d726194a974a0078b1269511d130a2609357ff829b479e9e4dca96ecd5384c534a477095f665ffb01503d3e680699c2002e5b62e6ca1a272f1892
  languageName: node
  linkType: hard

"@babel/helper-plugin-utils@npm:^7.29.7":
  version: 7.29.7
  resolution: "@babel/helper-plugin-utils@npm:7.29.7"
  checksum: 10/6d16929fe5c792bbc8e4d67e18d7c1be69d2f18992deaa3d94dc26541fec662e83cbeeaf7553c6867d068eb7aed4e0d5e3e137c1dd4d5bcfa286f8d772f1f457
  languageName: node
  linkType: hard

"@babel/helper-string-parser@npm:^7.29.7":
  version: 7.29.7
  resolution: "@babel/helper-string-parser@npm:7.29.7"
  checksum: 10/4d8ef0ef7105f3d9fe4361137c8f42e5b4c7a52b5380b962762f2a528a1ba89064e2c6236090716ce34b63707b886ae0ebf36b2c2fcc2851f27e652febfc3648
  languageName: node
  linkType: hard

"@babel/helper-validator-identifier@npm:^7.29.7":
  version: 7.29.7
  resolution: "@babel/helper-validator-identifier@npm:7.29.7"
  checksum: 10/2efa42701eb05babf26dff3332109c9e5e1a3400a71fb9e68ee27af28235036a2a72c2494c04bdab3f909075f42a58b2e8271074372bc7f8e79ec02bd364d7a7
  languageName: node
  linkType: hard

"@babel/helper-validator-option@npm:^7.29.7":
  version: 7.29.7
  resolution: "@babel/helper-validator-option@npm:7.29.7"
  checksum: 10/aeb6aa966f59300d3cc2fea7c68e1dfd7ad011fc10e535c8e2b2de3094b27c859428dc7220f16420350f8b1cde99da120b673be04bcb0c2f37b56258c96bed58
  languageName: node
  linkType: hard

"@babel/helpers@npm:^7.29.7":
  version: 7.29.7
  resolution: "@babel/helpers@npm:7.29.7"
  dependencies:
    "@babel/template": "npm:^7.29.7"
    "@babel/types": "npm:^7.29.7"
  checksum: 10/b4d1ef12c19e896585c009ba29677839097ff04f8b11a2430d335c3fb6bd667b4f9e96a3b185a083fdde6b1137eabbbf2600c32425cb69cefc81d81d5cfe425d
  languageName: node
  linkType: hard

"@babel/parser@npm:^7.29.7":
  version: 7.29.7
  resolution: "@babel/parser@npm:7.29.7"
  dependencies:
    "@babel/types": "npm:^7.29.7"
  bin:
    parser: ./bin/babel-parser.js
  checksum: 10/da40c5928c95997b01aabe84fc3440881b8f20b866714fefa142961d37e82ffc03fbb9afed706f15f8a688278f95286ca0cea0d87ad6c77600f8c6c45d9824ee
  languageName: node
  linkType: hard

"@babel/plugin-syntax-flow@npm:^7.29.7":
  version: 7.29.7
  resolution: "@babel/plugin-syntax-flow@npm:7.29.7"
  dependencies:
    "@babel/helper-plugin-utils": "npm:^7.29.7"
  peerDependencies:
    "@babel/core": ^7.0.0-0
  checksum: 10/3e03792bb20d4a0f2610df5d5af6c2ec8cbb5096a7576b24027eca60ac2b9e3a183d48255e4156fa94768322d82b13e77623f785ef556660de1c0efc5708e52a
  languageName: node
  linkType: hard

"@babel/plugin-transform-flow-strip-types@npm:^7.29.7":
  version: 7.29.7
  resolution: "@babel/plugin-transform-flow-strip-types@npm:7.29.7"
  dependencies:
    "@babel/helper-plugin-utils": "npm:^7.29.7"
    "@babel/plugin-syntax-flow": "npm:^7.29.7"
  peerDependencies:
    "@babel/core": ^7.0.0-0
  checksum: 10/6a9073606850e50902949b3f89da650af18e5f9f98af4f95e7cc9fdb136dabb9b6b15f34a38155f460822b65a84adf50ad501a6bf109fbb17d9806d25cb66427
  languageName: node
  linkType: hard

"@babel/preset-flow@npm:^7.0.0":
  version: 7.29.7
  resolution: "@babel/preset-flow@npm:7.29.7"
  dependencies:
    "@babel/helper-plugin-utils": "npm:^7.29.7"
    "@babel/helper-validator-option": "npm:^7.29.7"
    "@babel/plugin-transform-flow-strip-types": "npm:^7.29.7"
  peerDependencies:
    "@babel/core": ^7.0.0-0
  checksum: 10/562fe8494d7e8e3a894cb9b1213acdc418b42d54f0fe316e97192bb235c8dfe7cde58d351057b9f7896bdc5ff42b605863c00cf6df952d5789cf3d865ab723ba
  languageName: node
  linkType: hard

"@babel/template@npm:^7.29.7":
  version: 7.29.7
  resolution: "@babel/template@npm:7.29.7"
  dependencies:
    "@babel/code-frame": "npm:^7.29.7"
    "@babel/parser": "npm:^7.29.7"
    "@babel/types": "npm:^7.29.7"
  checksum: 10/da92f7a5b61e05d2fb3934a44f18cec6006ee3c595116c17a3b44cb9756ecd43205c7360dbfa326fa8f4d00aaeb9e777342a881070d11c2305e9c694bc3ca6ff
  languageName: node
  linkType: hard

"@babel/traverse@npm:^7.29.7":
  version: 7.29.7
  resolution: "@babel/traverse@npm:7.29.7"
  dependencies:
    "@babel/code-frame": "npm:^7.29.7"
    "@babel/generator": "npm:^7.29.7"
    "@babel/helper-globals": "npm:^7.29.7"
    "@babel/parser": "npm:^7.29.7"
    "@babel/template": "npm:^7.29.7"
    "@babel/types": "npm:^7.29.7"
    debug: "npm:^4.3.1"
  checksum: 10/ce24086a7dd8c408cbdb159437d3c8e02464a6d32b320d884fa742e2c5a3344b9342a923c7a371fc1789b4d82a59972a7008b5d8bbc1bc0c5ae42a39b28dc7f6
  languageName: node
  linkType: hard

"@babel/types@npm:^7.29.7":
  version: 7.29.7
  resolution: "@babel/types@npm:7.29.7"
  dependencies:
    "@babel/helper-string-parser": "npm:^7.29.7"
    "@babel/helper-validator-identifier": "npm:^7.29.7"
  checksum: 10/bd4f5635db1057bd0abeebf93eb3ae38399e152271cea8dce8288350f0afa13ed3e2db2e16e22bd3303068890eec18965a83420539afbe0dde31432b4cf9636d
  languageName: node
  linkType: hard

"@jridgewell/gen-mapping@npm:^0.3.12, @jridgewell/gen-mapping@npm:^0.3.5":
  version: 0.3.13
  resolution: "@jridgewell/gen-mapping@npm:0.3.13"
  dependencies:
    "@jridgewell/sourcemap-codec": "npm:^1.5.0"
    "@jridgewell/trace-mapping": "npm:^0.3.24"
  checksum: 10/902f8261dcf450b4af7b93f9656918e02eec80a2169e155000cb2059f90113dd98f3ccf6efc6072cee1dd84cac48cade51da236972d942babc40e4c23da4d62a
  languageName: node
  linkType: hard

"@jridgewell/remapping@npm:^2.3.5":
  version: 2.3.5
  resolution: "@jridgewell/remapping@npm:2.3.5"
  dependencies:
    "@jridgewell/gen-mapping": "npm:^0.3.5"
    "@jridgewell/trace-mapping": "npm:^0.3.24"
  checksum: 10/c2bb01856e65b506d439455f28aceacf130d6c023d1d4e3b48705e88def3571753e1a887daa04b078b562316c92d26ce36408a60534bceca3f830aec88a339ad
  languageName: node
  linkType: hard

"@jridgewell/resolve-uri@npm:^3.1.0":
  version: 3.1.2
  resolution: "@jridgewell/resolve-uri@npm:3.1.2"
  checksum: 10/97106439d750a409c22c8bff822d648f6a71f3aa9bc8e5129efdc36343cd3096ddc4eeb1c62d2fe48e9bdd4db37b05d4646a17114ecebd3bbcacfa2de51c3c1d
  languageName: node
  linkType: hard

"@jridgewell/sourcemap-codec@npm:^1.4.14, @jridgewell/sourcemap-codec@npm:^1.5.0":
  version: 1.5.5
  resolution: "@jridgewell/sourcemap-codec@npm:1.5.5"
  checksum: 10/5d9d207b462c11e322d71911e55e21a4e2772f71ffe8d6f1221b8eb5ae6774458c1d242f897fb0814e8714ca9a6b498abfa74dfe4f434493342902b1a48b33a5
  languageName: node
  linkType: hard

"@jridgewell/trace-mapping@npm:^0.3.24, @jridgewell/trace-mapping@npm:^0.3.28":
  version: 0.3.31
  resolution: "@jridgewell/trace-mapping@npm:0.3.31"
  dependencies:
    "@jridgewell/resolve-uri": "npm:^3.1.0"
    "@jridgewell/sourcemap-codec": "npm:^1.4.14"
  checksum: 10/da0283270e691bdb5543806077548532791608e52386cfbbf3b9e8fb00457859d1bd01d512851161c886eb3a2f3ce6fd9bcf25db8edf3bddedd275bd4a88d606
  languageName: node
  linkType: hard

"baseline-browser-mapping@npm:^2.10.12":
  version: 2.10.38
  resolution: "baseline-browser-mapping@npm:2.10.38"
  bin:
    baseline-browser-mapping: dist/cli.cjs
  checksum: 10/cb6c9913df1e8f0f9040cdacd3af0371f2daf2b16563d86d3b208c14a392b4783a6be434b9e7cf5dc413d6e40548b7b719e1a12e59789fb4b3db37146fb9e6b2
  languageName: node
  linkType: hard

"browserslist@npm:^4.24.0":
  version: 4.28.2
  resolution: "browserslist@npm:4.28.2"
  dependencies:
    baseline-browser-mapping: "npm:^2.10.12"
    caniuse-lite: "npm:^1.0.30001782"
    electron-to-chromium: "npm:^1.5.328"
    node-releases: "npm:^2.0.36"
    update-browserslist-db: "npm:^1.2.3"
  bin:
    browserslist: cli.js
  checksum: 10/cff88386e5b5ba5614c9063bd32ef94865bba22b6a381844c7d09ea1eea62a2247e7106e516abdbfda6b75b9986044c991dfe45f92f10add5ad63dccc07589ec
  languageName: node
  linkType: hard

"caniuse-lite@npm:^1.0.30001782":
  version: 1.0.30001799
  resolution: "caniuse-lite@npm:1.0.30001799"
  checksum: 10/eb90443f1e4e4ac7cfe3686d43f0d132c0b552d0d896c0520e7306f2ddf743b4dd5380a7b8adc5ca8d250247966a6cf32cb042930dbc1df452e8623ad92c57e2
  languageName: node
  linkType: hard

"convert-source-map@npm:^2.0.0":
  version: 2.0.0
  resolution: "convert-source-map@npm:2.0.0"
  checksum: 10/c987be3ec061348cdb3c2bfb924bec86dea1eacad10550a85ca23edb0fe3556c3a61c7399114f3331ccb3499d7fd0285ab24566e5745929412983494c3926e15
  languageName: node
  linkType: hard

"debug@npm:^4.1.0, debug@npm:^4.3.1":
  version: 4.4.3
  resolution: "debug@npm:4.4.3"
  dependencies:
    ms: "npm:^2.1.3"
  peerDependenciesMeta:
    supports-color:
      optional: true
  checksum: 10/9ada3434ea2993800bd9a1e320bd4aa7af69659fb51cca685d390949434bc0a8873c21ed7c9b852af6f2455a55c6d050aa3937d52b3c69f796dab666f762acad
  languageName: node
  linkType: hard

"electron-to-chromium@npm:^1.5.328":
  version: 1.5.375
  resolution: "electron-to-chromium@npm:1.5.375"
  checksum: 10/ef33efbe76914e7c763bbc4844ab356045acb83f8183fbe39ec12380364636d2246a0a16cf85e6f11a3ac59ca1c83d7ca467e9812ae54405cdab45c63c18739c
  languageName: node
  linkType: hard

"escalade@npm:^3.2.0":
  version: 3.2.0
  resolution: "escalade@npm:3.2.0"
  checksum: 10/9d7169e3965b2f9ae46971afa392f6e5a25545ea30f2e2dd99c9b0a95a3f52b5653681a84f5b2911a413ddad2d7a93d3514165072f349b5ffc59c75a899970d6
  languageName: node
  linkType: hard

"gensync@npm:^1.0.0-beta.2":
  version: 1.0.0-beta.2
  resolution: "gensync@npm:1.0.0-beta.2"
  checksum: 10/17d8333460204fbf1f9160d067e1e77f908a5447febb49424b8ab043026049835c9ef3974445c57dbd39161f4d2b04356d7de12b2eecaa27a7a7ea7d871cbedd
  languageName: node
  linkType: hard

"js-tokens@npm:^4.0.0":
  version: 4.0.0
  resolution: "js-tokens@npm:4.0.0"
  checksum: 10/af37d0d913fb56aec6dc0074c163cc71cd23c0b8aad5c2350747b6721d37ba118af35abdd8b33c47ec2800de07dedb16a527ca9c530ee004093e04958bd0cbf2
  languageName: node
  linkType: hard

"jsesc@npm:^3.0.2":
  version: 3.1.0
  resolution: "jsesc@npm:3.1.0"
  bin:
    jsesc: bin/jsesc
  checksum: 10/20bd37a142eca5d1794f354db8f1c9aeb54d85e1f5c247b371de05d23a9751ecd7bd3a9c4fc5298ea6fa09a100dafb4190fa5c98c6610b75952c3487f3ce7967
  languageName: node
  linkType: hard

"json5@npm:^2.2.3":
  version: 2.2.3
  resolution: "json5@npm:2.2.3"
  bin:
    json5: lib/cli.js
  checksum: 10/1db67b853ff0de3534085d630691d3247de53a2ed1390ba0ddff681ea43e9b3e30ecbdb65c5e9aab49435e44059c23dbd6fee8ee619419ba37465bb0dd7135da
  languageName: node
  linkType: hard

"lru-cache@npm:^5.1.1":
  version: 5.1.1
  resolution: "lru-cache@npm:5.1.1"
  dependencies:
    yallist: "npm:^3.0.2"
  checksum: 10/951d2673dcc64a7fb888bf3d13bc2fdf923faca97d89cdb405ba3dfff77e2b26e5798d405e78fcd7094c9e7b8b4dab2ddc5a4f8a11928af24a207b7c738ca3f8
  languageName: node
  linkType: hard

"ms@npm:^2.1.3":
  version: 2.1.3
  resolution: "ms@npm:2.1.3"
  checksum: 10/aa92de608021b242401676e35cfa5aa42dd70cbdc082b916da7fb925c542173e36bce97ea3e804923fe92c0ad991434e4a38327e15a1b5b5f945d66df615ae6d
  languageName: node
  linkType: hard

"node-releases@npm:^2.0.36":
  version: 2.0.48
  resolution: "node-releases@npm:2.0.48"
  checksum: 10/775cdbd4cfa7dbf663b70d51b1d0d03fd019ff942f9a6a40f2ea0ce62abb82c92b2b120c0b52d1b5143f73bf49691983fed4f6e4d6c5a3d872092a60336096ff
  languageName: node
  linkType: hard

"picocolors@npm:^1.1.1":
  version: 1.1.1
  resolution: "picocolors@npm:1.1.1"
  checksum: 10/e1cf46bf84886c79055fdfa9dcb3e4711ad259949e3565154b004b260cd356c5d54b31a1437ce9782624bf766272fe6b0154f5f0c744fb7af5d454d2b60db045
  languageName: node
  linkType: hard

"root-workspace-0b6124@workspace:.":
  version: 0.0.0-use.local
  resolution: "root-workspace-0b6124@workspace:."
  dependencies:
    "@babel/core": "npm:^7.0.0"
    "@babel/preset-flow": "npm:^7.0.0"
  languageName: unknown
  linkType: soft

"semver@npm:^6.3.1":
  version: 6.3.1
  resolution: "semver@npm:6.3.1"
  bin:
    semver: bin/semver.js
  checksum: 10/1ef3a85bd02a760c6ef76a45b8c1ce18226de40831e02a00bad78485390b98b6ccaa31046245fc63bba4a47a6a592b6c7eedc65cc47126e60489f9cc1ce3ed7e
  languageName: node
  linkType: hard

"update-browserslist-db@npm:^1.2.3":
  version: 1.2.3
  resolution: "update-browserslist-db@npm:1.2.3"
  dependencies:
    escalade: "npm:^3.2.0"
    picocolors: "npm:^1.1.1"
  peerDependencies:
    browserslist: ">= 4.21.0"
  bin:
    update-browserslist-db: cli.js
  checksum: 10/059f774300efb4b084a49293143c511f3ae946d40397b5c30914e900cd5691a12b8e61b41dd54ed73d3b56c8204165a0333107dd784ccf8f8c81790bcc423175
  languageName: node
  linkType: hard

"yallist@npm:^3.0.2":
  version: 3.1.1
  resolution: "yallist@npm:3.1.1"
  checksum: 10/9af0a4329c3c6b779ac4736c69fae4190ac03029fa27c1aef4e6bcc92119b73dea6fe5db5fe881fb0ce2a0e9539a42cdf60c7c21eda04d1a0b8c082e38509efb
  languageName: node
  linkType: hard
