# This file is generated by running "yarn install" inside your project.
# Manual changes might be lost - proceed with caution!

__metadata:
  version: 8
  cacheKey: 10

"@ampproject/remapping@npm:^2.2.0":
  version: 2.3.0
  resolution: "@ampproject/remapping@npm:2.3.0"
  dependencies:
    "@jridgewell/gen-mapping": "npm:^0.3.5"
    "@jridgewell/trace-mapping": "npm:^0.3.24"
  checksum: 10/f3451525379c68a73eb0a1e65247fbf28c0cccd126d93af21c75fceff77773d43c0d4a2d51978fb131aff25b5f2cb41a9fe48cc296e61ae65e679c4f6918b0ab
  languageName: node
  linkType: hard

"@babel/code-frame@npm:^7.27.1":
  version: 7.27.1
  resolution: "@babel/code-frame@npm:7.27.1"
  dependencies:
    "@babel/helper-validator-identifier": "npm:^7.27.1"
    js-tokens: "npm:^4.0.0"
    picocolors: "npm:^1.1.1"
  checksum: 10/721b8a6e360a1fa0f1c9fe7351ae6c874828e119183688b533c477aa378f1010f37cc9afbfc4722c686d1f5cdd00da02eab4ba7278a0c504fa0d7a321dcd4fdf
  languageName: node
  linkType: hard

"@babel/compat-data@npm:^7.22.6, @babel/compat-data@npm:^7.27.2":
  version: 7.27.2
  resolution: "@babel/compat-data@npm:7.27.2"
  checksum: 10/eaa9f8aaeb9475779f4411fa397f712a6441b650d4e0b40c5535c954c891cd35c0363004db42902192aa8224532ac31ce06890478b060995286fe4fadd54e542
  languageName: node
  linkType: hard

"@babel/core@npm:^7.2.2":
  version: 7.27.1
  resolution: "@babel/core@npm:7.27.1"
  dependencies:
    "@ampproject/remapping": "npm:^2.2.0"
    "@babel/code-frame": "npm:^7.27.1"
    "@babel/generator": "npm:^7.27.1"
    "@babel/helper-compilation-targets": "npm:^7.27.1"
    "@babel/helper-module-transforms": "npm:^7.27.1"
    "@babel/helpers": "npm:^7.27.1"
    "@babel/parser": "npm:^7.27.1"
    "@babel/template": "npm:^7.27.1"
    "@babel/traverse": "npm:^7.27.1"
    "@babel/types": "npm:^7.27.1"
    convert-source-map: "npm:^2.0.0"
    debug: "npm:^4.1.0"
    gensync: "npm:^1.0.0-beta.2"
    json5: "npm:^2.2.3"
    semver: "npm:^6.3.1"
  checksum: 10/3dfec88f84b3ce567e6c482db0119f02f451bd3f86b0835c71c029fedb657969786507fafedd3a0732bd1be9fbc9f0635d734efafabad6dbc67d3eb7b494cdd8
  languageName: node
  linkType: hard

"@babel/generator@npm:^7.27.1":
  version: 7.27.1
  resolution: "@babel/generator@npm:7.27.1"
  dependencies:
    "@babel/parser": "npm:^7.27.1"
    "@babel/types": "npm:^7.27.1"
    "@jridgewell/gen-mapping": "npm:^0.3.5"
    "@jridgewell/trace-mapping": "npm:^0.3.25"
    jsesc: "npm:^3.0.2"
  checksum: 10/6101825922a8a116e64b507d9309b38c5bc027b333d7111fcb760422741d3c72bd8f8e5aa935c2944c434ffe376353a27afa3a25a8526dc2ef90743d266770db
  languageName: node
  linkType: hard

"@babel/helper-compilation-targets@npm:^7.22.6, @babel/helper-compilation-targets@npm:^7.27.1":
  version: 7.27.2
  resolution: "@babel/helper-compilation-targets@npm:7.27.2"
  dependencies:
    "@babel/compat-data": "npm:^7.27.2"
    "@babel/helper-validator-option": "npm:^7.27.1"
    browserslist: "npm:^4.24.0"
    lru-cache: "npm:^5.1.1"
    semver: "npm:^6.3.1"
  checksum: 10/bd53c30a7477049db04b655d11f4c3500aea3bcbc2497cf02161de2ecf994fec7c098aabbcebe210ffabc2ecbdb1e3ffad23fb4d3f18723b814f423ea1749fe8
  languageName: node
  linkType: hard

"@babel/helper-define-polyfill-provider@npm:^0.6.3, @babel/helper-define-polyfill-provider@npm:^0.6.4":
  version: 0.6.4
  resolution: "@babel/helper-define-polyfill-provider@npm:0.6.4"
  dependencies:
    "@babel/helper-compilation-targets": "npm:^7.22.6"
    "@babel/helper-plugin-utils": "npm:^7.22.5"
    debug: "npm:^4.1.1"
    lodash.debounce: "npm:^4.0.8"
    resolve: "npm:^1.14.2"
  peerDependencies:
    "@babel/core": ^7.4.0 || ^8.0.0-0 <8.0.0
  checksum: 10/dc2ebdd7bc880fff8cd09a5b0bd208e53d8b7ea9070f4b562dd3135ea6cd68ef80cf4a74f40424569a00c00eabbcdff67b2137a874c4f82f3530246dad267a3b
  languageName: node
  linkType: hard

"@babel/helper-module-imports@npm:^7.27.1":
  version: 7.27.1
  resolution: "@babel/helper-module-imports@npm:7.27.1"
  dependencies:
    "@babel/traverse": "npm:^7.27.1"
    "@babel/types": "npm:^7.27.1"
  checksum: 10/58e792ea5d4ae71676e0d03d9fef33e886a09602addc3bd01388a98d87df9fcfd192968feb40ac4aedb7e287ec3d0c17b33e3ecefe002592041a91d8a1998a8d
  languageName: node
  linkType: hard

"@babel/helper-module-transforms@npm:^7.27.1":
  version: 7.27.1
  resolution: "@babel/helper-module-transforms@npm:7.27.1"
  dependencies:
    "@babel/helper-module-imports": "npm:^7.27.1"
    "@babel/helper-validator-identifier": "npm:^7.27.1"
    "@babel/traverse": "npm:^7.27.1"
  peerDependencies:
    "@babel/core": ^7.0.0
  checksum: 10/415509a5854203073755aab3ad293664146a55777355b5b5187902f976162c9565907d2276f7f6e778527be4829db2d926015d446100a65f2538d6397d83e248
  languageName: node
  linkType: hard

"@babel/helper-plugin-utils@npm:^7.22.5, @babel/helper-plugin-utils@npm:^7.27.1":
  version: 7.27.1
  resolution: "@babel/helper-plugin-utils@npm:7.27.1"
  checksum: 10/96136c2428888e620e2ec493c25888f9ceb4a21099dcf3dd4508ea64b58cdedbd5a9fb6c7b352546de84d6c24edafe482318646932a22c449ebd16d16c22d864
  languageName: node
  linkType: hard

"@babel/helper-string-parser@npm:^7.27.1":
  version: 7.27.1
  resolution: "@babel/helper-string-parser@npm:7.27.1"
  checksum: 10/0ae29cc2005084abdae2966afdb86ed14d41c9c37db02c3693d5022fba9f5d59b011d039380b8e537c34daf117c549f52b452398f576e908fb9db3c7abbb3a00
  languageName: node
  linkType: hard

"@babel/helper-validator-identifier@npm:^7.27.1":
  version: 7.27.1
  resolution: "@babel/helper-validator-identifier@npm:7.27.1"
  checksum: 10/75041904d21bdc0cd3b07a8ac90b11d64cd3c881e89cb936fa80edd734bf23c35e6bd1312611e8574c4eab1f3af0f63e8a5894f4699e9cfdf70c06fcf4252320
  languageName: node
  linkType: hard

"@babel/helper-validator-option@npm:^7.27.1":
  version: 7.27.1
  resolution: "@babel/helper-validator-option@npm:7.27.1"
  checksum: 10/db73e6a308092531c629ee5de7f0d04390835b21a263be2644276cb27da2384b64676cab9f22cd8d8dbd854c92b1d7d56fc8517cf0070c35d1c14a8c828b0903
  languageName: node
  linkType: hard

"@babel/helpers@npm:^7.27.1":
  version: 7.27.1
  resolution: "@babel/helpers@npm:7.27.1"
  dependencies:
    "@babel/template": "npm:^7.27.1"
    "@babel/types": "npm:^7.27.1"
  checksum: 10/b86ee2c87d52640c63ec1fdf139d4560efc173ae6379659e0df49a3c0cf1d5f24436132ebb4459a4ee72418b43b39ee001f4e01465b48c8d31911a745ec4fd74
  languageName: node
  linkType: hard

"@babel/parser@npm:^7.27.1, @babel/parser@npm:^7.27.2":
  version: 7.27.2
  resolution: "@babel/parser@npm:7.27.2"
  dependencies:
    "@babel/types": "npm:^7.27.1"
  bin:
    parser: ./bin/babel-parser.js
  checksum: 10/133b4ccfbc01d4f36b0945937aabff87026c29fda6dcd3c842053a672e50f2487a101a3acd150bbaa2eecd33f3bd35650f95b806567c926f93b2af35c2b615c9
  languageName: node
  linkType: hard

"@babel/plugin-transform-regenerator@npm:^7.0.0":
  version: 7.27.1
  resolution: "@babel/plugin-transform-regenerator@npm:7.27.1"
  dependencies:
    "@babel/helper-plugin-utils": "npm:^7.27.1"
  peerDependencies:
    "@babel/core": ^7.0.0-0
  checksum: 10/a6a3f818e4cc5ac5a01962a1d66515cb6791f32eb1dcd810dbb39f6e580c0c96b47fcc5c5633137e040f4e137e40e6f4dad8a3d57d49b15aed40e72e13e30d93
  languageName: node
  linkType: hard

"@babel/plugin-transform-runtime@npm:^7.2.0":
  version: 7.27.1
  resolution: "@babel/plugin-transform-runtime@npm:7.27.1"
  dependencies:
    "@babel/helper-module-imports": "npm:^7.27.1"
    "@babel/helper-plugin-utils": "npm:^7.27.1"
    babel-plugin-polyfill-corejs2: "npm:^0.4.10"
    babel-plugin-polyfill-corejs3: "npm:^0.11.0"
    babel-plugin-polyfill-regenerator: "npm:^0.6.1"
    semver: "npm:^6.3.1"
  peerDependencies:
    "@babel/core": ^7.0.0-0
  checksum: 10/a9f0f6a1b392873a7e0269560330e3fc6f3c078948e2f96d255bbda32f7040021e6cc253f7e2430c9ce8aec237063730dc8aa7f3d29ecb6e090ade321fb8b062
  languageName: node
  linkType: hard

"@babel/template@npm:^7.27.1":
  version: 7.27.2
  resolution: "@babel/template@npm:7.27.2"
  dependencies:
    "@babel/code-frame": "npm:^7.27.1"
    "@babel/parser": "npm:^7.27.2"
    "@babel/types": "npm:^7.27.1"
  checksum: 10/fed15a84beb0b9340e5f81566600dbee5eccd92e4b9cc42a944359b1aa1082373391d9d5fc3656981dff27233ec935d0bc96453cf507f60a4b079463999244d8
  languageName: node
  linkType: hard

"@babel/traverse@npm:^7.27.1":
  version: 7.27.1
  resolution: "@babel/traverse@npm:7.27.1"
  dependencies:
    "@babel/code-frame": "npm:^7.27.1"
    "@babel/generator": "npm:^7.27.1"
    "@babel/parser": "npm:^7.27.1"
    "@babel/template": "npm:^7.27.1"
    "@babel/types": "npm:^7.27.1"
    debug: "npm:^4.3.1"
    globals: "npm:^11.1.0"
  checksum: 10/9977271aa451293d3f184521412788d6ddaff9d6a29626d7435b5dacd059feb2d7753bc94f59f4f5b76e65bd2e2cabc8a10d7e1f93709feda28619f2e8cbf4d6
  languageName: node
  linkType: hard

"@babel/types@npm:^7.27.1":
  version: 7.27.1
  resolution: "@babel/types@npm:7.27.1"
  dependencies:
    "@babel/helper-string-parser": "npm:^7.27.1"
    "@babel/helper-validator-identifier": "npm:^7.27.1"
  checksum: 10/81f8ada28c4b29695d7d4c4cbfaa5ec3138ccebbeb26628c7c3cc570fdc84f28967c9e68caf4977d51ff4f4d3159c88857ef278317f84f3515dd65e5b8a74995
  languageName: node
  linkType: hard

"@jridgewell/gen-mapping@npm:^0.3.5":
  version: 0.3.8
  resolution: "@jridgewell/gen-mapping@npm:0.3.8"
  dependencies:
    "@jridgewell/set-array": "npm:^1.2.1"
    "@jridgewell/sourcemap-codec": "npm:^1.4.10"
    "@jridgewell/trace-mapping": "npm:^0.3.24"
  checksum: 10/9d3a56ab3612ab9b85d38b2a93b87f3324f11c5130859957f6500e4ac8ce35f299d5ccc3ecd1ae87597601ecf83cee29e9afd04c18777c24011073992ff946df
  languageName: node
  linkType: hard

"@jridgewell/resolve-uri@npm:^3.1.0":
  version: 3.1.2
  resolution: "@jridgewell/resolve-uri@npm:3.1.2"
  checksum: 10/97106439d750a409c22c8bff822d648f6a71f3aa9bc8e5129efdc36343cd3096ddc4eeb1c62d2fe48e9bdd4db37b05d4646a17114ecebd3bbcacfa2de51c3c1d
  languageName: node
  linkType: hard

"@jridgewell/set-array@npm:^1.2.1":
  version: 1.2.1
  resolution: "@jridgewell/set-array@npm:1.2.1"
  checksum: 10/832e513a85a588f8ed4f27d1279420d8547743cc37fcad5a5a76fc74bb895b013dfe614d0eed9cb860048e6546b798f8f2652020b4b2ba0561b05caa8c654b10
  languageName: node
  linkType: hard

"@jridgewell/sourcemap-codec@npm:^1.4.10, @jridgewell/sourcemap-codec@npm:^1.4.14":
  version: 1.5.0
  resolution: "@jridgewell/sourcemap-codec@npm:1.5.0"
  checksum: 10/4ed6123217569a1484419ac53f6ea0d9f3b57e5b57ab30d7c267bdb27792a27eb0e4b08e84a2680aa55cc2f2b411ffd6ec3db01c44fdc6dc43aca4b55f8374fd
  languageName: node
  linkType: hard

"@jridgewell/trace-mapping@npm:^0.3.24, @jridgewell/trace-mapping@npm:^0.3.25":
  version: 0.3.25
  resolution: "@jridgewell/trace-mapping@npm:0.3.25"
  dependencies:
    "@jridgewell/resolve-uri": "npm:^3.1.0"
    "@jridgewell/sourcemap-codec": "npm:^1.4.14"
  checksum: 10/dced32160a44b49d531b80a4a2159dceab6b3ddf0c8e95a0deae4b0e894b172defa63d5ac52a19c2068e1fe7d31ea4ba931fbeec103233ecb4208953967120fc
  languageName: node
  linkType: hard

"babel-plugin-polyfill-corejs2@npm:^0.4.10":
  version: 0.4.13
  resolution: "babel-plugin-polyfill-corejs2@npm:0.4.13"
  dependencies:
    "@babel/compat-data": "npm:^7.22.6"
    "@babel/helper-define-polyfill-provider": "npm:^0.6.4"
    semver: "npm:^6.3.1"
  peerDependencies:
    "@babel/core": ^7.4.0 || ^8.0.0-0 <8.0.0
  checksum: 10/e238534f345edb26471438cdef8f9182892c4a857fc1cd74d8ecb3072d5126232e299d3850027cecbcb599e721cef835b9e63aba35c2db41733635d39b76c1d8
  languageName: node
  linkType: hard

"babel-plugin-polyfill-corejs3@npm:^0.11.0":
  version: 0.11.1
  resolution: "babel-plugin-polyfill-corejs3@npm:0.11.1"
  dependencies:
    "@babel/helper-define-polyfill-provider": "npm:^0.6.3"
    core-js-compat: "npm:^3.40.0"
  peerDependencies:
    "@babel/core": ^7.4.0 || ^8.0.0-0 <8.0.0
  checksum: 10/19a2978ee3462cc3b98e7d36e6537bf9fb1fb61f42fd96cb41e9313f2ac6f2c62380d94064366431eff537f342184720fe9bce73eb65fd57c5311d15e8648f62
  languageName: node
  linkType: hard

"babel-plugin-polyfill-regenerator@npm:^0.6.1":
  version: 0.6.4
  resolution: "babel-plugin-polyfill-regenerator@npm:0.6.4"
  dependencies:
    "@babel/helper-define-polyfill-provider": "npm:^0.6.4"
  peerDependencies:
    "@babel/core": ^7.4.0 || ^8.0.0-0 <8.0.0
  checksum: 10/f4d4a803834ffa72713579d696586d8cc654c0025cbd5ec775fc5d37faa00381dcb80e5b97d4b16059443352653585596d87848b5590b1d8670c235408e73fb3
  languageName: node
  linkType: hard

"browserslist@npm:^4.24.0, browserslist@npm:^4.24.4":
  version: 4.24.5
  resolution: "browserslist@npm:4.24.5"
  dependencies:
    caniuse-lite: "npm:^1.0.30001716"
    electron-to-chromium: "npm:^1.5.149"
    node-releases: "npm:^2.0.19"
    update-browserslist-db: "npm:^1.1.3"
  bin:
    browserslist: cli.js
  checksum: 10/93fde829b77f20e2c4e1e0eaed154681c05e4828420e4afba790d480daa5de742977a44bbac8567881b8fbec3da3dea7ca1cb578ac1fd4385ef4ae91ca691d64
  languageName: node
  linkType: hard

"caniuse-lite@npm:^1.0.30001716":
  version: 1.0.30001718
  resolution: "caniuse-lite@npm:1.0.30001718"
  checksum: 10/e172a4c156f743cc947e659f353ad9edb045725cc109a02cc792dcbf98569356ebfa4bb4356e3febf87427aab0951c34c1ee5630629334f25ae6f76de7d86fd0
  languageName: node
  linkType: hard

"convert-source-map@npm:^2.0.0":
  version: 2.0.0
  resolution: "convert-source-map@npm:2.0.0"
  checksum: 10/c987be3ec061348cdb3c2bfb924bec86dea1eacad10550a85ca23edb0fe3556c3a61c7399114f3331ccb3499d7fd0285ab24566e5745929412983494c3926e15
  languageName: node
  linkType: hard

"core-js-compat@npm:^3.40.0":
  version: 3.42.0
  resolution: "core-js-compat@npm:3.42.0"
  dependencies:
    browserslist: "npm:^4.24.4"
  checksum: 10/2052c73e500e95420d948a0595f4055e40ca6a208cc15c7981b7f202efa851bfae3de59a13009dc367cc5fbaeb8ff84a64c7c0bfc37de4b3bd2cf6b0e14290bd
  languageName: node
  linkType: hard

"debug@npm:^4.1.0, debug@npm:^4.1.1, debug@npm:^4.3.1":
  version: 4.4.1
  resolution: "debug@npm:4.4.1"
  dependencies:
    ms: "npm:^2.1.3"
  peerDependenciesMeta:
    supports-color:
      optional: true
  checksum: 10/8e2709b2144f03c7950f8804d01ccb3786373df01e406a0f66928e47001cf2d336cbed9ee137261d4f90d68d8679468c755e3548ed83ddacdc82b194d2468afe
  languageName: node
  linkType: hard

"electron-to-chromium@npm:^1.5.149":
  version: 1.5.157
  resolution: "electron-to-chromium@npm:1.5.157"
  checksum: 10/806cbb515f17d6599369d184032f21b5cc2bf4194267c08a5b134eb9a6c2fc291c87acda5c0baccd6f3833fb543b74b7edc5767d5594dec92c626a153797e7cf
  languageName: node
  linkType: hard

"escalade@npm:^3.2.0":
  version: 3.2.0
  resolution: "escalade@npm:3.2.0"
  checksum: 10/9d7169e3965b2f9ae46971afa392f6e5a25545ea30f2e2dd99c9b0a95a3f52b5653681a84f5b2911a413ddad2d7a93d3514165072f349b5ffc59c75a899970d6
  languageName: node
  linkType: hard

"function-bind@npm:^1.1.2":
  version: 1.1.2
  resolution: "function-bind@npm:1.1.2"
  checksum: 10/185e20d20f10c8d661d59aac0f3b63b31132d492e1b11fcc2a93cb2c47257ebaee7407c38513efd2b35cafdf972d9beb2ea4593c1e0f3bf8f2744836928d7454
  languageName: node
  linkType: hard

"gensync@npm:^1.0.0-beta.2":
  version: 1.0.0-beta.2
  resolution: "gensync@npm:1.0.0-beta.2"
  checksum: 10/17d8333460204fbf1f9160d067e1e77f908a5447febb49424b8ab043026049835c9ef3974445c57dbd39161f4d2b04356d7de12b2eecaa27a7a7ea7d871cbedd
  languageName: node
  linkType: hard

"globals@npm:^11.1.0":
  version: 11.12.0
  resolution: "globals@npm:11.12.0"
  checksum: 10/9f054fa38ff8de8fa356502eb9d2dae0c928217b8b5c8de1f09f5c9b6c8a96d8b9bd3afc49acbcd384a98a81fea713c859e1b09e214c60509517bb8fc2bc13c2
  languageName: node
  linkType: hard

"hasown@npm:^2.0.2":
  version: 2.0.2
  resolution: "hasown@npm:2.0.2"
  dependencies:
    function-bind: "npm:^1.1.2"
  checksum: 10/7898a9c1788b2862cf0f9c345a6bec77ba4a0c0983c7f19d610c382343d4f98fa260686b225dfb1f88393a66679d2ec58ee310c1d6868c081eda7918f32cc70a
  languageName: node
  linkType: hard

"is-core-module@npm:^2.16.0":
  version: 2.16.1
  resolution: "is-core-module@npm:2.16.1"
  dependencies:
    hasown: "npm:^2.0.2"
  checksum: 10/452b2c2fb7f889cbbf7e54609ef92cf6c24637c568acc7e63d166812a0fb365ae8a504c333a29add8bdb1686704068caa7f4e4b639b650dde4f00a038b8941fb
  languageName: node
  linkType: hard

"js-tokens@npm:^4.0.0":
  version: 4.0.0
  resolution: "js-tokens@npm:4.0.0"
  checksum: 10/af37d0d913fb56aec6dc0074c163cc71cd23c0b8aad5c2350747b6721d37ba118af35abdd8b33c47ec2800de07dedb16a527ca9c530ee004093e04958bd0cbf2
  languageName: node
  linkType: hard

"jsesc@npm:^3.0.2":
  version: 3.1.0
  resolution: "jsesc@npm:3.1.0"
  bin:
    jsesc: bin/jsesc
  checksum: 10/20bd37a142eca5d1794f354db8f1c9aeb54d85e1f5c247b371de05d23a9751ecd7bd3a9c4fc5298ea6fa09a100dafb4190fa5c98c6610b75952c3487f3ce7967
  languageName: node
  linkType: hard

"json5@npm:^2.2.3":
  version: 2.2.3
  resolution: "json5@npm:2.2.3"
  bin:
    json5: lib/cli.js
  checksum: 10/1db67b853ff0de3534085d630691d3247de53a2ed1390ba0ddff681ea43e9b3e30ecbdb65c5e9aab49435e44059c23dbd6fee8ee619419ba37465bb0dd7135da
  languageName: node
  linkType: hard

"lodash.debounce@npm:^4.0.8":
  version: 4.0.8
  resolution: "lodash.debounce@npm:4.0.8"
  checksum: 10/cd0b2819786e6e80cb9f5cda26b1a8fc073daaf04e48d4cb462fa4663ec9adb3a5387aa22d7129e48eed1afa05b482e2a6b79bfc99b86886364449500cbb00fd
  languageName: node
  linkType: hard

"lru-cache@npm:^5.1.1":
  version: 5.1.1
  resolution: "lru-cache@npm:5.1.1"
  dependencies:
    yallist: "npm:^3.0.2"
  checksum: 10/951d2673dcc64a7fb888bf3d13bc2fdf923faca97d89cdb405ba3dfff77e2b26e5798d405e78fcd7094c9e7b8b4dab2ddc5a4f8a11928af24a207b7c738ca3f8
  languageName: node
  linkType: hard

"ms@npm:^2.1.3":
  version: 2.1.3
  resolution: "ms@npm:2.1.3"
  checksum: 10/aa92de608021b242401676e35cfa5aa42dd70cbdc082b916da7fb925c542173e36bce97ea3e804923fe92c0ad991434e4a38327e15a1b5b5f945d66df615ae6d
  languageName: node
  linkType: hard

"node-releases@npm:^2.0.19":
  version: 2.0.19
  resolution: "node-releases@npm:2.0.19"
  checksum: 10/c2b33b4f0c40445aee56141f13ca692fa6805db88510e5bbb3baadb2da13e1293b738e638e15e4a8eb668bb9e97debb08e7a35409b477b5cc18f171d35a83045
  languageName: node
  linkType: hard

"path-parse@npm:^1.0.7":
  version: 1.0.7
  resolution: "path-parse@npm:1.0.7"
  checksum: 10/49abf3d81115642938a8700ec580da6e830dde670be21893c62f4e10bd7dd4c3742ddc603fe24f898cba7eb0c6bc1777f8d9ac14185d34540c6d4d80cd9cae8a
  languageName: node
  linkType: hard

"picocolors@npm:^1.1.1":
  version: 1.1.1
  resolution: "picocolors@npm:1.1.1"
  checksum: 10/e1cf46bf84886c79055fdfa9dcb3e4711ad259949e3565154b004b260cd356c5d54b31a1437ce9782624bf766272fe6b0154f5f0c744fb7af5d454d2b60db045
  languageName: node
  linkType: hard

"resolve@npm:^1.14.2":
  version: 1.22.10
  resolution: "resolve@npm:1.22.10"
  dependencies:
    is-core-module: "npm:^2.16.0"
    path-parse: "npm:^1.0.7"
    supports-preserve-symlinks-flag: "npm:^1.0.0"
  bin:
    resolve: bin/resolve
  checksum: 10/0a398b44da5c05e6e421d70108822c327675febb880eebe905587628de401854c61d5df02866ff34fc4cb1173a51c9f0e84a94702738df3611a62e2acdc68181
  languageName: node
  linkType: hard

"resolve@patch:resolve@npm%3A^1.14.2#optional!builtin<compat/resolve>":
  version: 1.22.10
  resolution: "resolve@patch:resolve@npm%3A1.22.10#optional!builtin<compat/resolve>::version=1.22.10&hash=c3c19d"
  dependencies:
    is-core-module: "npm:^2.16.0"
    path-parse: "npm:^1.0.7"
    supports-preserve-symlinks-flag: "npm:^1.0.0"
  bin:
    resolve: bin/resolve
  checksum: 10/d4d878bfe3702d215ea23e75e0e9caf99468e3db76f5ca100d27ebdc527366fee3877e54bce7d47cc72ca8952fc2782a070d238bfa79a550eeb0082384c3b81a
  languageName: node
  linkType: hard

"root-workspace-0b6124@workspace:.":
  version: 0.0.0-use.local
  resolution: "root-workspace-0b6124@workspace:."
  dependencies:
    "@babel/core": "npm:^7.2.2"
    "@babel/plugin-transform-regenerator": "npm:^7.0.0"
    "@babel/plugin-transform-runtime": "npm:^7.2.0"
  languageName: unknown
  linkType: soft

"semver@npm:^6.3.1":
  version: 6.3.1
  resolution: "semver@npm:6.3.1"
  bin:
    semver: bin/semver.js
  checksum: 10/1ef3a85bd02a760c6ef76a45b8c1ce18226de40831e02a00bad78485390b98b6ccaa31046245fc63bba4a47a6a592b6c7eedc65cc47126e60489f9cc1ce3ed7e
  languageName: node
  linkType: hard

"supports-preserve-symlinks-flag@npm:^1.0.0":
  version: 1.0.0
  resolution: "supports-preserve-symlinks-flag@npm:1.0.0"
  checksum: 10/a9dc19ae2220c952bd2231d08ddeecb1b0328b61e72071ff4000c8384e145cc07c1c0bdb3b5a1cb06e186a7b2790f1dee793418b332f6ddf320de25d9125be7e
  languageName: node
  linkType: hard

"update-browserslist-db@npm:^1.1.3":
  version: 1.1.3
  resolution: "update-browserslist-db@npm:1.1.3"
  dependencies:
    escalade: "npm:^3.2.0"
    picocolors: "npm:^1.1.1"
  peerDependencies:
    browserslist: ">= 4.21.0"
  bin:
    update-browserslist-db: cli.js
  checksum: 10/87af2776054ffb9194cf95e0201547d041f72ee44ce54b144da110e65ea7ca01379367407ba21de5c9edd52c74d95395366790de67f3eb4cc4afa0fe4424e76f
  languageName: node
  linkType: hard

"yallist@npm:^3.0.2":
  version: 3.1.1
  resolution: "yallist@npm:3.1.1"
  checksum: 10/9af0a4329c3c6b779ac4736c69fae4190ac03029fa27c1aef4e6bcc92119b73dea6fe5db5fe881fb0ce2a0e9539a42cdf60c7c21eda04d1a0b8c082e38509efb
  languageName: node
  linkType: hard
