# This file is generated by running "yarn install" inside your project.
# Manual changes might be lost - proceed with caution!

__metadata:
  version: 4
  cacheKey: 7

"@babel/code-frame@npm:^7.12.13":
  version: 7.12.13
  resolution: "@babel/code-frame@npm:7.12.13"
  dependencies:
    "@babel/highlight": ^7.12.13
  checksum: 471532bb7cb4a300bd1a3201e75e7c0c83ebfb4e0e6610fdb53270521505d7efe0961258de61e7b1970ef3092a97ed675248ee1a44597912a1f61f903d85ef41
  languageName: node
  linkType: hard

"@babel/compat-data@npm:^7.13.0, @babel/compat-data@npm:^7.13.8":
  version: 7.13.8
  resolution: "@babel/compat-data@npm:7.13.8"
  checksum: e07e24737973206dd17439224945a354352ce0896d5a0bdd22fc637464eb650bdf6651a42352dc35fa8d55842ce1b66e545a1e3c096ee8f45947dcc32a44be44
  languageName: node
  linkType: hard

"@babel/core@npm:7.13.8, @babel/core@npm:^7.2.2":
  version: 7.13.8
  resolution: "@babel/core@npm:7.13.8"
  dependencies:
    "@babel/code-frame": ^7.12.13
    "@babel/generator": ^7.13.0
    "@babel/helper-compilation-targets": ^7.13.8
    "@babel/helper-module-transforms": ^7.13.0
    "@babel/helpers": ^7.13.0
    "@babel/parser": ^7.13.4
    "@babel/template": ^7.12.13
    "@babel/traverse": ^7.13.0
    "@babel/types": ^7.13.0
    convert-source-map: ^1.7.0
    debug: ^4.1.0
    gensync: ^1.0.0-beta.2
    json5: ^2.1.2
    lodash: ^4.17.19
    semver: ^6.3.0
    source-map: ^0.5.0
  checksum: f3c61e635aa41e127775d1191a65aedd4cf90008625eb93ddbd86214ebae6b0793cefd10503b2a4df8aa510d0e1108dfd15e29bde9bbffc899a50015f56f49c4
  languageName: node
  linkType: hard

"@babel/generator@npm:^7.13.0":
  version: 7.13.9
  resolution: "@babel/generator@npm:7.13.9"
  dependencies:
    "@babel/types": ^7.13.0
    jsesc: ^2.5.1
    source-map: ^0.5.0
  checksum: d9cf7db910dd703a55c3ba147a8024564d51de06f5e3e61aef6ca197bcd80a6cb0a633fe4688c8c9f6226c70ee6f32a747050a8e420972b45cc98a6b3fc5ae66
  languageName: node
  linkType: hard

"@babel/helper-compilation-targets@npm:^7.13.0, @babel/helper-compilation-targets@npm:^7.13.8":
  version: 7.13.8
  resolution: "@babel/helper-compilation-targets@npm:7.13.8"
  dependencies:
    "@babel/compat-data": ^7.13.8
    "@babel/helper-validator-option": ^7.12.17
    browserslist: ^4.14.5
    semver: ^6.3.0
  peerDependencies:
    "@babel/core": ^7.0.0
  checksum: dbee371e5ff226bb03a036d1af858f038ab6e71fac1ff5014bf69411b71af187bcdb0e49d5352ec5ef5e83186c9b88ee83b74295ba900691095b31017ec59f89
  languageName: node
  linkType: hard

"@babel/helper-define-polyfill-provider@npm:^0.1.5":
  version: 0.1.5
  resolution: "@babel/helper-define-polyfill-provider@npm:0.1.5"
  dependencies:
    "@babel/helper-compilation-targets": ^7.13.0
    "@babel/helper-module-imports": ^7.12.13
    "@babel/helper-plugin-utils": ^7.13.0
    "@babel/traverse": ^7.13.0
    debug: ^4.1.1
    lodash.debounce: ^4.0.8
    resolve: ^1.14.2
    semver: ^6.1.2
  peerDependencies:
    "@babel/core": ^7.4.0-0
  checksum: 41a3bf1b016cd94cece5eec1aa7fcc868ca32e0b630735e2be934d1ff7145226633b8c7d67884c18d7a090a5465a94bb8c4b01160ed8ea240f952d6aa1057ef0
  languageName: node
  linkType: hard

"@babel/helper-function-name@npm:^7.12.13":
  version: 7.12.13
  resolution: "@babel/helper-function-name@npm:7.12.13"
  dependencies:
    "@babel/helper-get-function-arity": ^7.12.13
    "@babel/template": ^7.12.13
    "@babel/types": ^7.12.13
  checksum: 25f03f303be790618437dc49c6df758d362112a564361d2eae66b58fda4f5ec09e62875473b18090b939c8d3d60b36aa7c9f688768b7fade511512d02ac9d3d0
  languageName: node
  linkType: hard

"@babel/helper-get-function-arity@npm:^7.12.13":
  version: 7.12.13
  resolution: "@babel/helper-get-function-arity@npm:7.12.13"
  dependencies:
    "@babel/types": ^7.12.13
  checksum: cfb5c39959ea9f1cc21ee0f4a23054be66a615fa5392f25763ea98f0c690a5b47500af9a63f28a42a2fb3f699684c113c45a95c4ce6303dfecb3358e32e56c76
  languageName: node
  linkType: hard

"@babel/helper-member-expression-to-functions@npm:^7.13.0":
  version: 7.13.0
  resolution: "@babel/helper-member-expression-to-functions@npm:7.13.0"
  dependencies:
    "@babel/types": ^7.13.0
  checksum: 9baaab9910a96c0f201b71c6cc39037dce5d32a321f61347ac489ddbef2bcbd232adcadeaa8e44d8c9a7216226c009b57f9d65697d90d7a8ed2c27682932d959
  languageName: node
  linkType: hard

"@babel/helper-module-imports@npm:^7.12.13":
  version: 7.12.13
  resolution: "@babel/helper-module-imports@npm:7.12.13"
  dependencies:
    "@babel/types": ^7.12.13
  checksum: 9832436fb44361b2d7a0b7d99f18b7c0529afb94202ab92b578147aba062447e9a1cff33bc95db33189686fa922c62f23da296870958eee2f862b3aa89809159
  languageName: node
  linkType: hard

"@babel/helper-module-transforms@npm:^7.13.0":
  version: 7.13.0
  resolution: "@babel/helper-module-transforms@npm:7.13.0"
  dependencies:
    "@babel/helper-module-imports": ^7.12.13
    "@babel/helper-replace-supers": ^7.13.0
    "@babel/helper-simple-access": ^7.12.13
    "@babel/helper-split-export-declaration": ^7.12.13
    "@babel/helper-validator-identifier": ^7.12.11
    "@babel/template": ^7.12.13
    "@babel/traverse": ^7.13.0
    "@babel/types": ^7.13.0
    lodash: ^4.17.19
  checksum: b7e45c67eeaca488fa7a7bb0afebaec25b91f94cb04d32229ef799bd3a31ef5b566737fefd139b20c6525817528816e43bf492372c77e352e2a0e4d03b1fe21b
  languageName: node
  linkType: hard

"@babel/helper-optimise-call-expression@npm:^7.12.13":
  version: 7.12.13
  resolution: "@babel/helper-optimise-call-expression@npm:7.12.13"
  dependencies:
    "@babel/types": ^7.12.13
  checksum: 5e4df5da4a45d7b7c100307efdc11f9fb460f943b4db1c60ddbdf57c3a7cbeecc8dea8980f4a9d4f3c38071b04d0e7c95af213229bcc1c13f17eb7293a6298a9
  languageName: node
  linkType: hard

"@babel/helper-plugin-utils@npm:^7.13.0":
  version: 7.13.0
  resolution: "@babel/helper-plugin-utils@npm:7.13.0"
  checksum: 229ac1917b43ad38732d2d4a9a826f87d8945719249efe1d6191f3e25ba6027a289af70380d82d62a03fc9e82558a0ea6f12739cbb55b64bb280d6b511b4ca65
  languageName: node
  linkType: hard

"@babel/helper-replace-supers@npm:^7.13.0":
  version: 7.13.0
  resolution: "@babel/helper-replace-supers@npm:7.13.0"
  dependencies:
    "@babel/helper-member-expression-to-functions": ^7.13.0
    "@babel/helper-optimise-call-expression": ^7.12.13
    "@babel/traverse": ^7.13.0
    "@babel/types": ^7.13.0
  checksum: b32ab3f4d6a4e7f80c361eb9c0a001c2ae498f885248cb567c8de2475fb3dcbdf7ddd32a9e9a926abf55cf4f46faad7ceebfd3d035dea5508c3d9ba55d4083cc
  languageName: node
  linkType: hard

"@babel/helper-simple-access@npm:^7.12.13":
  version: 7.12.13
  resolution: "@babel/helper-simple-access@npm:7.12.13"
  dependencies:
    "@babel/types": ^7.12.13
  checksum: 34f19da4b8129006d660ff6d704d493a447852268a1360727a7de32087c7cead4c2548a3bb73c8fee7afa2dcad85087d53f9b0cabe071f3bf5cc27f35de9e7c8
  languageName: node
  linkType: hard

"@babel/helper-split-export-declaration@npm:^7.12.13":
  version: 7.12.13
  resolution: "@babel/helper-split-export-declaration@npm:7.12.13"
  dependencies:
    "@babel/types": ^7.12.13
  checksum: c8d529558c45855542b7094de7b08e6c6de34922037a71596545dbb7a3be6ebf61b8b3193afe85fa5c9c35bcb0cc94110866deab8028f73e500bdc62427532c9
  languageName: node
  linkType: hard

"@babel/helper-validator-identifier@npm:^7.12.11":
  version: 7.12.11
  resolution: "@babel/helper-validator-identifier@npm:7.12.11"
  checksum: 18de432203264b501db2690b53370a4289dc56084f5a2c66de624b159ee28b8abaeb402b2b7584296d9261645d91ddb6bfd21125d3ffd9bf02e9262e77baf3d2
  languageName: node
  linkType: hard

"@babel/helper-validator-option@npm:^7.12.17":
  version: 7.12.17
  resolution: "@babel/helper-validator-option@npm:7.12.17"
  checksum: 9201d17a5634b05a6f3d561b95e73a4e4f9ba2e56c55cfc3b9a2a9618c4090b4b507720ac7a2e77209e68dc9bdc00a59b5ba7ad9ecbca3fb2c9217e814b7b5a5
  languageName: node
  linkType: hard

"@babel/helpers@npm:^7.13.0":
  version: 7.13.0
  resolution: "@babel/helpers@npm:7.13.0"
  dependencies:
    "@babel/template": ^7.12.13
    "@babel/traverse": ^7.13.0
    "@babel/types": ^7.13.0
  checksum: 6c435aefe108e85b999570eed9fc2ec10944cb1ed4c3ff6656936c90a6f986174bd5c80ec48ecbbb7042e5eca5761364f484d7e0238a3aa77c2f5099dcac8df0
  languageName: node
  linkType: hard

"@babel/highlight@npm:^7.12.13":
  version: 7.13.8
  resolution: "@babel/highlight@npm:7.13.8"
  dependencies:
    "@babel/helper-validator-identifier": ^7.12.11
    chalk: ^2.0.0
    js-tokens: ^4.0.0
  checksum: a25fc49b803ed103f829b949636d6ead219a13f325d16f959e19b69c995322d9ef15464d4d865a4b2b7779053b2c64788d2d1e171144b5d941d89abd46bd0534
  languageName: node
  linkType: hard

"@babel/parser@npm:^7.12.13, @babel/parser@npm:^7.13.0, @babel/parser@npm:^7.13.4":
  version: 7.13.9
  resolution: "@babel/parser@npm:7.13.9"
  bin:
    parser: ./bin/babel-parser.js
  checksum: de61d40db87a09a2bf230b06cd33121e25a650cf82efb3af7d348e9e5d5ca9426fa76f264eb7c9c5f16a11d17cf66adbe2f807d5a6126c370017ea4ca506fcea
  languageName: node
  linkType: hard

"@babel/plugin-transform-regenerator@npm:^7.0.0":
  version: 7.12.13
  resolution: "@babel/plugin-transform-regenerator@npm:7.12.13"
  dependencies:
    regenerator-transform: ^0.14.2
  peerDependencies:
    "@babel/core": ^7.0.0-0
  checksum: 4ee616942c712a94720b8613fa027db98bd08cfc677bc2d9bf444a40989571db269d502fcb4851d2959c34c2819e767ecd48fa61c572b3814cfe65c8a46ad0dd
  languageName: node
  linkType: hard

"@babel/plugin-transform-runtime@npm:^7.2.0":
  version: 7.13.9
  resolution: "@babel/plugin-transform-runtime@npm:7.13.9"
  dependencies:
    "@babel/helper-module-imports": ^7.12.13
    "@babel/helper-plugin-utils": ^7.13.0
    babel-plugin-polyfill-corejs2: ^0.1.4
    babel-plugin-polyfill-corejs3: ^0.1.3
    babel-plugin-polyfill-regenerator: ^0.1.2
    semver: ^6.3.0
  peerDependencies:
    "@babel/core": ^7.0.0-0
  checksum: 79fd9e6ff154c6005acd1478a5e5c44b4d33ef9d96f67b83dabba59ad816a7ea5b77800ff222fd565c4e6178831165d4bc848bc07c1d88c5deaa67609af58682
  languageName: node
  linkType: hard

"@babel/polyfill@npm:^7.2.5":
  version: 7.12.1
  resolution: "@babel/polyfill@npm:7.12.1"
  dependencies:
    core-js: ^2.6.5
    regenerator-runtime: ^0.13.4
  checksum: 299db4d4260ea0eacd357727418755a791cd152b642494ed15c18d029f55ea625017a6f1c398f7839e30b2d5a48cd6165e0c1f39ac1b81f863e15f056a149d54
  languageName: node
  linkType: hard

"@babel/runtime@npm:^7.8.4":
  version: 7.13.9
  resolution: "@babel/runtime@npm:7.13.9"
  dependencies:
    regenerator-runtime: ^0.13.4
  checksum: e6f79d20e10c2921520c499f3cf295a9ee5c137e73f77f77eedde9f9073bc3541c1fc7fa6c97b0613f4140303ac00d08506e9f090068d219c58781d2b62c662d
  languageName: node
  linkType: hard

"@babel/template@npm:^7.12.13":
  version: 7.12.13
  resolution: "@babel/template@npm:7.12.13"
  dependencies:
    "@babel/code-frame": ^7.12.13
    "@babel/parser": ^7.12.13
    "@babel/types": ^7.12.13
  checksum: 665977068a7036233b017396c0cd4856b6bb2ad9759e95e2325cbd198b98d2e26796f25977c8e12b5936d7d94f49cf883df9cffa3c91c797abdf27fc9b6bec65
  languageName: node
  linkType: hard

"@babel/traverse@npm:^7.13.0":
  version: 7.13.0
  resolution: "@babel/traverse@npm:7.13.0"
  dependencies:
    "@babel/code-frame": ^7.12.13
    "@babel/generator": ^7.13.0
    "@babel/helper-function-name": ^7.12.13
    "@babel/helper-split-export-declaration": ^7.12.13
    "@babel/parser": ^7.13.0
    "@babel/types": ^7.13.0
    debug: ^4.1.0
    globals: ^11.1.0
    lodash: ^4.17.19
  checksum: e5d1b690157da325b5bea98e472f4df0fff16048242a70880e2da7939b005ccd5b63d2b4527e203cfc71a422da0fa513c0ad84114bff002d583ebd7dbd2c8576
  languageName: node
  linkType: hard

"@babel/types@npm:^7.12.13, @babel/types@npm:^7.13.0, @babel/types@npm:^7.8.3":
  version: 7.13.0
  resolution: "@babel/types@npm:7.13.0"
  dependencies:
    "@babel/helper-validator-identifier": ^7.12.11
    lodash: ^4.17.19
    to-fast-properties: ^2.0.0
  checksum: a47357647a92c08ee2f5059210d37fd7fe190e8d4ef71dd97ba61c6ca7b7e979660bc8ba00fdc51249c037199b634dd984fde8d7a622fdd5e3e2161fe65e94c3
  languageName: node
  linkType: hard

"ansi-styles@npm:^3.2.1":
  version: 3.2.1
  resolution: "ansi-styles@npm:3.2.1"
  dependencies:
    color-convert: ^1.9.0
  checksum: 456e1c23d9277512a47718da75e7fbb0a5ee215ef893c2f76d6b3efe8fceabc861121b80b0362146f5f995d21a1633f05a19bbf6283ae66ac11dc3b9c0bed779
  languageName: node
  linkType: hard

"babel-plugin-polyfill-corejs2@npm:^0.1.4":
  version: 0.1.10
  resolution: "babel-plugin-polyfill-corejs2@npm:0.1.10"
  dependencies:
    "@babel/compat-data": ^7.13.0
    "@babel/helper-define-polyfill-provider": ^0.1.5
    semver: ^6.1.1
  peerDependencies:
    "@babel/core": ^7.0.0-0
  checksum: b11a01d9d3a078de5f26eeef8216f29b104239eee3ae93767dccdff9df558d07d159a35941ce5d77d6c658b9017475922831a232f8e60d94056412ba6ef2692b
  languageName: node
  linkType: hard

"babel-plugin-polyfill-corejs3@npm:^0.1.3":
  version: 0.1.7
  resolution: "babel-plugin-polyfill-corejs3@npm:0.1.7"
  dependencies:
    "@babel/helper-define-polyfill-provider": ^0.1.5
    core-js-compat: ^3.8.1
  peerDependencies:
    "@babel/core": ^7.0.0-0
  checksum: d6f94262fbcfbfcffdb526abd20b49bdd730d646df3709b06536248b72c7b4c53a4f75f755c9041f249bf8486bd4eb1e79fdfb0796e4795cef64942b51123b50
  languageName: node
  linkType: hard

"babel-plugin-polyfill-regenerator@npm:^0.1.2":
  version: 0.1.6
  resolution: "babel-plugin-polyfill-regenerator@npm:0.1.6"
  dependencies:
    "@babel/helper-define-polyfill-provider": ^0.1.5
  peerDependencies:
    "@babel/core": ^7.0.0-0
  checksum: 49b98a19015074d3466e8b020928b7dc09ff2c1a62d8d8ba2f02f6e7e0cc99e3ac5e7624a7611acf0a8073d363c2d6aa6a0a6e7508b85f63982150164f1d7e25
  languageName: node
  linkType: hard

"browserslist@npm:^4.14.5, browserslist@npm:^4.16.3":
  version: 4.16.3
  resolution: "browserslist@npm:4.16.3"
  dependencies:
    caniuse-lite: ^1.0.30001181
    colorette: ^1.2.1
    electron-to-chromium: ^1.3.649
    escalade: ^3.1.1
    node-releases: ^1.1.70
  bin:
    browserslist: cli.js
  checksum: dfab0d3c3d9a3517cf3f8a274bc4e8245f3a02c1a5ae2a0e01498273d363952d11ee09fdce3b0ce551f6cab9d619ed2d9facf7b6471c9190df949a5ad39665c5
  languageName: node
  linkType: hard

"caniuse-lite@npm:^1.0.30001181":
  version: 1.0.30001196
  resolution: "caniuse-lite@npm:1.0.30001196"
  checksum: 42c38418062cd00c43793679c1a8766f98127c3cb99c9775156b8d7843e2e12fd188791360e890c0c25a2c492ff30d9072d1727cb65a860e87a9d9fd11b0d917
  languageName: node
  linkType: hard

"chalk@npm:^2.0.0":
  version: 2.4.2
  resolution: "chalk@npm:2.4.2"
  dependencies:
    ansi-styles: ^3.2.1
    escape-string-regexp: ^1.0.5
    supports-color: ^5.3.0
  checksum: 22c7b7b5bc761c882bb6516454a1a671923f1c53ff972860065aa0b28a195f230163c1d46ee88bcc7a03e5539177d896457d8bc727de7f244c6e87032743038e
  languageName: node
  linkType: hard

"color-convert@npm:^1.9.0":
  version: 1.9.3
  resolution: "color-convert@npm:1.9.3"
  dependencies:
    color-name: 1.1.3
  checksum: 5f244daa3d1fe1f216d48878c550465067d15268688308554e613b7640a068f96588096d51f0b98b68f15d6ff6bb8ad24e172582ac8c0ad43fa4d3da60fd1b79
  languageName: node
  linkType: hard

"color-name@npm:1.1.3":
  version: 1.1.3
  resolution: "color-name@npm:1.1.3"
  checksum: d8b91bb90aefc05b6ff568cf8889566dcc6269824df6f3c9b8ca842b18d7f4d089c07dc166808d33f22092d4a79167aa56a96a5ff0d21efab548bf44614db43b
  languageName: node
  linkType: hard

"colorette@npm:^1.2.1":
  version: 1.2.2
  resolution: "colorette@npm:1.2.2"
  checksum: e240f0c94b8d9f34b52bd17b50fc13a3b74f9e662edeaa2b0c65e06ec6b1fc6367fb42b834ec5a1d819d68b74a3d850f3bd3e284f9e614d6c4ffa122f83c6ec5
  languageName: node
  linkType: hard

"convert-source-map@npm:^1.7.0":
  version: 1.7.0
  resolution: "convert-source-map@npm:1.7.0"
  dependencies:
    safe-buffer: ~5.1.1
  checksum: b10fbf041e3221c65e1ab67f05c8fcbad9c5fd078c62f4a6e05cb5fddc4b5a0e8a17c6a361c6a44f011b1a0c090b36aa88543be9dfa65da8c9e7f39c5de2d4df
  languageName: node
  linkType: hard

"core-js-compat@npm:^3.8.1":
  version: 3.9.1
  resolution: "core-js-compat@npm:3.9.1"
  dependencies:
    browserslist: ^4.16.3
    semver: 7.0.0
  checksum: 46c8bf3b40b1f5124527e969c41de6419da21399630230a3ba1679c7ad6c43469a67a8fcf9123b11eb13ec76a39229d48025c1f5d23e3dd5453056644d7fc0bd
  languageName: node
  linkType: hard

"core-js@npm:^2.6.5":
  version: 2.6.12
  resolution: "core-js@npm:2.6.12"
  checksum: b865823ce9cb5bc63336856440f6525e4996bb91af30660081e82bf447d177f36104f0986906a34ea0c9c03cb8b3d960380848a478e2621dac30c9b8198d28da
  languageName: node
  linkType: hard

"debug@npm:^4.1.0, debug@npm:^4.1.1":
  version: 4.3.2
  resolution: "debug@npm:4.3.2"
  dependencies:
    ms: 2.1.2
  peerDependenciesMeta:
    supports-color:
      optional: true
  checksum: 5543570879e2274f6725d4285a034d6e0822d35faefc6f55965933fb440e8c21eb3a0bef934e66f4b6b491f898ee2de37cab980e9d4fd61372136c19d3ce4527
  languageName: node
  linkType: hard

"electron-to-chromium@npm:^1.3.649":
  version: 1.3.682
  resolution: "electron-to-chromium@npm:1.3.682"
  checksum: 9ceb3a72a4ff0c239889d7d1aba0a02ee3d19540e6e0cc63906f03dae931b01f390e54a723f52f94fc35835b1352b746850315a56057dd596c3f8d43635c0c44
  languageName: node
  linkType: hard

"escalade@npm:^3.1.1":
  version: 3.1.1
  resolution: "escalade@npm:3.1.1"
  checksum: 1e31ff50d66f47cd0dfffa702061127116ccf9886d1f54a802a7b3bc95b94cab0cbf5b145cc5ac199036df6fd9d1bb24af1fa1bfed87c94879e950fbee5f86d1
  languageName: node
  linkType: hard

"escape-string-regexp@npm:^1.0.5":
  version: 1.0.5
  resolution: "escape-string-regexp@npm:1.0.5"
  checksum: f9484b8b4c8827d816e0fd905c25ed4b561376a9c220e1430403ea84619bf680c76a883a48cff8b8e091daf55d6a497e37479f9787b9f15f3c421b6054289744
  languageName: node
  linkType: hard

"function-bind@npm:^1.1.1":
  version: 1.1.1
  resolution: "function-bind@npm:1.1.1"
  checksum: ffad86e7d2010ba179aaa6a3987d2cc0ed48fa92d27f1ed84bfa06d14f77deeed5bfbae7f00bdebc0c54218392cab2b18ecc080e2c72f592431927b87a27d42b
  languageName: node
  linkType: hard

"gensync@npm:^1.0.0-beta.2":
  version: 1.0.0-beta.2
  resolution: "gensync@npm:1.0.0-beta.2"
  checksum: d523437689c97b3aba9c5cdeca4677d5fff9a29d620db693fea40d852bad63563110f16979d0170248439dbcd2ecee0780fb2533d3f0519f019081aa10767c60
  languageName: node
  linkType: hard

"globals@npm:^11.1.0":
  version: 11.12.0
  resolution: "globals@npm:11.12.0"
  checksum: 2563d3306a7e646fd9ec484b0ca29bf8847d9dc6ebbe86026f11e31bda04f420f6536c2decbd4cb96350379801d2cce352ab373c40be8b024324775b31f882f9
  languageName: node
  linkType: hard

"has-flag@npm:^3.0.0":
  version: 3.0.0
  resolution: "has-flag@npm:3.0.0"
  checksum: 63aade480d27aeedb3b5b63a2e069d47d0006bf182338d662e7941cdc024e68a28418e0efa8dc5df30db9c4ee2407f39e6ea3f16cfbc6b83848b450826a28aa0
  languageName: node
  linkType: hard

"has@npm:^1.0.3":
  version: 1.0.3
  resolution: "has@npm:1.0.3"
  dependencies:
    function-bind: ^1.1.1
  checksum: c686e15300d41364486c099a9259d9c418022c294244843dcd712c4c286ff839d4f23a25413baa28c4d2c1e828afc2aaab70f685400b391533980223c71fa1ca
  languageName: node
  linkType: hard

"is-core-module@npm:^2.2.0":
  version: 2.2.0
  resolution: "is-core-module@npm:2.2.0"
  dependencies:
    has: ^1.0.3
  checksum: 2344744de98a3bc22e2bb30895f307d7889f09e963f9bcb1cc321788f508c8b463f75e0a9ca009eeeb8eb9465181b5c15f1ec9299a6bb6921cfbb2423892e0ba
  languageName: node
  linkType: hard

"js-tokens@npm:^4.0.0":
  version: 4.0.0
  resolution: "js-tokens@npm:4.0.0"
  checksum: 1fc4e4667ac2d972aba65148b9cbf9c17566b2394d3504238d8492bbd3e68f496c657eab06b26b40b17db5cac0a34d153a12130e2d2d2bb6dc2cdc8a4764eb1b
  languageName: node
  linkType: hard

"jsesc@npm:^2.5.1":
  version: 2.5.2
  resolution: "jsesc@npm:2.5.2"
  bin:
    jsesc: bin/jsesc
  checksum: ca91ec33d74c55959e4b6fdbfee2af5f38be74a752cf0a982702e3a16239f26c2abbe19f5f84b15592570dda01872e929a90738615bd445f7b9b859781cfcf68
  languageName: node
  linkType: hard

"json5@npm:^2.1.2":
  version: 2.2.0
  resolution: "json5@npm:2.2.0"
  dependencies:
    minimist: ^1.2.5
  bin:
    json5: lib/cli.js
  checksum: 07b1f90c2801dc52df2b0ac8d606cc400a85cda79130e754780fa2ab9805d0fb85a0e61b6a5cdd68e88e5d0c8f9109ec415af08283175556cdccaa8563853908
  languageName: node
  linkType: hard

"lodash.debounce@npm:^4.0.8":
  version: 4.0.8
  resolution: "lodash.debounce@npm:4.0.8"
  checksum: b6042bd8c09ff1961c9127d32266316bc21f946ece5e3464a663ec61fadb98e7d56ec0ef7e23b47d393695310c19cf24e651c1756be6da91ac02c72be7f79465
  languageName: node
  linkType: hard

"lodash@npm:^4.17.19":
  version: 4.17.21
  resolution: "lodash@npm:4.17.21"
  checksum: 4983720b9abca930a4a46f18db163d7dad8dd00dbed6db0cc7b499b33b717cce69f80928b27bbb1ff2cbd3b19d251ee90669a8b5ea466072ca81c2ebe91e7468
  languageName: node
  linkType: hard

"minimist@npm:^1.2.5":
  version: 1.2.5
  resolution: "minimist@npm:1.2.5"
  checksum: b77b8590147a4e217ff34266236bc39de23b52e6e33054076991ff674c7397a1380a7bde11111916f16f003a94aaa7e4f3d92595a32189644ff607fabc65a5b6
  languageName: node
  linkType: hard

"ms@npm:2.1.2":
  version: 2.1.2
  resolution: "ms@npm:2.1.2"
  checksum: 9b65fb709bc30c0c07289dcbdb61ca032acbb9ea5698b55fa62e2cebb04c5953f1876a1f3f7f4bc2e91d4bf4d86003f3e207c3bc6ee2f716f99827e62389cd0e
  languageName: node
  linkType: hard

"node-releases@npm:^1.1.70":
  version: 1.1.71
  resolution: "node-releases@npm:1.1.71"
  checksum: 9e283003f1deafd0ca7f9bbde9c4b5b05d880ca165217f5227b37406626d6689a246a5c4c72f9a8512be65cd51b13cc7d0f5d8bc68ad36089b620f1810292340
  languageName: node
  linkType: hard

"path-parse@npm:^1.0.6":
  version: 1.0.6
  resolution: "path-parse@npm:1.0.6"
  checksum: 2eee4b93fb3ae13600e3fca18390d9933bbbcf725a624f6b8df020d87515a74872ff6c58072190d6dc75a5584a683dc6ae5c385ad4e4f4efb6e66af040d56c67
  languageName: node
  linkType: hard

"regenerator-runtime@npm:^0.13.4":
  version: 0.13.7
  resolution: "regenerator-runtime@npm:0.13.7"
  checksum: 6ef567c662088b1b292214920cbd72443059298d477f72e1a37e0a113bafbfac9057cbfe35ae617284effc4b423493326a78561bbff7b04162c7949bdb9624e8
  languageName: node
  linkType: hard

"regenerator-transform@npm:^0.14.2":
  version: 0.14.5
  resolution: "regenerator-transform@npm:0.14.5"
  dependencies:
    "@babel/runtime": ^7.8.4
  checksum: ed07c2c1d08f4828807f9366621ca1d62102969f5af575662c9e5f085f7b49df068e4944e17c7016898bc125cdc7b0d74014e9856bff3a6a147714c4e7de3ed9
  languageName: node
  linkType: hard

resolve@^1.14.2:
  version: 1.20.0
  resolution: "resolve@npm:1.20.0"
  dependencies:
    is-core-module: ^2.2.0
    path-parse: ^1.0.6
  checksum: 0f5206d454b30e74d9b2d575b5f8aedf443c4d8b90b84cdf79474ade29bb459075220da3127b682896872a16022ed65cc4db09e0f23849654144d3d75c65cd1b
  languageName: node
  linkType: hard

"resolve@patch:resolve@^1.14.2#builtin<compat/resolve>":
  version: 1.20.0
  resolution: "resolve@patch:resolve@npm%3A1.20.0#builtin<compat/resolve>::version=1.20.0&hash=3388aa"
  dependencies:
    is-core-module: ^2.2.0
    path-parse: ^1.0.6
  checksum: c4a515b76026806b5b26513fc7bdb80458c532bc91c02ef45ac928d1025585f93bec0b904be39c02131118a37ff7e3f9258f1526850b025d2ec0948bb5fd03d0
  languageName: node
  linkType: hard

"root-workspace-0b6124@workspace:.":
  version: 0.0.0-use.local
  resolution: "root-workspace-0b6124@workspace:."
  dependencies:
    "@babel/core": ^7.2.2
    "@babel/plugin-transform-regenerator": ^7.0.0
    "@babel/plugin-transform-runtime": ^7.2.0
    "@babel/polyfill": ^7.2.5
  languageName: unknown
  linkType: soft

"safe-buffer@npm:~5.1.1":
  version: 5.1.2
  resolution: "safe-buffer@npm:5.1.2"
  checksum: 2708587c1b5e70a5e420714ceb59f30f5791c6e831d39812125a008eca63a4ac18578abd020a0776ea497ff03b4543f2b2a223a7b9073bf2d6c7af9ec6829218
  languageName: node
  linkType: hard

"semver@npm:7.0.0":
  version: 7.0.0
  resolution: "semver@npm:7.0.0"
  bin:
    semver: bin/semver.js
  checksum: 5162b31e9902be1d51d63523eb21d28164d632f527cb0dc439a58d6eaf1a2f3c49c4e2a0f7cf8d650f673638ae34ac7e0c7c2048ff66bc5dc1298ef8551575b5
  languageName: node
  linkType: hard

"semver@npm:^6.1.1, semver@npm:^6.1.2, semver@npm:^6.3.0":
  version: 6.3.0
  resolution: "semver@npm:6.3.0"
  bin:
    semver: ./bin/semver.js
  checksum: f0d155c06a67cc7e500c92d929339f1c6efd4ce9fe398aee6acc00a2333489cca0f5b4e76ee7292beba237fcca4b5a3d4a6153471f105f56299801bdab37289f
  languageName: node
  linkType: hard

"source-map@npm:^0.5.0":
  version: 0.5.7
  resolution: "source-map@npm:0.5.7"
  checksum: 737face96577a2184a42f141607fcc2c9db5620cb8517ae8ab3924476defa138fc26b0bab31e98cbd6f19211ecbf78400b59f801ff7a0f87aa9faa79f7433e10
  languageName: node
  linkType: hard

"supports-color@npm:^5.3.0":
  version: 5.5.0
  resolution: "supports-color@npm:5.5.0"
  dependencies:
    has-flag: ^3.0.0
  checksum: edacee6425498440744c418be94b0660181aad2a1828bcf2be85c42bd385da2fd8b2b358d9b62b0c5b03ff5cd3e992458d7b8f879d9fb42f2201fe05a4848a29
  languageName: node
  linkType: hard

"to-fast-properties@npm:^2.0.0":
  version: 2.0.0
  resolution: "to-fast-properties@npm:2.0.0"
  checksum: 40e61984243b183d575a2f3a87d008bd57102115701ee9037fd673e34becf12ee90262631857410169ca82f401a662ed94482235cea8f3b8dea48b87eaabc467
  languageName: node
  linkType: hard
