# This file is generated by running "yarn install" inside your project.
# Manual changes might be lost - proceed with caution!

__metadata:
  version: 4
  cacheKey: 7

"@babel/helper-plugin-utils@npm:^7.12.13, @babel/helper-plugin-utils@npm:^7.13.0":
  version: 7.13.0
  resolution: "@babel/helper-plugin-utils@npm:7.13.0"
  checksum: 229ac1917b43ad38732d2d4a9a826f87d8945719249efe1d6191f3e25ba6027a289af70380d82d62a03fc9e82558a0ea6f12739cbb55b64bb280d6b511b4ca65
  languageName: node
  linkType: hard

"@babel/helper-validator-option@npm:^7.12.17":
  version: 7.12.17
  resolution: "@babel/helper-validator-option@npm:7.12.17"
  checksum: 9201d17a5634b05a6f3d561b95e73a4e4f9ba2e56c55cfc3b9a2a9618c4090b4b507720ac7a2e77209e68dc9bdc00a59b5ba7ad9ecbca3fb2c9217e814b7b5a5
  languageName: node
  linkType: hard

"@babel/plugin-syntax-flow@npm:^7.12.13":
  version: 7.12.13
  resolution: "@babel/plugin-syntax-flow@npm:7.12.13"
  dependencies:
    "@babel/helper-plugin-utils": ^7.12.13
  peerDependencies:
    "@babel/core": ^7.0.0-0
  checksum: de8845354dda62b7857a518a54f85bf30809ed1d7cc5ace93ced6da16d095cba78487d18651f1b2277db58d8e749cb910c703f96529af198369226e374df5f73
  languageName: node
  linkType: hard

"@babel/plugin-transform-flow-strip-types@npm:^7.13.0":
  version: 7.13.0
  resolution: "@babel/plugin-transform-flow-strip-types@npm:7.13.0"
  dependencies:
    "@babel/helper-plugin-utils": ^7.13.0
    "@babel/plugin-syntax-flow": ^7.12.13
  peerDependencies:
    "@babel/core": ^7.0.0-0
  checksum: 60903f5e3619b4f4a19d6d00a4d10c5b97566f5d4c56dd35ccdaa6e621fc955ec4003f12cd73ec99475894a7eca6a34aa4b38f87c7c81e93d5fe03d006aae77b
  languageName: node
  linkType: hard

"@babel/preset-flow@npm:^7.0.0":
  version: 7.13.13
  resolution: "@babel/preset-flow@npm:7.13.13"
  dependencies:
    "@babel/helper-plugin-utils": ^7.13.0
    "@babel/helper-validator-option": ^7.12.17
    "@babel/plugin-transform-flow-strip-types": ^7.13.0
  peerDependencies:
    "@babel/core": ^7.0.0-0
  checksum: b4f3e74e52def7fe63bd0b1f46c8be217c3df17d04cf31072e2c3297bc906c96ce0d3076959b52680ab684c44d54e068a612a0cb5e63ce490e2428d0010840a2
  languageName: node
  linkType: hard

"root-workspace-0b6124@workspace:.":
  version: 0.0.0-use.local
  resolution: "root-workspace-0b6124@workspace:."
  dependencies:
    "@babel/preset-flow": ^7.0.0
  languageName: unknown
  linkType: soft
