# This file is generated by running "yarn install" inside your project.
# Manual changes might be lost - proceed with caution!

__metadata:
  version: 10
  cacheKey: 10

"@babel/helper-plugin-utils@npm:^7.29.7":
  version: 7.29.7
  resolution: "@babel/helper-plugin-utils@npm:7.29.7"
  checksum: 10/6d16929fe5c792bbc8e4d67e18d7c1be69d2f18992deaa3d94dc26541fec662e83cbeeaf7553c6867d068eb7aed4e0d5e3e137c1dd4d5bcfa286f8d772f1f457
  languageName: node
  linkType: hard

"@babel/helper-validator-option@npm:^7.29.7":
  version: 7.29.7
  resolution: "@babel/helper-validator-option@npm:7.29.7"
  checksum: 10/aeb6aa966f59300d3cc2fea7c68e1dfd7ad011fc10e535c8e2b2de3094b27c859428dc7220f16420350f8b1cde99da120b673be04bcb0c2f37b56258c96bed58
  languageName: node
  linkType: hard

"@babel/plugin-syntax-flow@npm:^7.29.7":
  version: 7.29.7
  resolution: "@babel/plugin-syntax-flow@npm:7.29.7"
  dependencies:
    "@babel/helper-plugin-utils": "npm:^7.29.7"
  peerDependencies:
    "@babel/core": ^7.0.0-0
  checksum: 10/3e03792bb20d4a0f2610df5d5af6c2ec8cbb5096a7576b24027eca60ac2b9e3a183d48255e4156fa94768322d82b13e77623f785ef556660de1c0efc5708e52a
  languageName: node
  linkType: hard

"@babel/plugin-transform-flow-strip-types@npm:^7.29.7":
  version: 7.29.7
  resolution: "@babel/plugin-transform-flow-strip-types@npm:7.29.7"
  dependencies:
    "@babel/helper-plugin-utils": "npm:^7.29.7"
    "@babel/plugin-syntax-flow": "npm:^7.29.7"
  peerDependencies:
    "@babel/core": ^7.0.0-0
  checksum: 10/6a9073606850e50902949b3f89da650af18e5f9f98af4f95e7cc9fdb136dabb9b6b15f34a38155f460822b65a84adf50ad501a6bf109fbb17d9806d25cb66427
  languageName: node
  linkType: hard

"@babel/preset-flow@npm:^7.0.0":
  version: 7.29.7
  resolution: "@babel/preset-flow@npm:7.29.7"
  dependencies:
    "@babel/helper-plugin-utils": "npm:^7.29.7"
    "@babel/helper-validator-option": "npm:^7.29.7"
    "@babel/plugin-transform-flow-strip-types": "npm:^7.29.7"
  peerDependencies:
    "@babel/core": ^7.0.0-0
  checksum: 10/562fe8494d7e8e3a894cb9b1213acdc418b42d54f0fe316e97192bb235c8dfe7cde58d351057b9f7896bdc5ff42b605863c00cf6df952d5789cf3d865ab723ba
  languageName: node
  linkType: hard

"root-workspace-0b6124@workspace:.":
  version: 0.0.0-use.local
  resolution: "root-workspace-0b6124@workspace:."
  dependencies:
    "@babel/preset-flow": "npm:^7.0.0"
  languageName: unknown
  linkType: soft
