# This file is generated by running "yarn install" inside your project.
# Manual changes might be lost - proceed with caution!

__metadata:
  version: 4
  cacheKey: 7

"@babel/helper-plugin-utils@npm:^7.10.4":
  version: 7.10.4
  resolution: "@babel/helper-plugin-utils@npm:7.10.4"
  checksum: 9f617e619a3557cb5fae8885e91cd94ba4ee16fb345e0360de0d7dc037efb10cc604939ecc1038ccdb71aa37e7e78f20133d7bbbebecb8f6dcdb557650366d92
  languageName: node
  linkType: hard

"@babel/plugin-syntax-flow@npm:^7.12.1":
  version: 7.12.1
  resolution: "@babel/plugin-syntax-flow@npm:7.12.1"
  dependencies:
    "@babel/helper-plugin-utils": ^7.10.4
  peerDependencies:
    "@babel/core": ^7.0.0-0
  checksum: a73ff1564c89e10f90c18300083db59b0367436aa234f2e9de2c77c538db2ea7666ba565b788f969d00d1f234881e4231d9deea5346100dbe970fbb7eb4af7fd
  languageName: node
  linkType: hard

"@babel/plugin-transform-flow-strip-types@npm:^7.12.1":
  version: 7.12.1
  resolution: "@babel/plugin-transform-flow-strip-types@npm:7.12.1"
  dependencies:
    "@babel/helper-plugin-utils": ^7.10.4
    "@babel/plugin-syntax-flow": ^7.12.1
  peerDependencies:
    "@babel/core": ^7.0.0-0
  checksum: 0c69d33f8a6b56c8643ed3bd9b0a117176a6b08d40ce0faf21782c57f4f1402e7e53e460dc6d114a9e48a248cbd0e07f8318e44a32f8d6217a5f3517d0f5f417
  languageName: node
  linkType: hard

"@babel/preset-flow@npm:^7.0.0":
  version: 7.12.1
  resolution: "@babel/preset-flow@npm:7.12.1"
  dependencies:
    "@babel/helper-plugin-utils": ^7.10.4
    "@babel/plugin-transform-flow-strip-types": ^7.12.1
  peerDependencies:
    "@babel/core": ^7.0.0-0
  checksum: 66f6b0f2af4b1d2e3d8253085bac81829917d2d8032267523d61bbad00759a08bf47792f686d1ec1aa4184f1b8179bddfe7e6bd49bdea443548dae5874f8ee6d
  languageName: node
  linkType: hard

"root-workspace-0b6124@workspace:.":
  version: 0.0.0-use.local
  resolution: "root-workspace-0b6124@workspace:."
  dependencies:
    "@babel/preset-flow": ^7.0.0
  languageName: unknown
  linkType: soft
