# This file is generated by running "yarn install" inside your project.
# Manual changes might be lost - proceed with caution!

__metadata:
  version: 6
  cacheKey: 8

"root-workspace-0b6124@workspace:.":
  version: 0.0.0-use.local
  resolution: "root-workspace-0b6124@workspace:."
  dependencies:
    typescript: ^5.0.0
  languageName: unknown
  linkType: soft

"typescript@npm:^5.0.0":
  version: 5.1.6
  resolution: "typescript@npm:5.1.6"
  bin:
    tsc: bin/tsc
    tsserver: bin/tsserver
  checksum: b2f2c35096035fe1f5facd1e38922ccb8558996331405eb00a5111cc948b2e733163cc22fab5db46992aba7dd520fff637f2c1df4996ff0e134e77d3249a7350
  languageName: node
  linkType: hard

"typescript@patch:typescript@^5.0.0#~builtin<compat/typescript>":
  version: 5.1.6
  resolution: "typescript@patch:typescript@npm%3A5.1.6#~builtin<compat/typescript>::version=5.1.6&hash=5da071"
  bin:
    tsc: bin/tsc
    tsserver: bin/tsserver
  checksum: f53bfe97f7c8b2b6d23cf572750d4e7d1e0c5fff1c36d859d0ec84556a827b8785077bc27676bf7e71fae538e517c3ecc0f37e7f593be913d884805d931bc8be
  languageName: node
  linkType: hard
