# This file is generated by running "yarn install" inside your project.
# Manual changes might be lost - proceed with caution!

__metadata:
  version: 8
  cacheKey: 10

"@babel/helper-plugin-utils@npm:^7.27.1":
  version: 7.27.1
  resolution: "@babel/helper-plugin-utils@npm:7.27.1"
  checksum: 10/96136c2428888e620e2ec493c25888f9ceb4a21099dcf3dd4508ea64b58cdedbd5a9fb6c7b352546de84d6c24edafe482318646932a22c449ebd16d16c22d864
  languageName: node
  linkType: hard

"@babel/plugin-proposal-explicit-resource-management@npm:^7.23.9":
  version: 7.27.1
  resolution: "@babel/plugin-proposal-explicit-resource-management@npm:7.27.1"
  dependencies:
    "@babel/helper-plugin-utils": "npm:^7.27.1"
  peerDependencies:
    "@babel/core": ^7.0.0-0
  checksum: 10/5844b9455a281c94426164ac331a589f56a2e95541cd74b8c5494049c10932e1cb607c92223cf9e8d9f22639e017d563767adab0b7012facff2e845dd3c5069c
  languageName: node
  linkType: hard

"root-workspace-0b6124@workspace:.":
  version: 0.0.0-use.local
  resolution: "root-workspace-0b6124@workspace:."
  dependencies:
    "@babel/plugin-proposal-explicit-resource-management": "npm:^7.23.9"
  languageName: unknown
  linkType: soft
