# This file is generated by running "yarn install" inside your project.
# Manual changes might be lost - proceed with caution!

__metadata:
  version: 10
  cacheKey: 10

"@babel/code-frame@npm:^7.29.7":
  version: 7.29.7
  resolution: "@babel/code-frame@npm:7.29.7"
  dependencies:
    "@babel/helper-validator-identifier": "npm:^7.29.7"
    js-tokens: "npm:^4.0.0"
    picocolors: "npm:^1.1.1"
  checksum: 10/84da552e51a55795a50b3589116edb2f9e368a647d266380683775f18effd9acd4521b0246bebd0b049a7f32af1f87b1e8475d3bcb665f876bd04ade8da99697
  languageName: node
  linkType: hard

"@babel/generator@npm:^7.29.7":
  version: 7.29.7
  resolution: "@babel/generator@npm:7.29.7"
  dependencies:
    "@babel/parser": "npm:^7.29.7"
    "@babel/types": "npm:^7.29.7"
    "@jridgewell/gen-mapping": "npm:^0.3.12"
    "@jridgewell/trace-mapping": "npm:^0.3.28"
    jsesc: "npm:^3.0.2"
  checksum: 10/60fb0432ebeab791b2d68e5fc49da6f8e8b68bcc4751211ccf08ac0101e9dcaddefd0cbbbd488afb1c1517515c7c3e76f63d9b05d06deaeb008afd499488db9c
  languageName: node
  linkType: hard

"@babel/helper-globals@npm:^7.29.7":
  version: 7.29.7
  resolution: "@babel/helper-globals@npm:7.29.7"
  checksum: 10/e53203e87ae24a45f59639edea0c429bc3c63c6d74f1862fe60a35032d89478e7511d2f34855da0fcb65782668d72e59e93d1de5bc00121ba9bc1aa38f1f0ad3
  languageName: node
  linkType: hard

"@babel/helper-plugin-utils@npm:^7.29.7":
  version: 7.29.7
  resolution: "@babel/helper-plugin-utils@npm:7.29.7"
  checksum: 10/6d16929fe5c792bbc8e4d67e18d7c1be69d2f18992deaa3d94dc26541fec662e83cbeeaf7553c6867d068eb7aed4e0d5e3e137c1dd4d5bcfa286f8d772f1f457
  languageName: node
  linkType: hard

"@babel/helper-string-parser@npm:^7.29.7":
  version: 7.29.7
  resolution: "@babel/helper-string-parser@npm:7.29.7"
  checksum: 10/4d8ef0ef7105f3d9fe4361137c8f42e5b4c7a52b5380b962762f2a528a1ba89064e2c6236090716ce34b63707b886ae0ebf36b2c2fcc2851f27e652febfc3648
  languageName: node
  linkType: hard

"@babel/helper-validator-identifier@npm:^7.29.7":
  version: 7.29.7
  resolution: "@babel/helper-validator-identifier@npm:7.29.7"
  checksum: 10/2efa42701eb05babf26dff3332109c9e5e1a3400a71fb9e68ee27af28235036a2a72c2494c04bdab3f909075f42a58b2e8271074372bc7f8e79ec02bd364d7a7
  languageName: node
  linkType: hard

"@babel/parser@npm:^7.29.7":
  version: 7.29.7
  resolution: "@babel/parser@npm:7.29.7"
  dependencies:
    "@babel/types": "npm:^7.29.7"
  bin:
    parser: ./bin/babel-parser.js
  checksum: 10/da40c5928c95997b01aabe84fc3440881b8f20b866714fefa142961d37e82ffc03fbb9afed706f15f8a688278f95286ca0cea0d87ad6c77600f8c6c45d9824ee
  languageName: node
  linkType: hard

"@babel/plugin-transform-destructuring@npm:^7.29.7":
  version: 7.29.7
  resolution: "@babel/plugin-transform-destructuring@npm:7.29.7"
  dependencies:
    "@babel/helper-plugin-utils": "npm:^7.29.7"
    "@babel/traverse": "npm:^7.29.7"
  peerDependencies:
    "@babel/core": ^7.0.0-0
  checksum: 10/e53caad0c2d523367724aefcc6b8c8df24fcb1a3f53e9899cb4bb5dc39ccf61e30df0a761d74485a895d9bcaaad49644879cbd3a9fc20c90501a5e831caaac5b
  languageName: node
  linkType: hard

"@babel/plugin-transform-explicit-resource-management@npm:^7.28.6":
  version: 7.29.7
  resolution: "@babel/plugin-transform-explicit-resource-management@npm:7.29.7"
  dependencies:
    "@babel/helper-plugin-utils": "npm:^7.29.7"
    "@babel/plugin-transform-destructuring": "npm:^7.29.7"
  peerDependencies:
    "@babel/core": ^7.0.0-0
  checksum: 10/a4ea28a18161a7e8c8f33731cb3dfc6981cb089b9a6b57abfa7ff7579a0ca76a4c19c29ebaf775b037ff31503c74c6cf3687ce86cdaa246d1c60afb5abd820df
  languageName: node
  linkType: hard

"@babel/template@npm:^7.29.7":
  version: 7.29.7
  resolution: "@babel/template@npm:7.29.7"
  dependencies:
    "@babel/code-frame": "npm:^7.29.7"
    "@babel/parser": "npm:^7.29.7"
    "@babel/types": "npm:^7.29.7"
  checksum: 10/da92f7a5b61e05d2fb3934a44f18cec6006ee3c595116c17a3b44cb9756ecd43205c7360dbfa326fa8f4d00aaeb9e777342a881070d11c2305e9c694bc3ca6ff
  languageName: node
  linkType: hard

"@babel/traverse@npm:^7.29.7":
  version: 7.29.7
  resolution: "@babel/traverse@npm:7.29.7"
  dependencies:
    "@babel/code-frame": "npm:^7.29.7"
    "@babel/generator": "npm:^7.29.7"
    "@babel/helper-globals": "npm:^7.29.7"
    "@babel/parser": "npm:^7.29.7"
    "@babel/template": "npm:^7.29.7"
    "@babel/types": "npm:^7.29.7"
    debug: "npm:^4.3.1"
  checksum: 10/ce24086a7dd8c408cbdb159437d3c8e02464a6d32b320d884fa742e2c5a3344b9342a923c7a371fc1789b4d82a59972a7008b5d8bbc1bc0c5ae42a39b28dc7f6
  languageName: node
  linkType: hard

"@babel/types@npm:^7.29.7":
  version: 7.29.7
  resolution: "@babel/types@npm:7.29.7"
  dependencies:
    "@babel/helper-string-parser": "npm:^7.29.7"
    "@babel/helper-validator-identifier": "npm:^7.29.7"
  checksum: 10/bd4f5635db1057bd0abeebf93eb3ae38399e152271cea8dce8288350f0afa13ed3e2db2e16e22bd3303068890eec18965a83420539afbe0dde31432b4cf9636d
  languageName: node
  linkType: hard

"@jridgewell/gen-mapping@npm:^0.3.12":
  version: 0.3.13
  resolution: "@jridgewell/gen-mapping@npm:0.3.13"
  dependencies:
    "@jridgewell/sourcemap-codec": "npm:^1.5.0"
    "@jridgewell/trace-mapping": "npm:^0.3.24"
  checksum: 10/902f8261dcf450b4af7b93f9656918e02eec80a2169e155000cb2059f90113dd98f3ccf6efc6072cee1dd84cac48cade51da236972d942babc40e4c23da4d62a
  languageName: node
  linkType: hard

"@jridgewell/resolve-uri@npm:^3.1.0":
  version: 3.1.2
  resolution: "@jridgewell/resolve-uri@npm:3.1.2"
  checksum: 10/97106439d750a409c22c8bff822d648f6a71f3aa9bc8e5129efdc36343cd3096ddc4eeb1c62d2fe48e9bdd4db37b05d4646a17114ecebd3bbcacfa2de51c3c1d
  languageName: node
  linkType: hard

"@jridgewell/sourcemap-codec@npm:^1.4.14, @jridgewell/sourcemap-codec@npm:^1.5.0":
  version: 1.5.5
  resolution: "@jridgewell/sourcemap-codec@npm:1.5.5"
  checksum: 10/5d9d207b462c11e322d71911e55e21a4e2772f71ffe8d6f1221b8eb5ae6774458c1d242f897fb0814e8714ca9a6b498abfa74dfe4f434493342902b1a48b33a5
  languageName: node
  linkType: hard

"@jridgewell/trace-mapping@npm:^0.3.24, @jridgewell/trace-mapping@npm:^0.3.28":
  version: 0.3.31
  resolution: "@jridgewell/trace-mapping@npm:0.3.31"
  dependencies:
    "@jridgewell/resolve-uri": "npm:^3.1.0"
    "@jridgewell/sourcemap-codec": "npm:^1.4.14"
  checksum: 10/da0283270e691bdb5543806077548532791608e52386cfbbf3b9e8fb00457859d1bd01d512851161c886eb3a2f3ce6fd9bcf25db8edf3bddedd275bd4a88d606
  languageName: node
  linkType: hard

"debug@npm:^4.3.1":
  version: 4.4.3
  resolution: "debug@npm:4.4.3"
  dependencies:
    ms: "npm:^2.1.3"
  peerDependenciesMeta:
    supports-color:
      optional: true
  checksum: 10/9ada3434ea2993800bd9a1e320bd4aa7af69659fb51cca685d390949434bc0a8873c21ed7c9b852af6f2455a55c6d050aa3937d52b3c69f796dab666f762acad
  languageName: node
  linkType: hard

"js-tokens@npm:^4.0.0":
  version: 4.0.0
  resolution: "js-tokens@npm:4.0.0"
  checksum: 10/af37d0d913fb56aec6dc0074c163cc71cd23c0b8aad5c2350747b6721d37ba118af35abdd8b33c47ec2800de07dedb16a527ca9c530ee004093e04958bd0cbf2
  languageName: node
  linkType: hard

"jsesc@npm:^3.0.2":
  version: 3.1.0
  resolution: "jsesc@npm:3.1.0"
  bin:
    jsesc: bin/jsesc
  checksum: 10/20bd37a142eca5d1794f354db8f1c9aeb54d85e1f5c247b371de05d23a9751ecd7bd3a9c4fc5298ea6fa09a100dafb4190fa5c98c6610b75952c3487f3ce7967
  languageName: node
  linkType: hard

"ms@npm:^2.1.3":
  version: 2.1.3
  resolution: "ms@npm:2.1.3"
  checksum: 10/aa92de608021b242401676e35cfa5aa42dd70cbdc082b916da7fb925c542173e36bce97ea3e804923fe92c0ad991434e4a38327e15a1b5b5f945d66df615ae6d
  languageName: node
  linkType: hard

"picocolors@npm:^1.1.1":
  version: 1.1.1
  resolution: "picocolors@npm:1.1.1"
  checksum: 10/e1cf46bf84886c79055fdfa9dcb3e4711ad259949e3565154b004b260cd356c5d54b31a1437ce9782624bf766272fe6b0154f5f0c744fb7af5d454d2b60db045
  languageName: node
  linkType: hard

"root-workspace-0b6124@workspace:.":
  version: 0.0.0-use.local
  resolution: "root-workspace-0b6124@workspace:."
  dependencies:
    "@babel/plugin-transform-explicit-resource-management": "npm:^7.28.6"
  languageName: unknown
  linkType: soft
