# This file is generated by running "yarn install" inside your project.
# Manual changes might be lost - proceed with caution!

__metadata:
  version: 4
  cacheKey: 7

"resolve.exports@npm:^1.1.0":
  version: 1.1.0
  resolution: "resolve.exports@npm:1.1.0"
  checksum: d04d2ce651fac14fe6ba13b377690f790cbbe91e6211b8fbec97ee08282e278875c74073a9b6243143a64e33d95eefb479e1dd4965664edc73b28b712100b36c
  languageName: node
  linkType: hard

"root-workspace-0b6124@workspace:.":
  version: 0.0.0-use.local
  resolution: "root-workspace-0b6124@workspace:."
  dependencies:
    resolve.exports: ^1.1.0
  languageName: unknown
  linkType: soft
