# This file is generated by running "yarn install" inside your project.
# Manual changes might be lost - proceed with caution!

__metadata:
  version: 4
  cacheKey: 7

"resolve.exports@npm:^1.0.2":
  version: 1.0.2
  resolution: "resolve.exports@npm:1.0.2"
  checksum: 012a46e3ae41c53762abf5b50ea1b4adf2de617bbea1dbc7bf6e609c1ceaedee7782acbc92d443951d5dd0c3a8fb1090ce73285a9ccc24b530e33b5e09ae196f
  languageName: node
  linkType: hard

"root-workspace-0b6124@workspace:.":
  version: 0.0.0-use.local
  resolution: "root-workspace-0b6124@workspace:."
  dependencies:
    resolve.exports: ^1.0.2
  languageName: unknown
  linkType: soft
