# This file is generated by running "yarn install" inside your project.
# Manual changes might be lost - proceed with caution!

__metadata:
  version: 10
  cacheKey: 10

"prettier@npm:^3.0.0":
  version: 3.9.6
  resolution: "prettier@npm:3.9.6"
  bin:
    prettier: bin/prettier.cjs
  checksum: 10/1dd1a1e0e40ec3b91cda9d294c4a95022aef61880ca3f441aad99b1252279f58a766c4cece81132c01550dcff1fd445efbd8812ea4a2374313e7fc6c8136f11f
  languageName: node
  linkType: hard

"root-workspace-0b6124@workspace:.":
  version: 0.0.0-use.local
  resolution: "root-workspace-0b6124@workspace:."
  dependencies:
    prettier: "npm:^3.0.0"
  languageName: unknown
  linkType: soft
