# This file is generated by running "yarn install" inside your project.
# Manual changes might be lost - proceed with caution!

__metadata:
  version: 9
  cacheKey: 10

"@asamuzakjp/css-color@npm:^5.1.11":
  version: 5.1.11
  resolution: "@asamuzakjp/css-color@npm:5.1.11"
  dependencies:
    "@asamuzakjp/generational-cache": "npm:^1.0.1"
    "@csstools/css-calc": "npm:^3.2.0"
    "@csstools/css-color-parser": "npm:^4.1.0"
    "@csstools/css-parser-algorithms": "npm:^4.0.0"
    "@csstools/css-tokenizer": "npm:^4.0.0"
  checksum: 10/2e337cc94b5a3f9741a27f92b4e4b7dc467a76b1dcf66c40e71808fed71695f10c8cf07c8b13313cbb637154314ca1d8626bb9a045fe94b404b242a390cf3bd3
  languageName: node
  linkType: hard

"@asamuzakjp/dom-selector@npm:^7.1.1":
  version: 7.1.1
  resolution: "@asamuzakjp/dom-selector@npm:7.1.1"
  dependencies:
    "@asamuzakjp/generational-cache": "npm:^1.0.1"
    "@asamuzakjp/nwsapi": "npm:^2.3.9"
    bidi-js: "npm:^1.0.3"
    css-tree: "npm:^3.2.1"
    is-potential-custom-element-name: "npm:^1.0.1"
  checksum: 10/49a065a64db5f53a3008c231d09606e4b67f509fa20148a67419451c2dc91a421202ed17bfc4bc679ad2f0432d7260720d602c1d5c9c5e165931fff5199c3f12
  languageName: node
  linkType: hard

"@asamuzakjp/generational-cache@npm:^1.0.1":
  version: 1.0.1
  resolution: "@asamuzakjp/generational-cache@npm:1.0.1"
  checksum: 10/e1cf3f1916a334c6153f624982f0eb3d50fa3048435ea5c5b0f441f8f1ab74a0fe992dac214b612d22c0acafad3cd1a1f6b45d99c7b6e3b63cfdf7f6ca5fc144
  languageName: node
  linkType: hard

"@asamuzakjp/nwsapi@npm:^2.3.9":
  version: 2.3.9
  resolution: "@asamuzakjp/nwsapi@npm:2.3.9"
  checksum: 10/95a6d1c102e1117fe818da087fcc5b914d23e0699855991bae50b891435dd1945ad7d384198f8bcf616207fd85b7ec32e3db6b96e9309d84c6903b8dc4151e34
  languageName: node
  linkType: hard

"@bramus/specificity@npm:^2.4.2":
  version: 2.4.2
  resolution: "@bramus/specificity@npm:2.4.2"
  dependencies:
    css-tree: "npm:^3.0.0"
  bin:
    specificity: bin/cli.js
  checksum: 10/4255ed6ff12f7db9ec3c21acfd0da2327d30ec29deb199345810cdcad992618f40039c5483eefeb665913bffbc80b690e9f1b954fbbbfa93480c6a22f9c3a69c
  languageName: node
  linkType: hard

"@csstools/color-helpers@npm:^6.0.2":
  version: 6.0.2
  resolution: "@csstools/color-helpers@npm:6.0.2"
  checksum: 10/c47a943e947d76980d0e1071027cb70481ac481968e744a05a7aea7ede9886f10d062b2e3691e03c115d97b053d4140c1ca28e24c1ffe2d21693e126de6522e9
  languageName: node
  linkType: hard

"@csstools/css-calc@npm:^3.2.0":
  version: 3.2.0
  resolution: "@csstools/css-calc@npm:3.2.0"
  peerDependencies:
    "@csstools/css-parser-algorithms": ^4.0.0
    "@csstools/css-tokenizer": ^4.0.0
  checksum: 10/7eec51a21945a74aa6a407d1e6290d0f4c5d01829a42c01a56ce2055216398540cc3120837b15a0db38601bcb40cf97f1d991fefb3ee9d00d9cec03d67beba4c
  languageName: node
  linkType: hard

"@csstools/css-color-parser@npm:^4.1.0":
  version: 4.1.0
  resolution: "@csstools/css-color-parser@npm:4.1.0"
  dependencies:
    "@csstools/color-helpers": "npm:^6.0.2"
    "@csstools/css-calc": "npm:^3.2.0"
  peerDependencies:
    "@csstools/css-parser-algorithms": ^4.0.0
    "@csstools/css-tokenizer": ^4.0.0
  checksum: 10/794508011a95ebac3856e67e0333ca4174604d2dfddc101d991f2ebfd52b3c99cd36a08462675c2a07d057ca3787187fcd7eac98bced2eefdd9040b37853426d
  languageName: node
  linkType: hard

"@csstools/css-parser-algorithms@npm:^4.0.0":
  version: 4.0.0
  resolution: "@csstools/css-parser-algorithms@npm:4.0.0"
  peerDependencies:
    "@csstools/css-tokenizer": ^4.0.0
  checksum: 10/000f3ba55f440d9fbece50714e88f9d4479e2bde9e0568333492663f2c6034dc31d0b9ef5d66d196c76be58eea145ca6920aa8bdfdcc6361894806c21b5402d0
  languageName: node
  linkType: hard

"@csstools/css-syntax-patches-for-csstree@npm:^1.1.3":
  version: 1.1.3
  resolution: "@csstools/css-syntax-patches-for-csstree@npm:1.1.3"
  peerDependencies:
    css-tree: ^3.2.1
  peerDependenciesMeta:
    css-tree:
      optional: true
  checksum: 10/1c91dc03b64ca913eed5064ca0e434da1c0be8def6ce20f932d1db10f9b478ac3830c99a033b0edf75954cf9164c7c267b220ed9faffbc3342bf320870c3bb4b
  languageName: node
  linkType: hard

"@csstools/css-tokenizer@npm:^4.0.0":
  version: 4.0.0
  resolution: "@csstools/css-tokenizer@npm:4.0.0"
  checksum: 10/074ade1a7fc3410b813c8982cf07a56814a55af509c533c2dc80d5689f34d2ba38219f8fa78fa36ea2adc6c5db506ea3c3a667388dda1b59b1281fdd2a2d1e28
  languageName: node
  linkType: hard

"@exodus/bytes@npm:^1.11.0, @exodus/bytes@npm:^1.15.0, @exodus/bytes@npm:^1.6.0":
  version: 1.15.0
  resolution: "@exodus/bytes@npm:1.15.0"
  peerDependencies:
    "@noble/hashes": ^1.8.0 || ^2.0.0
  peerDependenciesMeta:
    "@noble/hashes":
      optional: true
  checksum: 10/d18519341c354356b65b9ac64b8166880972d122feff4038a92c0e2d2c8579794429117a2bc636bca584e7bf2fdad6d27f0874b2647d4a866c125843497ef193
  languageName: node
  linkType: hard

"bidi-js@npm:^1.0.3":
  version: 1.0.3
  resolution: "bidi-js@npm:1.0.3"
  dependencies:
    require-from-string: "npm:^2.0.2"
  checksum: 10/c4341c7a98797efe3d186cd99d6f97e9030a4f959794ca200ef2ec0a678483a916335bba6c2c0608a21d04a221288a31c9fd0faa0cd9b3903b93594b42466a6a
  languageName: node
  linkType: hard

"css-tree@npm:^3.0.0, css-tree@npm:^3.2.1":
  version: 3.2.1
  resolution: "css-tree@npm:3.2.1"
  dependencies:
    mdn-data: "npm:2.27.1"
    source-map-js: "npm:^1.2.1"
  checksum: 10/9945b387bdec756738c34d64b8287f05ca6645f51d1c8abaaa5822ec3e74533604103aaad164b8100afd8495e92120be7c1c6afbe5be89f867acc5b456ddd79c
  languageName: node
  linkType: hard

"data-urls@npm:^7.0.0":
  version: 7.0.0
  resolution: "data-urls@npm:7.0.0"
  dependencies:
    whatwg-mimetype: "npm:^5.0.0"
    whatwg-url: "npm:^16.0.0"
  checksum: 10/60f88ded4306aea5d6251c4db100ca272fc026014004d68aad4db495397a73bb39d17a6bd29ed9ab348c88a28f6e97266a1759985df4e12dc8c02bb8544c7731
  languageName: node
  linkType: hard

"decimal.js@npm:^10.6.0":
  version: 10.6.0
  resolution: "decimal.js@npm:10.6.0"
  checksum: 10/c0d45842d47c311d11b38ce7ccc911121953d4df3ebb1465d92b31970eb4f6738a065426a06094af59bee4b0d64e42e7c8984abd57b6767c64ea90cf90bb4a69
  languageName: node
  linkType: hard

"entities@npm:^8.0.0":
  version: 8.0.0
  resolution: "entities@npm:8.0.0"
  checksum: 10/d6e2ba75e444fb101ee2fbb07c839e687306c8a509426b75186619c19196f97c1db9932ca083f823c03e4a20e7407b654aa34de8cbb7770468e20fb2d4573a0e
  languageName: node
  linkType: hard

"html-encoding-sniffer@npm:^6.0.0":
  version: 6.0.0
  resolution: "html-encoding-sniffer@npm:6.0.0"
  dependencies:
    "@exodus/bytes": "npm:^1.6.0"
  checksum: 10/97392e45d8aff57f180f62a1b12e62201c8451af68424b8bc3196f78e273891f2df285e5be43a3f28c7ba4badf9524ef305db65c4e4935a9e796afc86d9654b8
  languageName: node
  linkType: hard

"is-potential-custom-element-name@npm:^1.0.1":
  version: 1.0.1
  resolution: "is-potential-custom-element-name@npm:1.0.1"
  checksum: 10/ced7bbbb6433a5b684af581872afe0e1767e2d1146b2207ca0068a648fb5cab9d898495d1ac0583524faaf24ca98176a7d9876363097c2d14fee6dd324f3a1ab
  languageName: node
  linkType: hard

"jsdom@npm:^29.0.0":
  version: 29.1.1
  resolution: "jsdom@npm:29.1.1"
  dependencies:
    "@asamuzakjp/css-color": "npm:^5.1.11"
    "@asamuzakjp/dom-selector": "npm:^7.1.1"
    "@bramus/specificity": "npm:^2.4.2"
    "@csstools/css-syntax-patches-for-csstree": "npm:^1.1.3"
    "@exodus/bytes": "npm:^1.15.0"
    css-tree: "npm:^3.2.1"
    data-urls: "npm:^7.0.0"
    decimal.js: "npm:^10.6.0"
    html-encoding-sniffer: "npm:^6.0.0"
    is-potential-custom-element-name: "npm:^1.0.1"
    lru-cache: "npm:^11.3.5"
    parse5: "npm:^8.0.1"
    saxes: "npm:^6.0.0"
    symbol-tree: "npm:^3.2.4"
    tough-cookie: "npm:^6.0.1"
    undici: "npm:^7.25.0"
    w3c-xmlserializer: "npm:^5.0.0"
    webidl-conversions: "npm:^8.0.1"
    whatwg-mimetype: "npm:^5.0.0"
    whatwg-url: "npm:^16.0.1"
    xml-name-validator: "npm:^5.0.0"
  peerDependencies:
    canvas: ^3.0.0
  peerDependenciesMeta:
    canvas:
      optional: true
  checksum: 10/344aed7f91839b6c7d1b40778c5542d6ded7d42d88e1b787e10bf12d4ccd65464a5f23f774eb84350885c75a48efc99f6972adbb94dffe324a1b065d3650843c
  languageName: node
  linkType: hard

"lru-cache@npm:^11.3.5":
  version: 11.3.6
  resolution: "lru-cache@npm:11.3.6"
  checksum: 10/d69ab552776954c7d310a6b2843e7d6be3a1c36c0ce45fca373c225ce5a06b95fd4ed724305d9d15fa55aa24d3cd42f854aa061bc481241225b3accf32993eab
  languageName: node
  linkType: hard

"mdn-data@npm:2.27.1":
  version: 2.27.1
  resolution: "mdn-data@npm:2.27.1"
  checksum: 10/5046dc83a961b8ea82a5d6d8331d07df6b15faec61519ce2f83e49766702358e7e6af96413be977ff89080534be6762c1d5963b5dd1180c208a47c0a663226b2
  languageName: node
  linkType: hard

"parse5@npm:^8.0.1":
  version: 8.0.1
  resolution: "parse5@npm:8.0.1"
  dependencies:
    entities: "npm:^8.0.0"
  checksum: 10/671dedfe7cbf4714414317bc8c6b2a14c61ef44f8fd90c983b5b1870653af5aa2e3b4e25e38e9538a7120ea2b688c50908830da2bd0930d8fd4bce34aed024eb
  languageName: node
  linkType: hard

"punycode@npm:^2.3.1":
  version: 2.3.1
  resolution: "punycode@npm:2.3.1"
  checksum: 10/febdc4362bead22f9e2608ff0171713230b57aff9dddc1c273aa2a651fbd366f94b7d6a71d78342a7c0819906750351ca7f2edd26ea41b626d87d6a13d1bd059
  languageName: node
  linkType: hard

"require-from-string@npm:^2.0.2":
  version: 2.0.2
  resolution: "require-from-string@npm:2.0.2"
  checksum: 10/839a3a890102a658f4cb3e7b2aa13a1f80a3a976b512020c3d1efc418491c48a886b6e481ea56afc6c4cb5eef678f23b2a4e70575e7534eccadf5e30ed2e56eb
  languageName: node
  linkType: hard

"root-workspace-0b6124@workspace:.":
  version: 0.0.0-use.local
  resolution: "root-workspace-0b6124@workspace:."
  dependencies:
    jsdom: "npm:^29.0.0"
  languageName: unknown
  linkType: soft

"saxes@npm:^6.0.0":
  version: 6.0.0
  resolution: "saxes@npm:6.0.0"
  dependencies:
    xmlchars: "npm:^2.2.0"
  checksum: 10/97b50daf6ca3a153e89842efa18a862e446248296622b7473c169c84c823ee8a16e4a43bac2f73f11fc8cb9168c73fbb0d73340f26552bac17970e9052367aa9
  languageName: node
  linkType: hard

"source-map-js@npm:^1.2.1":
  version: 1.2.1
  resolution: "source-map-js@npm:1.2.1"
  checksum: 10/ff9d8c8bf096d534a5b7707e0382ef827b4dd360a577d3f34d2b9f48e12c9d230b5747974ee7c607f0df65113732711bb701fe9ece3c7edbd43cb2294d707df3
  languageName: node
  linkType: hard

"symbol-tree@npm:^3.2.4":
  version: 3.2.4
  resolution: "symbol-tree@npm:3.2.4"
  checksum: 10/c09a00aadf279d47d0c5c46ca3b6b2fbaeb45f0a184976d599637d412d3a70bbdc043ff33effe1206dea0e36e0ad226cb957112e7ce9a4bf2daedf7fa4f85c53
  languageName: node
  linkType: hard

"tldts-core@npm:^7.0.15":
  version: 7.0.15
  resolution: "tldts-core@npm:7.0.15"
  checksum: 10/91d265fd1ae67ce34de40ba91463ac1ca9fd564e99e0402e1851de149a3b8e030d785041314a17817537b7499ceb534ee214a565c6f748df8d86aa698d169336
  languageName: node
  linkType: hard

"tldts@npm:^7.0.5":
  version: 7.0.15
  resolution: "tldts@npm:7.0.15"
  dependencies:
    tldts-core: "npm:^7.0.15"
  bin:
    tldts: bin/cli.js
  checksum: 10/184cb9307f5eeefacdf35ff4e243f50764e47b97a732a2385c8a0aa997fa15ee0b757ac977a11ef4617f44046e362240084b88eb9dcc57805ad8bb414ab44487
  languageName: node
  linkType: hard

"tough-cookie@npm:^6.0.1":
  version: 6.0.1
  resolution: "tough-cookie@npm:6.0.1"
  dependencies:
    tldts: "npm:^7.0.5"
  checksum: 10/915b1167e0630598eb0644e8bc089ddc28a23bf05f3c329a4a0d879c6b9801a2603be65acb06b5d2dd0f589cabb06bb638837f8222dd82a7023655f07269451a
  languageName: node
  linkType: hard

"tr46@npm:^6.0.0":
  version: 6.0.0
  resolution: "tr46@npm:6.0.0"
  dependencies:
    punycode: "npm:^2.3.1"
  checksum: 10/e6d402eb2b780a40042f327f77b4ae316da1d2b18a29c16e48c239f5267c6005bbf780f854179cfae62b02dfaa70b0e9aad8f0078ccc4225f5b3b3b131928e8f
  languageName: node
  linkType: hard

"undici@npm:^7.25.0":
  version: 7.25.0
  resolution: "undici@npm:7.25.0"
  checksum: 10/038d3568c72bb976e3cc389284f7f1cc64cd70d578300e4676a449fbcb624a35fe99ac127b5f3729f18b8246d6c090444ab61b1b67736bb88f52a3e913d76bf8
  languageName: node
  linkType: hard

"w3c-xmlserializer@npm:^5.0.0":
  version: 5.0.0
  resolution: "w3c-xmlserializer@npm:5.0.0"
  dependencies:
    xml-name-validator: "npm:^5.0.0"
  checksum: 10/d78f59e6b4f924aa53b6dfc56949959229cae7fe05ea9374eb38d11edcec01398b7f5d7a12576bd5acc57ff446abb5c9115cd83b9d882555015437cf858d42f0
  languageName: node
  linkType: hard

"webidl-conversions@npm:^8.0.1":
  version: 8.0.1
  resolution: "webidl-conversions@npm:8.0.1"
  checksum: 10/0f7007311f1fc257a8e406dd236f13b61fb57cf0fddb476aec33457d2d0add2d012d6df0eeb00934399238e3f3b9dad30f59dc6ac83024ae0ebd5a518bf365e8
  languageName: node
  linkType: hard

"whatwg-mimetype@npm:^5.0.0":
  version: 5.0.0
  resolution: "whatwg-mimetype@npm:5.0.0"
  checksum: 10/a2d5da445f671ed34010b45283ffb9ba3c68c695b8ec91f7400cfc9149c35eb2bc47bd2c39bbe8e026786b955ace03402ba2e5cfde4955434a3ec3c511a85d0a
  languageName: node
  linkType: hard

"whatwg-url@npm:^16.0.0, whatwg-url@npm:^16.0.1":
  version: 16.0.1
  resolution: "whatwg-url@npm:16.0.1"
  dependencies:
    "@exodus/bytes": "npm:^1.11.0"
    tr46: "npm:^6.0.0"
    webidl-conversions: "npm:^8.0.1"
  checksum: 10/221cc15ef89288dc1fafdb409352c62ab12ba9ff7f0753e925d8799c87b20371f3bc762dc0a8a5b9c23cddc4b1860537fc6c1bcc9d816ace9b3d3c47212cd163
  languageName: node
  linkType: hard

"xml-name-validator@npm:^5.0.0":
  version: 5.0.0
  resolution: "xml-name-validator@npm:5.0.0"
  checksum: 10/43f30f3f6786e406dd665acf08cd742d5f8a46486bd72517edb04b27d1bcd1599664c2a4a99fc3f1e56a3194bff588b12f178b7972bc45c8047bdc4c3ac8d4a1
  languageName: node
  linkType: hard

"xmlchars@npm:^2.2.0":
  version: 2.2.0
  resolution: "xmlchars@npm:2.2.0"
  checksum: 10/4ad5924974efd004a47cce6acf5c0269aee0e62f9a805a426db3337af7bcbd331099df174b024ace4fb18971b8a56de386d2e73a1c4b020e3abd63a4a9b917f1
  languageName: node
  linkType: hard
