# This file is generated by running "yarn install" inside your project.
# Manual changes might be lost - proceed with caution!

__metadata:
  version: 4
  cacheKey: 6

"commander@npm:~2.20.3":
  version: 2.20.3
  resolution: "commander@npm:2.20.3"
  checksum: b73428e97de7624323f81ba13f8ed9271de487017432d18b4da3f07cfc528ad754bbd199004bd5d14e0ccd67d1fdfe0ec8dbbd4c438b401df3c4cc387bfd1daa
  languageName: node
  linkType: hard

"handlebars@npm:^4.7.3":
  version: 4.7.6
  resolution: "handlebars@npm:4.7.6"
  dependencies:
    minimist: ^1.2.5
    neo-async: ^2.6.0
    source-map: ^0.6.1
    uglify-js: ^3.1.4
    wordwrap: ^1.0.0
  dependenciesMeta:
    uglify-js:
      optional: true
  bin:
    handlebars: bin/handlebars
  checksum: 50276715da3e410f1d485635029b77e09b8c9244d9e49119d5f39ed978a3d44ce94f5d6120efeb707da0ba9dd0cddf140d8d2ac160721d93aa9f4234474ad318
  languageName: node
  linkType: hard

"minimist@npm:^1.2.5":
  version: 1.2.5
  resolution: "minimist@npm:1.2.5"
  checksum: b77b8590147a4e217ff34266236bc39de23b52e6e33054076991ff674c7397a1380a7bde11111916f16f003a94aaa7e4f3d92595a32189644ff607fabc65a5b6
  languageName: node
  linkType: hard

"neo-async@npm:^2.6.0":
  version: 2.6.1
  resolution: "neo-async@npm:2.6.1"
  checksum: b359ccaa5cc3eea9c49605b830382e2ec7661f1746b7210dc1f997645a40f9daf3084328151ecb21800e0e78d891dbf8d46f70c3cb5e8c5dab8a909b5597f9a1
  languageName: node
  linkType: hard

"root-workspace-0b6124@workspace:.":
  version: 0.0.0-use.local
  resolution: "root-workspace-0b6124@workspace:."
  dependencies:
    handlebars: ^4.7.3
    source-map: ^0.6.1
  languageName: unknown
  linkType: soft

"source-map@npm:^0.6.1, source-map@npm:~0.6.1":
  version: 0.6.1
  resolution: "source-map@npm:0.6.1"
  checksum: 8647829a0611724114022be455ca1c8a2c8ae61df81c5b3667d9b398207226a1e21174fb7bbf0b4dbeb27ac358222afb5a14f1c74a62a62b8883b012e5eb1270
  languageName: node
  linkType: hard

"uglify-js@npm:^3.1.4":
  version: 3.8.1
  resolution: "uglify-js@npm:3.8.1"
  dependencies:
    commander: ~2.20.3
    source-map: ~0.6.1
  bin:
    uglifyjs: bin/uglifyjs
  checksum: 5d01ab62dbd50e755bb88fdc6d9aaa7abffd15c3788c16af0c65cb1b07619fcedbe2d1120f0b32c65b67934b9de7c654e94629c1205049d2820d22e402eecbc8
  languageName: node
  linkType: hard

"wordwrap@npm:^1.0.0":
  version: 1.0.0
  resolution: "wordwrap@npm:1.0.0"
  checksum: b4f3f8104a727d1b08e77f43f3692977146f13074392747a3d9cfd631d0fc3ff1c0c034d44fcd7a22183c6505d2fc305421e3512671f8a56f903055671ace4ce
  languageName: node
  linkType: hard
