# This file is generated by running "yarn install" inside your project.
# Manual changes might be lost - proceed with caution!

__metadata:
  version: 8
  cacheKey: 10

"@jridgewell/build-mapping@npm:^0.2.0":
  version: 0.2.1
  resolution: "@jridgewell/build-mapping@npm:0.2.1"
  dependencies:
    "@jridgewell/trace-mapping": "npm:^0.3.25"
  checksum: 10/64ccf33e066a5687f2371c863387d31178e816cdc808d28575928c6183da47c465f19016cd14f0e96d2030a93db8a638a162d9eb9e490650eccc22540ed23269
  languageName: node
  linkType: hard

"@jridgewell/resolve-uri@npm:^3.1.0":
  version: 3.1.2
  resolution: "@jridgewell/resolve-uri@npm:3.1.2"
  checksum: 10/97106439d750a409c22c8bff822d648f6a71f3aa9bc8e5129efdc36343cd3096ddc4eeb1c62d2fe48e9bdd4db37b05d4646a17114ecebd3bbcacfa2de51c3c1d
  languageName: node
  linkType: hard

"@jridgewell/sourcemap-codec@npm:^1.4.14":
  version: 1.5.0
  resolution: "@jridgewell/sourcemap-codec@npm:1.5.0"
  checksum: 10/4ed6123217569a1484419ac53f6ea0d9f3b57e5b57ab30d7c267bdb27792a27eb0e4b08e84a2680aa55cc2f2b411ffd6ec3db01c44fdc6dc43aca4b55f8374fd
  languageName: node
  linkType: hard

"@jridgewell/trace-mapping@npm:^0.3.25":
  version: 0.3.25
  resolution: "@jridgewell/trace-mapping@npm:0.3.25"
  dependencies:
    "@jridgewell/resolve-uri": "npm:^3.1.0"
    "@jridgewell/sourcemap-codec": "npm:^1.4.14"
  checksum: 10/dced32160a44b49d531b80a4a2159dceab6b3ddf0c8e95a0deae4b0e894b172defa63d5ac52a19c2068e1fe7d31ea4ba931fbeec103233ecb4208953967120fc
  languageName: node
  linkType: hard

"handlebars@npm:^4.7.3":
  version: 4.7.8
  resolution: "handlebars@npm:4.7.8"
  dependencies:
    minimist: "npm:^1.2.5"
    neo-async: "npm:^2.6.2"
    source-map: "npm:^0.6.1"
    uglify-js: "npm:^3.1.4"
    wordwrap: "npm:^1.0.0"
  dependenciesMeta:
    uglify-js:
      optional: true
  bin:
    handlebars: bin/handlebars
  checksum: 10/bd528f4dd150adf67f3f857118ef0fa43ff79a153b1d943fa0a770f2599e38b25a7a0dbac1a3611a4ec86970fd2325a81310fb788b5c892308c9f8743bd02e11
  languageName: node
  linkType: hard

"minimist@npm:^1.2.5":
  version: 1.2.8
  resolution: "minimist@npm:1.2.8"
  checksum: 10/908491b6cc15a6c440ba5b22780a0ba89b9810e1aea684e253e43c4e3b8d56ec1dcdd7ea96dde119c29df59c936cde16062159eae4225c691e19c70b432b6e6f
  languageName: node
  linkType: hard

"neo-async@npm:^2.6.2":
  version: 2.6.2
  resolution: "neo-async@npm:2.6.2"
  checksum: 10/1a7948fea86f2b33ec766bc899c88796a51ba76a4afc9026764aedc6e7cde692a09067031e4a1bf6db4f978ccd99e7f5b6c03fe47ad9865c3d4f99050d67e002
  languageName: node
  linkType: hard

"root-workspace-0b6124@workspace:.":
  version: 0.0.0-use.local
  resolution: "root-workspace-0b6124@workspace:."
  dependencies:
    "@jridgewell/build-mapping": "npm:^0.2.0"
    handlebars: "npm:^4.7.3"
    string-dedent: "npm:^3.0.1"
  languageName: unknown
  linkType: soft

"source-map@npm:^0.6.1":
  version: 0.6.1
  resolution: "source-map@npm:0.6.1"
  checksum: 10/59ef7462f1c29d502b3057e822cdbdae0b0e565302c4dd1a95e11e793d8d9d62006cdc10e0fd99163ca33ff2071360cf50ee13f90440806e7ed57d81cba2f7ff
  languageName: node
  linkType: hard

"string-dedent@npm:^3.0.1":
  version: 3.0.1
  resolution: "string-dedent@npm:3.0.1"
  checksum: 10/18c5dcc547fdaf26f89e9424423dcc188539c7286b21d67ce1ce040241d2c14d35d0933e460c29093536c6aed9f056c0fbb3e76deda06d8c7fce7cd3d47a84f8
  languageName: node
  linkType: hard

"uglify-js@npm:^3.1.4":
  version: 3.19.3
  resolution: "uglify-js@npm:3.19.3"
  bin:
    uglifyjs: bin/uglifyjs
  checksum: 10/6b9639c1985d24580b01bb0ab68e78de310d38eeba7db45bec7850ab4093d8ee464d80ccfaceda9c68d1c366efbee28573b52f95e69ac792354c145acd380b11
  languageName: node
  linkType: hard

"wordwrap@npm:^1.0.0":
  version: 1.0.0
  resolution: "wordwrap@npm:1.0.0"
  checksum: 10/497d40beb2bdb08e6d38754faa17ce20b0bf1306327f80cb777927edb23f461ee1f6bc659b3c3c93f26b08e1cf4b46acc5bae8fda1f0be3b5ab9a1a0211034cd
  languageName: node
  linkType: hard
