# This file is generated by running "yarn install" inside your project.
# Manual changes might be lost - proceed with caution!

__metadata:
  version: 6
  cacheKey: 8

"handlebars@npm:^4.7.3":
  version: 4.7.7
  resolution: "handlebars@npm:4.7.7"
  dependencies:
    minimist: ^1.2.5
    neo-async: ^2.6.0
    source-map: ^0.6.1
    uglify-js: ^3.1.4
    wordwrap: ^1.0.0
  dependenciesMeta:
    uglify-js:
      optional: true
  bin:
    handlebars: bin/handlebars
  checksum: 1e79a43f5e18d15742977cb987923eab3e2a8f44f2d9d340982bcb69e1735ed049226e534d7c1074eaddaf37e4fb4f471a8adb71cddd5bc8cf3f894241df5cee
  languageName: node
  linkType: hard

"minimist@npm:^1.2.5":
  version: 1.2.8
  resolution: "minimist@npm:1.2.8"
  checksum: 75a6d645fb122dad29c06a7597bddea977258957ed88d7a6df59b5cd3fe4a527e253e9bbf2e783e4b73657f9098b96a5fe96ab8a113655d4109108577ecf85b0
  languageName: node
  linkType: hard

"neo-async@npm:^2.6.0":
  version: 2.6.2
  resolution: "neo-async@npm:2.6.2"
  checksum: deac9f8d00eda7b2e5cd1b2549e26e10a0faa70adaa6fdadca701cc55f49ee9018e427f424bac0c790b7c7e2d3068db97f3093f1093975f2acb8f8818b936ed9
  languageName: node
  linkType: hard

"root-workspace-0b6124@workspace:.":
  version: 0.0.0-use.local
  resolution: "root-workspace-0b6124@workspace:."
  dependencies:
    handlebars: ^4.7.3
    source-map: ^0.6.1
  languageName: unknown
  linkType: soft

"source-map@npm:^0.6.1":
  version: 0.6.1
  resolution: "source-map@npm:0.6.1"
  checksum: 59ce8640cf3f3124f64ac289012c2b8bd377c238e316fb323ea22fbfe83da07d81e000071d7242cad7a23cd91c7de98e4df8830ec3f133cb6133a5f6e9f67bc2
  languageName: node
  linkType: hard

"uglify-js@npm:^3.1.4":
  version: 3.17.4
  resolution: "uglify-js@npm:3.17.4"
  bin:
    uglifyjs: bin/uglifyjs
  checksum: 7b3897df38b6fc7d7d9f4dcd658599d81aa2b1fb0d074829dd4e5290f7318dbca1f4af2f45acb833b95b1fe0ed4698662ab61b87e94328eb4c0a0d3435baf924
  languageName: node
  linkType: hard

"wordwrap@npm:^1.0.0":
  version: 1.0.0
  resolution: "wordwrap@npm:1.0.0"
  checksum: 2a44b2788165d0a3de71fd517d4880a8e20ea3a82c080ce46e294f0b68b69a2e49cff5f99c600e275c698a90d12c5ea32aff06c311f0db2eb3f1201f3e7b2a04
  languageName: node
  linkType: hard
