# This file is generated by running "yarn install" inside your project.
# Manual changes might be lost - proceed with caution!

__metadata:
  version: 4
  cacheKey: 7

"root-workspace-0b6124@workspace:.":
  version: 0.0.0-use.local
  resolution: "root-workspace-0b6124@workspace:."
  dependencies:
    typescript: ^3.3.1
  languageName: unknown
  linkType: soft

typescript@^3.3.1:
  version: 3.9.9
  resolution: "typescript@npm:3.9.9"
  bin:
    tsc: bin/tsc
    tsserver: bin/tsserver
  checksum: 22bbe953faa34903587f3bd8fb6c343d754745d4177e49da523a2a3b814fe5eaf60d9b23c2d401d038a08a5ac2d8094b268ba75adee840cc2358fb5a866624ab
  languageName: node
  linkType: hard

"typescript@patch:typescript@^3.3.1#builtin<compat/typescript>":
  version: 3.9.9
  resolution: "typescript@patch:typescript@npm%3A3.9.9#builtin<compat/typescript>::version=3.9.9&hash=ddfc1b"
  bin:
    tsc: bin/tsc
    tsserver: bin/tsserver
  checksum: 05a113f2ec0d0fc3263335c230d2eb7b94d851e51b5766f63b88b611127d08782ce41132eb32b9d3d434de8340f698f7ec2f72ebb4d33c3b2976b27de1f47ace
  languageName: node
  linkType: hard
