# This file is generated by running "yarn install" inside your project.
# Manual changes might be lost - proceed with caution!

__metadata:
  version: 4
  cacheKey: 6

"assertion-error@npm:^1.1.0":
  version: 1.1.0
  resolution: "assertion-error@npm:1.1.0"
  checksum: 7bbc9fa2ff51618b0ea3c4ae13dbafe6dfb71b11c267aa93c749489355f55d0b844403bfc3dc8b9a98b0f21837fa2b59191c8a8f76e65303d06498fab4867f4c
  languageName: node
  linkType: hard

"chai@npm:^4.2.0":
  version: 4.2.0
  resolution: "chai@npm:4.2.0"
  dependencies:
    assertion-error: ^1.1.0
    check-error: ^1.0.2
    deep-eql: ^3.0.1
    get-func-name: ^2.0.0
    pathval: ^1.1.0
    type-detect: ^4.0.5
  checksum: 91d51bbe9b9f35b26249ff3a9700c175fb7d90bb33d4952aaae46fa921fc0eb94659c228e99f0b111494661c027ebb5b02f0ff469c8f65f3fcec741385c0a192
  languageName: node
  linkType: hard

"check-error@npm:^1.0.2":
  version: 1.0.2
  resolution: "check-error@npm:1.0.2"
  checksum: 1460ad12da600b277575f53b7512d6e59005a34e3235ae62cfe12ff5d83b68a6ff568841907eb5f041c3f468d1385ea9fcfd22344df02175d28ea8a8b9330940
  languageName: node
  linkType: hard

"deep-eql@npm:^3.0.1":
  version: 3.0.1
  resolution: "deep-eql@npm:3.0.1"
  dependencies:
    type-detect: ^4.0.0
  checksum: eff42bc2d4d889dec8fd925fa9c013fa4d641842b98b502f436b9f2865460c8330f79fb7dbdb924a1e844b97b40843ed952f3847fb1e388a35bd4ef6e3d64184
  languageName: node
  linkType: hard

"get-func-name@npm:^2.0.0":
  version: 2.0.0
  resolution: "get-func-name@npm:2.0.0"
  checksum: c72d3857cd05338fc61e52c385da67d553e42c226e141da11684aecb3e017a753bf7120411731fbc30768edf68f9c359dc202757703b3a851da54b2b17a9828d
  languageName: node
  linkType: hard

"pathval@npm:^1.1.0":
  version: 1.1.0
  resolution: "pathval@npm:1.1.0"
  checksum: 31c3fb2b0763f357e2cf4bfd398b7423f2875184b2feebadf85854e860a06fb057a485add5450f6661c2282063e62e1eb22abb4e1241a461a3795dae18667fda
  languageName: node
  linkType: hard

"root-workspace-0b6124@workspace:.":
  version: 0.0.0-use.local
  resolution: "root-workspace-0b6124@workspace:."
  dependencies:
    chai: ^4.2.0
  languageName: unknown
  linkType: soft

"type-detect@npm:^4.0.0, type-detect@npm:^4.0.5":
  version: 4.0.8
  resolution: "type-detect@npm:4.0.8"
  checksum: e01dc6ac9098192a7859fb86c7b4073709a4e13a5cc02c54d54412378bb099563fda7a7a85640f33e3a7c2e8189182eb1511f263e67f402b2d63fe81afdde785
  languageName: node
  linkType: hard
