# This file is generated by running "yarn install" inside your project.
# Manual changes might be lost - proceed with caution!

__metadata:
  version: 6
  cacheKey: 8

"assertion-error@npm:^1.1.0":
  version: 1.1.0
  resolution: "assertion-error@npm:1.1.0"
  checksum: fd9429d3a3d4fd61782eb3962ae76b6d08aa7383123fca0596020013b3ebd6647891a85b05ce821c47d1471ed1271f00b0545cf6a4326cf2fc91efcc3b0fbecf
  languageName: node
  linkType: hard

"chai@npm:^4.2.0":
  version: 4.3.7
  resolution: "chai@npm:4.3.7"
  dependencies:
    assertion-error: ^1.1.0
    check-error: ^1.0.2
    deep-eql: ^4.1.2
    get-func-name: ^2.0.0
    loupe: ^2.3.1
    pathval: ^1.1.1
    type-detect: ^4.0.5
  checksum: 0bba7d267848015246a66995f044ce3f0ebc35e530da3cbdf171db744e14cbe301ab913a8d07caf7952b430257ccbb1a4a983c570a7c5748dc537897e5131f7c
  languageName: node
  linkType: hard

"check-error@npm:^1.0.2":
  version: 1.0.2
  resolution: "check-error@npm:1.0.2"
  checksum: d9d106504404b8addd1ee3f63f8c0eaa7cd962a1a28eb9c519b1c4a1dc7098be38007fc0060f045ee00f075fbb7a2a4f42abcf61d68323677e11ab98dc16042e
  languageName: node
  linkType: hard

"deep-eql@npm:^4.1.2":
  version: 4.1.3
  resolution: "deep-eql@npm:4.1.3"
  dependencies:
    type-detect: ^4.0.0
  checksum: 7f6d30cb41c713973dc07eaadded848b2ab0b835e518a88b91bea72f34e08c4c71d167a722a6f302d3a6108f05afd8e6d7650689a84d5d29ec7fe6220420397f
  languageName: node
  linkType: hard

"get-func-name@npm:^2.0.0":
  version: 2.0.0
  resolution: "get-func-name@npm:2.0.0"
  checksum: 8d82e69f3e7fab9e27c547945dfe5cc0c57fc0adf08ce135dddb01081d75684a03e7a0487466f478872b341d52ac763ae49e660d01ab83741f74932085f693c3
  languageName: node
  linkType: hard

"loupe@npm:^2.3.1":
  version: 2.3.6
  resolution: "loupe@npm:2.3.6"
  dependencies:
    get-func-name: ^2.0.0
  checksum: cc83f1b124a1df7384601d72d8d1f5fe95fd7a8185469fec48bb2e4027e45243949e7a013e8d91051a138451ff0552310c32aa9786e60b6a30d1e801bdc2163f
  languageName: node
  linkType: hard

"pathval@npm:^1.1.1":
  version: 1.1.1
  resolution: "pathval@npm:1.1.1"
  checksum: 090e3147716647fb7fb5b4b8c8e5b55e5d0a6086d085b6cd23f3d3c01fcf0ff56fd3cc22f2f4a033bd2e46ed55d61ed8379e123b42afe7d531a2a5fc8bb556d6
  languageName: node
  linkType: hard

"root-workspace-0b6124@workspace:.":
  version: 0.0.0-use.local
  resolution: "root-workspace-0b6124@workspace:."
  dependencies:
    chai: ^4.2.0
  languageName: unknown
  linkType: soft

"type-detect@npm:^4.0.0, type-detect@npm:^4.0.5":
  version: 4.0.8
  resolution: "type-detect@npm:4.0.8"
  checksum: 62b5628bff67c0eb0b66afa371bd73e230399a8d2ad30d852716efcc4656a7516904570cd8631a49a3ce57c10225adf5d0cbdcb47f6b0255fe6557c453925a15
  languageName: node
  linkType: hard
