# This file is generated by running "yarn install" inside your project.
# Manual changes might be lost - proceed with caution!

__metadata:
  version: 6
  cacheKey: 8

"browser-resolve@npm:^2.0.0":
  version: 2.0.0
  resolution: "browser-resolve@npm:2.0.0"
  dependencies:
    resolve: ^1.17.0
  checksum: 69225e73b555bd6d2a08fb93c7342cfcf3b5058b975099c52649cd5c3cec84c2066c5385084d190faedfb849684d9dabe10129f0cd401d1883572f2e6650f440
  languageName: node
  linkType: hard

"function-bind@npm:^1.1.1":
  version: 1.1.1
  resolution: "function-bind@npm:1.1.1"
  checksum: b32fbaebb3f8ec4969f033073b43f5c8befbb58f1a79e12f1d7490358150359ebd92f49e72ff0144f65f2c48ea2a605bff2d07965f548f6474fd8efd95bf361a
  languageName: node
  linkType: hard

"has@npm:^1.0.3":
  version: 1.0.3
  resolution: "has@npm:1.0.3"
  dependencies:
    function-bind: ^1.1.1
  checksum: b9ad53d53be4af90ce5d1c38331e712522417d017d5ef1ebd0507e07c2fbad8686fffb8e12ddecd4c39ca9b9b47431afbb975b8abf7f3c3b82c98e9aad052792
  languageName: node
  linkType: hard

"is-core-module@npm:^2.12.0":
  version: 2.12.1
  resolution: "is-core-module@npm:2.12.1"
  dependencies:
    has: ^1.0.3
  checksum: f04ea30533b5e62764e7b2e049d3157dc0abd95ef44275b32489ea2081176ac9746ffb1cdb107445cf1ff0e0dfcad522726ca27c27ece64dadf3795428b8e468
  languageName: node
  linkType: hard

"path-parse@npm:^1.0.7":
  version: 1.0.7
  resolution: "path-parse@npm:1.0.7"
  checksum: 49abf3d81115642938a8700ec580da6e830dde670be21893c62f4e10bd7dd4c3742ddc603fe24f898cba7eb0c6bc1777f8d9ac14185d34540c6d4d80cd9cae8a
  languageName: node
  linkType: hard

"resolve@npm:^1.17.0":
  version: 1.22.3
  resolution: "resolve@npm:1.22.3"
  dependencies:
    is-core-module: ^2.12.0
    path-parse: ^1.0.7
    supports-preserve-symlinks-flag: ^1.0.0
  bin:
    resolve: bin/resolve
  checksum: fb834b81348428cb545ff1b828a72ea28feb5a97c026a1cf40aa1008352c72811ff4d4e71f2035273dc536dcfcae20c13604ba6283c612d70fa0b6e44519c374
  languageName: node
  linkType: hard

"resolve@patch:resolve@^1.17.0#~builtin<compat/resolve>":
  version: 1.22.3
  resolution: "resolve@patch:resolve@npm%3A1.22.3#~builtin<compat/resolve>::version=1.22.3&hash=c3c19d"
  dependencies:
    is-core-module: ^2.12.0
    path-parse: ^1.0.7
    supports-preserve-symlinks-flag: ^1.0.0
  bin:
    resolve: bin/resolve
  checksum: ad59734723b596d0891321c951592ed9015a77ce84907f89c9d9307dd0c06e11a67906a3e628c4cae143d3e44898603478af0ddeb2bba3f229a9373efe342665
  languageName: node
  linkType: hard

"root-workspace-0b6124@workspace:.":
  version: 0.0.0-use.local
  resolution: "root-workspace-0b6124@workspace:."
  dependencies:
    browser-resolve: ^2.0.0
  languageName: unknown
  linkType: soft

"supports-preserve-symlinks-flag@npm:^1.0.0":
  version: 1.0.0
  resolution: "supports-preserve-symlinks-flag@npm:1.0.0"
  checksum: 53b1e247e68e05db7b3808b99b892bd36fb096e6fba213a06da7fab22045e97597db425c724f2bbd6c99a3c295e1e73f3e4de78592289f38431049e1277ca0ae
  languageName: node
  linkType: hard
