# This file is generated by running "yarn install" inside your project.
# Manual changes might be lost - proceed with caution!

__metadata:
  version: 6
  cacheKey: 8

"@babel/helper-plugin-utils@npm:^7.22.5, @babel/helper-plugin-utils@npm:^7.24.0":
  version: 7.24.0
  resolution: "@babel/helper-plugin-utils@npm:7.24.0"
  checksum: e2baa0eede34d2fa2265947042aa84d444aa48dc51e9feedea55b67fc1bc3ab051387e18b33ca7748285a6061390831ab82f8a2c767d08470b93500ec727e9b9
  languageName: node
  linkType: hard

"@babel/helper-validator-option@npm:^7.23.5":
  version: 7.23.5
  resolution: "@babel/helper-validator-option@npm:7.23.5"
  checksum: 537cde2330a8aede223552510e8a13e9c1c8798afee3757995a7d4acae564124fe2bf7e7c3d90d62d3657434a74340a274b3b3b1c6f17e9a2be1f48af29cb09e
  languageName: node
  linkType: hard

"@babel/plugin-syntax-flow@npm:^7.23.3":
  version: 7.23.3
  resolution: "@babel/plugin-syntax-flow@npm:7.23.3"
  dependencies:
    "@babel/helper-plugin-utils": ^7.22.5
  peerDependencies:
    "@babel/core": ^7.0.0-0
  checksum: c6e6f355d6ace5f4a9e7bb19f1fed2398aeb9b62c4c671a189d81b124f9f5bb77c4225b6e85e19339268c60a021c1e49104e450375de5e6bb70612190d9678af
  languageName: node
  linkType: hard

"@babel/plugin-transform-flow-strip-types@npm:^7.23.3":
  version: 7.23.3
  resolution: "@babel/plugin-transform-flow-strip-types@npm:7.23.3"
  dependencies:
    "@babel/helper-plugin-utils": ^7.22.5
    "@babel/plugin-syntax-flow": ^7.23.3
  peerDependencies:
    "@babel/core": ^7.0.0-0
  checksum: de38cc5cf948bc19405ea041292181527a36f59f08d787a590415fac36e9b0c7992f0d3e2fd3b9402089bafdaa1a893291a0edf15beebfd29bdedbbe582fee9b
  languageName: node
  linkType: hard

"@babel/preset-flow@npm:^7.0.0":
  version: 7.24.0
  resolution: "@babel/preset-flow@npm:7.24.0"
  dependencies:
    "@babel/helper-plugin-utils": ^7.24.0
    "@babel/helper-validator-option": ^7.23.5
    "@babel/plugin-transform-flow-strip-types": ^7.23.3
  peerDependencies:
    "@babel/core": ^7.0.0-0
  checksum: 7f3ce085ba68b699c451a1a8a4fff7eaa199c56df290315bbbe1d79570ecee7aa1676f1f23ced6fb306a7b9e8a88c3d029e4e80587a299cac96bae05c5a5f39a
  languageName: node
  linkType: hard

"root-workspace-0b6124@workspace:.":
  version: 0.0.0-use.local
  resolution: "root-workspace-0b6124@workspace:."
  dependencies:
    "@babel/preset-flow": ^7.0.0
  languageName: unknown
  linkType: soft
