# This file is generated by running "yarn install" inside your project.
# Manual changes might be lost - proceed with caution!

__metadata:
  version: 6
  cacheKey: 8

"root-workspace-0b6124@workspace:.":
  version: 0.0.0-use.local
  resolution: "root-workspace-0b6124@workspace:."
  dependencies:
    typescript: ^5.0.0
  languageName: unknown
  linkType: soft

"typescript@npm:^5.0.0":
  version: 5.5.4
  resolution: "typescript@npm:5.5.4"
  bin:
    tsc: bin/tsc
    tsserver: bin/tsserver
  checksum: b309040f3a1cd91c68a5a58af6b9fdd4e849b8c42d837b2c2e73f9a4f96a98c4f1ed398a9aab576ee0a4748f5690cf594e6b99dbe61de7839da748c41e6d6ca8
  languageName: node
  linkType: hard

"typescript@patch:typescript@^5.0.0#~builtin<compat/typescript>":
  version: 5.5.4
  resolution: "typescript@patch:typescript@npm%3A5.5.4#~builtin<compat/typescript>::version=5.5.4&hash=379a07"
  bin:
    tsc: bin/tsc
    tsserver: bin/tsserver
  checksum: e14c87e8bd51f9ac741051a2c3bde75b2a3ab17dee2c50239f7e1a0868673f3b7d4d87684df41a59a8f57c6ddc5d06d65d120764d992441af5de07b98cf9c67b
  languageName: node
  linkType: hard
