# This file is generated by running "yarn install" inside your project.
# Manual changes might be lost - proceed with caution!

__metadata:
  version: 8
  cacheKey: 10

"async-limiter@npm:~1.0.0":
  version: 1.0.1
  resolution: "async-limiter@npm:1.0.1"
  checksum: 10/2b849695b465d93ad44c116220dee29a5aeb63adac16c1088983c339b0de57d76e82533e8e364a93a9f997f28bbfc6a92948cefc120652bd07f3b59f8d75cf2b
  languageName: node
  linkType: hard

"discord.js@npm:11.5.1":
  version: 11.5.1
  resolution: "discord.js@npm:11.5.1"
  dependencies:
    long: "npm:^4.0.0"
    prism-media: "npm:^0.0.3"
    snekfetch: "npm:^3.6.4"
    tweetnacl: "npm:^1.0.0"
    ws: "npm:^6.0.0"
  peerDependencies:
    "@discordjs/uws": ^10.149.0
    bufferutil: ^4.0.0
    erlpack: "*"
    libsodium-wrappers: ^0.7.3
    node-opus: ^0.2.7
    opusscript: ^0.0.6
    sodium: ^2.0.3
  peerDependenciesMeta:
    bufferutil:
      optional: true
    erlpack:
      optional: true
    libsodium-wrappers:
      optional: true
    node-opus:
      optional: true
    opusscript:
      optional: true
    sodium:
      optional: true
    uws:
      optional: true
  checksum: 10/a195bf6c9f4ca3db2b330b8df6b1cd64ecf128a9a57a3c889c864ff661624ce08e2553ede75178dca258df0a078b2f0c67615b937ed913007f12e8067cca5d84
  languageName: node
  linkType: hard

"long@npm:^4.0.0":
  version: 4.0.0
  resolution: "long@npm:4.0.0"
  checksum: 10/8296e2ba7bab30f9cfabb81ebccff89c819af6a7a78b4bb5a70ea411aa764ee0532f7441381549dfa6a1a98d72abe9138bfcf99f4fa41238629849bc035b845b
  languageName: node
  linkType: hard

"prism-media@npm:^0.0.3":
  version: 0.0.3
  resolution: "prism-media@npm:0.0.3"
  checksum: 10/725ea611acf00aa06d08f746db7c5090d727ba5bc55c3c57433d17e97a6ca9a4e3b3222e48b4c60f1c94e1c3b9c0015020bbcdc224bc69bc59eaabc3780d353c
  languageName: node
  linkType: hard

"root-workspace-0b6124@workspace:.":
  version: 0.0.0-use.local
  resolution: "root-workspace-0b6124@workspace:."
  dependencies:
    discord.js: "npm:11.5.1"
  languageName: unknown
  linkType: soft

"snekfetch@npm:^3.6.4":
  version: 3.6.4
  resolution: "snekfetch@npm:3.6.4"
  checksum: 10/c89f5aece67e2823364cccff00962302c7c69267ac3542fd4199ce749814d0be23ef84321b95bed5733dac461f56667004d4d427ad955478726336a6c601794e
  languageName: node
  linkType: hard

"tweetnacl@npm:^1.0.0":
  version: 1.0.3
  resolution: "tweetnacl@npm:1.0.3"
  checksum: 10/ca122c2f86631f3c0f6d28efb44af2a301d4a557a62a3e2460286b08e97567b258c2212e4ad1cfa22bd6a57edcdc54ba76ebe946847450ab0999e6d48ccae332
  languageName: node
  linkType: hard

"ws@npm:^6.0.0":
  version: 6.2.3
  resolution: "ws@npm:6.2.3"
  dependencies:
    async-limiter: "npm:~1.0.0"
  checksum: 10/19f8d1608317f4c98f63da6eebaa85260a6fe1ba459cbfedd83ebe436368177fb1e2944761e2392c6b7321cbb7a375c8a81f9e1be35d555b6b4647eb61eadd46
  languageName: node
  linkType: hard
