# THIS IS AN AUTOGENERATED FILE. DO NOT EDIT THIS FILE DIRECTLY.
# yarn lockfile v1


"@babel/helper-plugin-utils@^7.0.0":
  version "7.0.0"
  resolved "https://registry.yarnpkg.com/@babel/helper-plugin-utils/-/helper-plugin-utils-7.0.0.tgz#bbb3fbee98661c569034237cc03967ba99b4f250"
  integrity sha512-CYAOUCARwExnEixLdB6sDm2dIJ/YgEAKDM1MOeMeZu9Ld/bDgVo8aiWrXwcY7OBh+1Ea2uUcVRcxKk0GJvW7QA==

"@babel/plugin-syntax-flow@^7.2.0":
  version "7.2.0"
  resolved "https://registry.yarnpkg.com/@babel/plugin-syntax-flow/-/plugin-syntax-flow-7.2.0.tgz#a765f061f803bc48f240c26f8747faf97c26bf7c"
  integrity sha512-r6YMuZDWLtLlu0kqIim5o/3TNRAlWb073HwT3e2nKf9I8IIvOggPrnILYPsrrKilmn/mYEMCf/Z07w3yQJF6dg==
  dependencies:
    "@babel/helper-plugin-utils" "^7.0.0"

"@babel/plugin-transform-flow-strip-types@^7.0.0":
  version "7.4.4"
  resolved "https://registry.yarnpkg.com/@babel/plugin-transform-flow-strip-types/-/plugin-transform-flow-strip-types-7.4.4.tgz#d267a081f49a8705fc9146de0768c6b58dccd8f7"
  integrity sha512-WyVedfeEIILYEaWGAUWzVNyqG4sfsNooMhXWsu/YzOvVGcsnPb5PguysjJqI3t3qiaYj0BR8T2f5njdjTGe44Q==
  dependencies:
    "@babel/helper-plugin-utils" "^7.0.0"
    "@babel/plugin-syntax-flow" "^7.2.0"

"@babel/preset-flow@^7.0.0":
  version "7.0.0"
  resolved "https://registry.yarnpkg.com/@babel/preset-flow/-/preset-flow-7.0.0.tgz#afd764835d9535ec63d8c7d4caf1c06457263da2"
  integrity sha512-bJOHrYOPqJZCkPVbG1Lot2r5OSsB+iUOaxiHdlOeB1yPWS6evswVHwvkDLZ54WTaTRIk89ds0iHmGZSnxlPejQ==
  dependencies:
    "@babel/helper-plugin-utils" "^7.0.0"
    "@babel/plugin-transform-flow-strip-types" "^7.0.0"
