# This file is generated by running "yarn install" inside your project.
# Manual changes might be lost - proceed with caution!

__metadata:
  version: 6
  cacheKey: 8

"root-workspace-0b6124@workspace:.":
  version: 0.0.0-use.local
  resolution: "root-workspace-0b6124@workspace:."
  dependencies:
    typescript: ^5.0.0
  languageName: unknown
  linkType: soft

"typescript@npm:^5.0.0":
  version: 5.5.3
  resolution: "typescript@npm:5.5.3"
  bin:
    tsc: bin/tsc
    tsserver: bin/tsserver
  checksum: 4b4f14313484d5c86064d04ba892544801fa551f5cf72719b540b498056fec7fc192d0bbdb2ba1448e759b1548769956da9e43e7c16781e8d8856787b0575004
  languageName: node
  linkType: hard

"typescript@patch:typescript@^5.0.0#~builtin<compat/typescript>":
  version: 5.5.3
  resolution: "typescript@patch:typescript@npm%3A5.5.3#~builtin<compat/typescript>::version=5.5.3&hash=379a07"
  bin:
    tsc: bin/tsc
    tsserver: bin/tsserver
  checksum: 3c0f7fe66e0e3a5f6b531b3e20bfe4a846718d20c299a49f39d4594e0bedcf5820cb98b49a9c883f2dde7dc6942affa2c95a775ee0221ca1ef143147761b0e80
  languageName: node
  linkType: hard
