# This file is generated by running "yarn install" inside your project.
# Manual changes might be lost - proceed with caution!

__metadata:
  version: 6
  cacheKey: 8

"root-workspace-0b6124@workspace:.":
  version: 0.0.0-use.local
  resolution: "root-workspace-0b6124@workspace:."
  dependencies:
    typescript: ^5.0.0
  languageName: unknown
  linkType: soft

"typescript@npm:^5.0.0":
  version: 5.5.2
  resolution: "typescript@npm:5.5.2"
  bin:
    tsc: bin/tsc
    tsserver: bin/tsserver
  checksum: 9c5a7982dadcb2d38d129c575dd38645ae11588ae0d4a12852fb04482bbc5a1660b2371e48fd5b33b6b605cc57cefe777670054546856945a05e77bd22c8c2cd
  languageName: node
  linkType: hard

"typescript@patch:typescript@^5.0.0#~builtin<compat/typescript>":
  version: 5.5.2
  resolution: "typescript@patch:typescript@npm%3A5.5.2#~builtin<compat/typescript>::version=5.5.2&hash=379a07"
  bin:
    tsc: bin/tsc
    tsserver: bin/tsserver
  checksum: d8c8af1adb92ef36998cc9293ad8607dda68564ecc2f315a7298d6d40edae1906e0ed88e0b2b02da686adc61d638cbecb82b4c694d5bccc621b8baf6e6274f7c
  languageName: node
  linkType: hard
