# This file is generated by running "yarn install" inside your project.
# Manual changes might be lost - proceed with caution!

__metadata:
  version: 8
  cacheKey: 10

"@colors/colors@npm:1.6.0, @colors/colors@npm:^1.6.0":
  version: 1.6.0
  resolution: "@colors/colors@npm:1.6.0"
  checksum: 10/66d00284a3a9a21e5e853b256942e17edbb295f4bd7b9aa7ef06bbb603568d5173eb41b0f64c1e51748bc29d382a23a67d99956e57e7431c64e47e74324182d9
  languageName: node
  linkType: hard

"@dabh/diagnostics@npm:^2.0.2":
  version: 2.0.3
  resolution: "@dabh/diagnostics@npm:2.0.3"
  dependencies:
    colorspace: "npm:1.1.x"
    enabled: "npm:2.0.x"
    kuler: "npm:^2.0.0"
  checksum: 10/14e449a7f42f063f959b472f6ce02d16457a756e852a1910aaa831b63fc21d86f6c32b2a1aa98a4835b856548c926643b51062d241fb6e9b2b7117996053e6b9
  languageName: node
  linkType: hard

"@types/triple-beam@npm:^1.3.2":
  version: 1.3.5
  resolution: "@types/triple-beam@npm:1.3.5"
  checksum: 10/519b6a1b30d4571965c9706ad5400a200b94e4050feca3e7856e3ea7ac00ec9903e32e9a10e2762d0f7e472d5d03e5f4b29c16c0bd8c1f77c8876c683b2231f1
  languageName: node
  linkType: hard

"async@npm:^3.2.3":
  version: 3.2.6
  resolution: "async@npm:3.2.6"
  checksum: 10/cb6e0561a3c01c4b56a799cc8bab6ea5fef45f069ab32500b6e19508db270ef2dffa55e5aed5865c5526e9907b1f8be61b27530823b411ffafb5e1538c86c368
  languageName: node
  linkType: hard

"color-convert@npm:^1.9.3":
  version: 1.9.3
  resolution: "color-convert@npm:1.9.3"
  dependencies:
    color-name: "npm:1.1.3"
  checksum: 10/ffa319025045f2973919d155f25e7c00d08836b6b33ea2d205418c59bd63a665d713c52d9737a9e0fe467fb194b40fbef1d849bae80d674568ee220a31ef3d10
  languageName: node
  linkType: hard

"color-name@npm:1.1.3":
  version: 1.1.3
  resolution: "color-name@npm:1.1.3"
  checksum: 10/09c5d3e33d2105850153b14466501f2bfb30324a2f76568a408763a3b7433b0e50e5b4ab1947868e65cb101bb7cb75029553f2c333b6d4b8138a73fcc133d69d
  languageName: node
  linkType: hard

"color-name@npm:^1.0.0":
  version: 1.1.4
  resolution: "color-name@npm:1.1.4"
  checksum: 10/b0445859521eb4021cd0fb0cc1a75cecf67fceecae89b63f62b201cca8d345baf8b952c966862a9d9a2632987d4f6581f0ec8d957dfacece86f0a7919316f610
  languageName: node
  linkType: hard

"color-string@npm:^1.6.0":
  version: 1.9.1
  resolution: "color-string@npm:1.9.1"
  dependencies:
    color-name: "npm:^1.0.0"
    simple-swizzle: "npm:^0.2.2"
  checksum: 10/72aa0b81ee71b3f4fb1ac9cd839cdbd7a011a7d318ef58e6cb13b3708dca75c7e45029697260488709f1b1c7ac4e35489a87e528156c1e365917d1c4ccb9b9cd
  languageName: node
  linkType: hard

"color@npm:^3.1.3":
  version: 3.2.1
  resolution: "color@npm:3.2.1"
  dependencies:
    color-convert: "npm:^1.9.3"
    color-string: "npm:^1.6.0"
  checksum: 10/bf70438e0192f4f62f4bfbb303e7231289e8cc0d15ff6b6cbdb722d51f680049f38d4fdfc057a99cb641895cf5e350478c61d98586400b060043afc44285e7ae
  languageName: node
  linkType: hard

"colorspace@npm:1.1.x":
  version: 1.1.4
  resolution: "colorspace@npm:1.1.4"
  dependencies:
    color: "npm:^3.1.3"
    text-hex: "npm:1.0.x"
  checksum: 10/bb3934ef3c417e961e6d03d7ca60ea6e175947029bfadfcdb65109b01881a1c0ecf9c2b0b59abcd0ee4a0d7c1eae93beed01b0e65848936472270a0b341ebce8
  languageName: node
  linkType: hard

"enabled@npm:2.0.x":
  version: 2.0.0
  resolution: "enabled@npm:2.0.0"
  checksum: 10/9d256d89f4e8a46ff988c6a79b22fa814b4ffd82826c4fdacd9b42e9b9465709d3b748866d0ab4d442dfc6002d81de7f7b384146ccd1681f6a7f868d2acca063
  languageName: node
  linkType: hard

"fecha@npm:^4.2.0":
  version: 4.2.3
  resolution: "fecha@npm:4.2.3"
  checksum: 10/534ce630c8f63c116292145607fc18c0f06bfa2fd74094357bf65daacc5d3f4f2b285bf8eb112c3bbf98c5caa6d386cced797f44b9b1b33da0c0a81020444826
  languageName: node
  linkType: hard

"fn.name@npm:1.x.x":
  version: 1.1.0
  resolution: "fn.name@npm:1.1.0"
  checksum: 10/000198af190ae02f0138ac5fa4310da733224c628e0230c81e3fff7c4e094af7e0e8bb9f4357cabd21db601759d89f3445da744afbae20623cfa41edf3888397
  languageName: node
  linkType: hard

"inherits@npm:^2.0.3":
  version: 2.0.4
  resolution: "inherits@npm:2.0.4"
  checksum: 10/cd45e923bee15186c07fa4c89db0aace24824c482fb887b528304694b2aa6ff8a898da8657046a5dcf3e46cd6db6c61629551f9215f208d7c3f157cf9b290521
  languageName: node
  linkType: hard

"is-arrayish@npm:^0.3.1":
  version: 0.3.2
  resolution: "is-arrayish@npm:0.3.2"
  checksum: 10/81a78d518ebd8b834523e25d102684ee0f7e98637136d3bdc93fd09636350fa06f1d8ca997ea28143d4d13cb1b69c0824f082db0ac13e1ab3311c10ffea60ade
  languageName: node
  linkType: hard

"is-stream@npm:^2.0.0":
  version: 2.0.1
  resolution: "is-stream@npm:2.0.1"
  checksum: 10/b8e05ccdf96ac330ea83c12450304d4a591f9958c11fd17bed240af8d5ffe08aedafa4c0f4cfccd4d28dc9d4d129daca1023633d5c11601a6cbc77521f6fae66
  languageName: node
  linkType: hard

"kuler@npm:^2.0.0":
  version: 2.0.0
  resolution: "kuler@npm:2.0.0"
  checksum: 10/9e10b5a1659f9ed8761d38df3c35effabffbd19fc6107324095238e4ef0ff044392cae9ac64a1c2dda26e532426485342226b93806bd97504b174b0dcf04ed81
  languageName: node
  linkType: hard

"logform@npm:^2.7.0":
  version: 2.7.0
  resolution: "logform@npm:2.7.0"
  dependencies:
    "@colors/colors": "npm:1.6.0"
    "@types/triple-beam": "npm:^1.3.2"
    fecha: "npm:^4.2.0"
    ms: "npm:^2.1.1"
    safe-stable-stringify: "npm:^2.3.1"
    triple-beam: "npm:^1.3.0"
  checksum: 10/4b861bfd67efe599ab41113ae3ffe92b1873bf86793fb442f58971852430d8f416f9904da69e5043071fb3725690e2499a13acbfe92a57ba7d21690004f9edc0
  languageName: node
  linkType: hard

"ms@npm:^2.1.1":
  version: 2.1.3
  resolution: "ms@npm:2.1.3"
  checksum: 10/aa92de608021b242401676e35cfa5aa42dd70cbdc082b916da7fb925c542173e36bce97ea3e804923fe92c0ad991434e4a38327e15a1b5b5f945d66df615ae6d
  languageName: node
  linkType: hard

"one-time@npm:^1.0.0":
  version: 1.0.0
  resolution: "one-time@npm:1.0.0"
  dependencies:
    fn.name: "npm:1.x.x"
  checksum: 10/64d0160480eeae4e3b2a6fc0a02f452e05bb0cc8373a4ed56a4fc08c3939dcb91bc20075003ed499655bd16919feb63ca56f86eee7932c5251f7d629b55dfc90
  languageName: node
  linkType: hard

"readable-stream@npm:^3.4.0, readable-stream@npm:^3.6.2":
  version: 3.6.2
  resolution: "readable-stream@npm:3.6.2"
  dependencies:
    inherits: "npm:^2.0.3"
    string_decoder: "npm:^1.1.1"
    util-deprecate: "npm:^1.0.1"
  checksum: 10/d9e3e53193adcdb79d8f10f2a1f6989bd4389f5936c6f8b870e77570853561c362bee69feca2bbb7b32368ce96a85504aa4cedf7cf80f36e6a9de30d64244048
  languageName: node
  linkType: hard

"root-workspace-0b6124@workspace:.":
  version: 0.0.0-use.local
  resolution: "root-workspace-0b6124@workspace:."
  dependencies:
    winston: "npm:^3.2.1"
  languageName: unknown
  linkType: soft

"safe-buffer@npm:~5.2.0":
  version: 5.2.1
  resolution: "safe-buffer@npm:5.2.1"
  checksum: 10/32872cd0ff68a3ddade7a7617b8f4c2ae8764d8b7d884c651b74457967a9e0e886267d3ecc781220629c44a865167b61c375d2da6c720c840ecd73f45d5d9451
  languageName: node
  linkType: hard

"safe-stable-stringify@npm:^2.3.1":
  version: 2.5.0
  resolution: "safe-stable-stringify@npm:2.5.0"
  checksum: 10/2697fa186c17c38c3ca5309637b4ac6de2f1c3d282da27cd5e1e3c88eca0fb1f9aea568a6aabdf284111592c8782b94ee07176f17126031be72ab1313ed46c5c
  languageName: node
  linkType: hard

"simple-swizzle@npm:^0.2.2":
  version: 0.2.2
  resolution: "simple-swizzle@npm:0.2.2"
  dependencies:
    is-arrayish: "npm:^0.3.1"
  checksum: 10/c6dffff17aaa383dae7e5c056fbf10cf9855a9f79949f20ee225c04f06ddde56323600e0f3d6797e82d08d006e93761122527438ee9531620031c08c9e0d73cc
  languageName: node
  linkType: hard

"stack-trace@npm:0.0.x":
  version: 0.0.10
  resolution: "stack-trace@npm:0.0.10"
  checksum: 10/7bd633f0e9ac46e81a0b0fe6538482c1d77031959cf94478228731709db4672fbbed59176f5b9a9fd89fec656b5dae03d084ef2d1b0c4c2f5683e05f2dbb1405
  languageName: node
  linkType: hard

"string_decoder@npm:^1.1.1":
  version: 1.3.0
  resolution: "string_decoder@npm:1.3.0"
  dependencies:
    safe-buffer: "npm:~5.2.0"
  checksum: 10/54d23f4a6acae0e93f999a585e673be9e561b65cd4cca37714af1e893ab8cd8dfa52a9e4f58f48f87b4a44918d3a9254326cb80ed194bf2e4c226e2b21767e56
  languageName: node
  linkType: hard

"text-hex@npm:1.0.x":
  version: 1.0.0
  resolution: "text-hex@npm:1.0.0"
  checksum: 10/1138f68adc97bf4381a302a24e2352f04992b7b1316c5003767e9b0d3367ffd0dc73d65001ea02b07cd0ecc2a9d186de0cf02f3c2d880b8a522d4ccb9342244a
  languageName: node
  linkType: hard

"triple-beam@npm:^1.3.0":
  version: 1.4.1
  resolution: "triple-beam@npm:1.4.1"
  checksum: 10/2e881a3e8e076b6f2b85b9ec9dd4a900d3f5016e6d21183ed98e78f9abcc0149e7d54d79a3f432b23afde46b0885bdcdcbff789f39bc75de796316961ec07f61
  languageName: node
  linkType: hard

"util-deprecate@npm:^1.0.1":
  version: 1.0.2
  resolution: "util-deprecate@npm:1.0.2"
  checksum: 10/474acf1146cb2701fe3b074892217553dfcf9a031280919ba1b8d651a068c9b15d863b7303cb15bd00a862b498e6cf4ad7b4a08fb134edd5a6f7641681cb54a2
  languageName: node
  linkType: hard

"winston-transport@npm:^4.9.0":
  version: 4.9.0
  resolution: "winston-transport@npm:4.9.0"
  dependencies:
    logform: "npm:^2.7.0"
    readable-stream: "npm:^3.6.2"
    triple-beam: "npm:^1.3.0"
  checksum: 10/5946918720baadd7447823929e94cf0935f92c4cff6d9451c6fcb009bd9d20a3b3df9ad606109e79d1e9f4d2ff678477bf09f81cfefce2025baaf27a617129bb
  languageName: node
  linkType: hard

"winston@npm:^3.2.1":
  version: 3.17.0
  resolution: "winston@npm:3.17.0"
  dependencies:
    "@colors/colors": "npm:^1.6.0"
    "@dabh/diagnostics": "npm:^2.0.2"
    async: "npm:^3.2.3"
    is-stream: "npm:^2.0.0"
    logform: "npm:^2.7.0"
    one-time: "npm:^1.0.0"
    readable-stream: "npm:^3.4.0"
    safe-stable-stringify: "npm:^2.3.1"
    stack-trace: "npm:0.0.x"
    triple-beam: "npm:^1.3.0"
    winston-transport: "npm:^4.9.0"
  checksum: 10/220309a0ead36c1171158ab28cb9133f8597fba19c8c1c190df9329555530565b58f3af0037c1b80e0c49f7f9b6b3b01791d0c56536eb0be38678d36e316c2a3
  languageName: node
  linkType: hard
