name: 'Lock Threads'

on:
  schedule:
    - cron: '0 0 * * *'

jobs:
  lock:
    runs-on: ubuntu-latest
    steps:
      - uses: dessant/lock-threads@v2.1.2
        with:
          github-token: ${{ github.token }}
          issue-lock-inactive-days: '30'
          issue-exclude-labels: 'Discussion'
          issue-lock-comment: >
            This issue has been automatically locked since there has not been any recent activity after it was closed. Please open a new issue for related bugs.
            
            Please note this issue tracker is not a help forum. We recommend using [StackOverflow](https://stackoverflow.com/questions/tagged/jestjs) or our [discord channel](https://discord.gg/j6FKKQQrW9) for questions.


          pr-lock-inactive-days: '30'
          pr-lock-comment: >
            This pull request has been automatically locked since there has not been any recent activity after it was closed. Please open a new issue for related bugs.
            
            Please note this issue tracker is not a help forum. We recommend using [StackOverflow](https://stackoverflow.com/questions/tagged/jestjs) or our [discord channel](https://discord.gg/j6FKKQQrW9) for questions.

